// !$*UTF8*$!
{
	archiveVersion = 1;
	classes = {
	};
	objectVersion = 46;
	objects = {

/* Begin PBXBuildFile section */
		D303EF821CAD70620006130D /* ChatItemsDecorator.swift in Sources */ = {isa = PBXBuildFile; fileRef = D303EF811CAD70620006130D /* ChatItemsDecorator.swift */; };
		D303EF861CAD71640006130D /* SlidingDatasSource.swift in Sources */ = {isa = PBXBuildFile; fileRef = D303EF851CAD71640006130D /* SlidingDatasSource.swift */; };
		D303EF8D1CAD71D80006130D /* SendingStatusCollectionViewCell.swift in Sources */ = {isa = PBXBuildFile; fileRef = D303EF8A1CAD71D80006130D /* SendingStatusCollectionViewCell.swift */; };
		D303EF8E1CAD71D80006130D /* SendingStatusCollectionViewCell.xib in Resources */ = {isa = PBXBuildFile; fileRef = D303EF8B1CAD71D80006130D /* SendingStatusCollectionViewCell.xib */; };
		D303EF8F1CAD71D80006130D /* SendingStatusPresenter.swift in Sources */ = {isa = PBXBuildFile; fileRef = D303EF8C1CAD71D80006130D /* SendingStatusPresenter.swift */; };
		D33D66CA1CABCB1100364C53 /* Foundation.framework in Frameworks */ = {isa = PBXBuildFile; fileRef = D33D66C91CABCB1100364C53 /* Foundation.framework */; };
		D33D66CC1CABCDF300364C53 /* UIKit.framework in Frameworks */ = {isa = PBXBuildFile; fileRef = D33D66CB1CABCDF300364C53 /* UIKit.framework */; };
		D33D66D11CABDD1100364C53 /* ChatListCell.swift in Sources */ = {isa = PBXBuildFile; fileRef = D33D66D01CABDD1100364C53 /* ChatListCell.swift */; };
		D33D66D31CABE00B00364C53 /* ChatListViewController.swift in Sources */ = {isa = PBXBuildFile; fileRef = D33D66D21CABE00B00364C53 /* ChatListViewController.swift */; };
		D33D66D51CABEFD100364C53 /* ChatDetailViewController.swift in Sources */ = {isa = PBXBuildFile; fileRef = D33D66D41CABEFD100364C53 /* ChatDetailViewController.swift */; };
		D33D67021CAC09FE00364C53 /* ChatDataSource.swift in Sources */ = {isa = PBXBuildFile; fileRef = D33D67011CAC09FE00364C53 /* ChatDataSource.swift */; };
		D33D67041CAC2CF400364C53 /* UserActionHandler.swift in Sources */ = {isa = PBXBuildFile; fileRef = D33D67031CAC2CF400364C53 /* UserActionHandler.swift */; };
		D33E4E161CB8102C005ED0AC /* ReadableDate.swift in Sources */ = {isa = PBXBuildFile; fileRef = D33E4E151CB8102C005ED0AC /* ReadableDate.swift */; };
		D37205461CB3A8CA00BC59C6 /* LoginViewController.swift in Sources */ = {isa = PBXBuildFile; fileRef = D37205451CB3A8CA00BC59C6 /* LoginViewController.swift */; };
		D37A9A491CB69BBB0002C4F0 /* Alamofire.framework in Frameworks */ = {isa = PBXBuildFile; fileRef = D37A9A3C1CB69BB30002C4F0 /* Alamofire.framework */; };
		D37A9A4A1CB69BBB0002C4F0 /* Alamofire.framework in Embed Frameworks */ = {isa = PBXBuildFile; fileRef = D37A9A3C1CB69BB30002C4F0 /* Alamofire.framework */; settings = {ATTRIBUTES = (CodeSignOnCopy, RemoveHeadersOnCopy, ); }; };
		D37A9A4E1CB69CFB0002C4F0 /* Extenstions.swift in Sources */ = {isa = PBXBuildFile; fileRef = D37A9A4D1CB69CFB0002C4F0 /* Extenstions.swift */; };
		D3A6C6DF1CBCF5D000A249E9 /* ChattoAdditions.framework in Frameworks */ = {isa = PBXBuildFile; fileRef = D3A6C6DC1CBCF5C400A249E9 /* ChattoAdditions.framework */; };
		D3A6C6E01CBCF5D000A249E9 /* ChattoAdditions.framework in Embed Frameworks */ = {isa = PBXBuildFile; fileRef = D3A6C6DC1CBCF5C400A249E9 /* ChattoAdditions.framework */; settings = {ATTRIBUTES = (CodeSignOnCopy, RemoveHeadersOnCopy, ); }; };
		D3A6C6E31CBCF5D000A249E9 /* Chatto.framework in Frameworks */ = {isa = PBXBuildFile; fileRef = D3A6C6D31CBCF5B700A249E9 /* Chatto.framework */; };
		D3A6C6E41CBCF5D000A249E9 /* Chatto.framework in Embed Frameworks */ = {isa = PBXBuildFile; fileRef = D3A6C6D31CBCF5B700A249E9 /* Chatto.framework */; settings = {ATTRIBUTES = (CodeSignOnCopy, RemoveHeadersOnCopy, ); }; };
		D3A6C6ED1CBD345F00A249E9 /* APIManager+Chat.swift in Sources */ = {isa = PBXBuildFile; fileRef = D3A6C6E91CBD345F00A249E9 /* APIManager+Chat.swift */; };
		D3A6C6EE1CBD345F00A249E9 /* ChatCache.swift in Sources */ = {isa = PBXBuildFile; fileRef = D3A6C6EA1CBD345F00A249E9 /* ChatCache.swift */; };
		D3A6C6EF1CBD345F00A249E9 /* MumsnetChat.swift in Sources */ = {isa = PBXBuildFile; fileRef = D3A6C6EB1CBD345F00A249E9 /* MumsnetChat.swift */; };
		D3A6C6F01CBD345F00A249E9 /* MumsnetChatMessage.swift in Sources */ = {isa = PBXBuildFile; fileRef = D3A6C6EC1CBD345F00A249E9 /* MumsnetChatMessage.swift */; };
		D3F2C97F1CAAE2BE003FA520 /* AppDelegate.swift in Sources */ = {isa = PBXBuildFile; fileRef = D3F2C97E1CAAE2BE003FA520 /* AppDelegate.swift */; };
		D3F2C9811CAAE2BE003FA520 /* ViewController.swift in Sources */ = {isa = PBXBuildFile; fileRef = D3F2C9801CAAE2BE003FA520 /* ViewController.swift */; };
		D3F2C9841CAAE2BE003FA520 /* Main.storyboard in Resources */ = {isa = PBXBuildFile; fileRef = D3F2C9821CAAE2BE003FA520 /* Main.storyboard */; };
		D3F2C9861CAAE2BE003FA520 /* Assets.xcassets in Resources */ = {isa = PBXBuildFile; fileRef = D3F2C9851CAAE2BE003FA520 /* Assets.xcassets */; };
		D3F2C9891CAAE2BE003FA520 /* LaunchScreen.storyboard in Resources */ = {isa = PBXBuildFile; fileRef = D3F2C9871CAAE2BE003FA520 /* LaunchScreen.storyboard */; };
		D3F6CDAA1CF4442D0004FCBF /* FirebaseAnalytics.framework in Frameworks */ = {isa = PBXBuildFile; fileRef = D3F6CD741CF4442D0004FCBF /* FirebaseAnalytics.framework */; };
		D3F6CDAB1CF4442D0004FCBF /* FirebaseInstanceID.framework in Frameworks */ = {isa = PBXBuildFile; fileRef = D3F6CD751CF4442D0004FCBF /* FirebaseInstanceID.framework */; };
		D3F6CDAC1CF4442D0004FCBF /* GoogleInterchangeUtilities.framework in Frameworks */ = {isa = PBXBuildFile; fileRef = D3F6CD761CF4442D0004FCBF /* GoogleInterchangeUtilities.framework */; };
		D3F6CDAD1CF4442D0004FCBF /* GoogleSymbolUtilities.framework in Frameworks */ = {isa = PBXBuildFile; fileRef = D3F6CD771CF4442D0004FCBF /* GoogleSymbolUtilities.framework */; };
		D3F6CDAE1CF4442D0004FCBF /* GoogleUtilities.framework in Frameworks */ = {isa = PBXBuildFile; fileRef = D3F6CD781CF4442D0004FCBF /* GoogleUtilities.framework */; };
		D3F6CDC91CF4442E0004FCBF /* FirebaseMessaging.framework in Frameworks */ = {isa = PBXBuildFile; fileRef = D3F6CD9E1CF4442D0004FCBF /* FirebaseMessaging.framework */; };
		D3F6CDCA1CF4442E0004FCBF /* GoogleIPhoneUtilities.framework in Frameworks */ = {isa = PBXBuildFile; fileRef = D3F6CD9F1CF4442D0004FCBF /* GoogleIPhoneUtilities.framework */; };
		D3F6CDCB1CF4442E0004FCBF /* NOTICES in Resources */ = {isa = PBXBuildFile; fileRef = D3F6CDA11CF4442D0004FCBF /* NOTICES */; };
		D3F6CDCC1CF4442E0004FCBF /* README.md in Sources */ = {isa = PBXBuildFile; fileRef = D3F6CDA21CF4442D0004FCBF /* README.md */; };
		D3F6CEC01CF44B1E0004FCBF /* APIRequest.swift in Sources */ = {isa = PBXBuildFile; fileRef = D3F6CE711CF44B1E0004FCBF /* APIRequest.swift */; };
		D3F6CEC11CF44B1E0004FCBF /* BookmarkedPaginatedAPIRequest.swift in Sources */ = {isa = PBXBuildFile; fileRef = D3F6CE721CF44B1E0004FCBF /* BookmarkedPaginatedAPIRequest.swift */; };
		D3F6CEC21CF44B1E0004FCBF /* EmoticonImageDownloader.swift in Sources */ = {isa = PBXBuildFile; fileRef = D3F6CE731CF44B1E0004FCBF /* EmoticonImageDownloader.swift */; };
		D3F6CEC31CF44B1E0004FCBF /* MumsnetData.swift in Sources */ = {isa = PBXBuildFile; fileRef = D3F6CE741CF44B1E0004FCBF /* MumsnetData.swift */; };
		D3F6CEC41CF44B1E0004FCBF /* MumsnetDataCreate.swift in Sources */ = {isa = PBXBuildFile; fileRef = D3F6CE751CF44B1E0004FCBF /* MumsnetDataCreate.swift */; };
		D3F6CEC51CF44B1E0004FCBF /* MumsnetDataDelete.swift in Sources */ = {isa = PBXBuildFile; fileRef = D3F6CE761CF44B1E0004FCBF /* MumsnetDataDelete.swift */; };
		D3F6CEC61CF44B1E0004FCBF /* MumsnetPaginatedData.swift in Sources */ = {isa = PBXBuildFile; fileRef = D3F6CE771CF44B1E0004FCBF /* MumsnetPaginatedData.swift */; };
		D3F6CEC71CF44B1E0004FCBF /* PaginatedAPIRequest.swift in Sources */ = {isa = PBXBuildFile; fileRef = D3F6CE781CF44B1E0004FCBF /* PaginatedAPIRequest.swift */; };
		D3F6CEC81CF44B1E0004FCBF /* MumsnetDataCreating.swift in Sources */ = {isa = PBXBuildFile; fileRef = D3F6CE7A1CF44B1E0004FCBF /* MumsnetDataCreating.swift */; };
		D3F6CEC91CF44B1E0004FCBF /* MumsnetDataDeleting.swift in Sources */ = {isa = PBXBuildFile; fileRef = D3F6CE7B1CF44B1E0004FCBF /* MumsnetDataDeleting.swift */; };
		D3F6CECA1CF44B1E0004FCBF /* MumsnetDataFlipping.swift in Sources */ = {isa = PBXBuildFile; fileRef = D3F6CE7C1CF44B1E0004FCBF /* MumsnetDataFlipping.swift */; };
		D3F6CECB1CF44B1E0004FCBF /* MumsnetDataPaginating.swift in Sources */ = {isa = PBXBuildFile; fileRef = D3F6CE7D1CF44B1E0004FCBF /* MumsnetDataPaginating.swift */; };
		D3F6CECC1CF44B1E0004FCBF /* MumsnetModelObjectLoading.swift in Sources */ = {isa = PBXBuildFile; fileRef = D3F6CE7E1CF44B1E0004FCBF /* MumsnetModelObjectLoading.swift */; };
		D3F6CECD1CF44B1E0004FCBF /* Registration.swift in Sources */ = {isa = PBXBuildFile; fileRef = D3F6CE7F1CF44B1E0004FCBF /* Registration.swift */; };
		D3F6CECE1CF44B1E0004FCBF /* TalkCache.swift in Sources */ = {isa = PBXBuildFile; fileRef = D3F6CE801CF44B1E0004FCBF /* TalkCache.swift */; };
		D3F6CECF1CF44B1E0004FCBF /* closeQuote@2x.png in Resources */ = {isa = PBXBuildFile; fileRef = D3F6CE821CF44B1E0004FCBF /* closeQuote@2x.png */; };
		D3F6CED01CF44B1E0004FCBF /* closeQuote@3x.png in Resources */ = {isa = PBXBuildFile; fileRef = D3F6CE831CF44B1E0004FCBF /* closeQuote@3x.png */; };
		D3F6CED11CF44B1E0004FCBF /* icomoon.ttf in Resources */ = {isa = PBXBuildFile; fileRef = D3F6CE841CF44B1E0004FCBF /* icomoon.ttf */; };
		D3F6CED21CF44B1E0004FCBF /* openQuote@2x.png in Resources */ = {isa = PBXBuildFile; fileRef = D3F6CE851CF44B1E0004FCBF /* openQuote@2x.png */; };
		D3F6CED31CF44B1E0004FCBF /* openQuote@3x.png in Resources */ = {isa = PBXBuildFile; fileRef = D3F6CE861CF44B1E0004FCBF /* openQuote@3x.png */; };
		D3F6CED41CF44B1E0004FCBF /* APIConstants.swift in Sources */ = {isa = PBXBuildFile; fileRef = D3F6CE881CF44B1E0004FCBF /* APIConstants.swift */; };
		D3F6CED51CF44B1E0004FCBF /* ConfigurationConstants.swift in Sources */ = {isa = PBXBuildFile; fileRef = D3F6CE891CF44B1E0004FCBF /* ConfigurationConstants.swift */; };
		D3F6CED61CF44B1E0004FCBF /* ErrorConstants.swift in Sources */ = {isa = PBXBuildFile; fileRef = D3F6CE8A1CF44B1E0004FCBF /* ErrorConstants.swift */; };
		D3F6CED71CF44B1E0004FCBF /* Fonts.swift in Sources */ = {isa = PBXBuildFile; fileRef = D3F6CE8B1CF44B1E0004FCBF /* Fonts.swift */; };
		D3F6CED81CF44B1E0004FCBF /* JSONConstants.swift in Sources */ = {isa = PBXBuildFile; fileRef = D3F6CE8C1CF44B1E0004FCBF /* JSONConstants.swift */; };
		D3F6CED91CF44B1E0004FCBF /* Notifications.swift in Sources */ = {isa = PBXBuildFile; fileRef = D3F6CE8D1CF44B1E0004FCBF /* Notifications.swift */; };
		D3F6CEDA1CF44B1F0004FCBF /* RegularExpressions.swift in Sources */ = {isa = PBXBuildFile; fileRef = D3F6CE8E1CF44B1E0004FCBF /* RegularExpressions.swift */; };
		D3F6CEDB1CF44B1F0004FCBF /* UserDefaultsConstants.swift in Sources */ = {isa = PBXBuildFile; fileRef = D3F6CE8F1CF44B1E0004FCBF /* UserDefaultsConstants.swift */; };
		D3F6CEDC1CF44B1F0004FCBF /* AFDateExtension.swift in Sources */ = {isa = PBXBuildFile; fileRef = D3F6CE911CF44B1E0004FCBF /* AFDateExtension.swift */; };
		D3F6CEDD1CF44B1F0004FCBF /* Array+MumsnetModelObject.swift in Sources */ = {isa = PBXBuildFile; fileRef = D3F6CE921CF44B1E0004FCBF /* Array+MumsnetModelObject.swift */; };
		D3F6CEDE1CF44B1F0004FCBF /* NSAttributedString+MumsnetMarkdown.swift in Sources */ = {isa = PBXBuildFile; fileRef = D3F6CE931CF44B1E0004FCBF /* NSAttributedString+MumsnetMarkdown.swift */; };
		D3F6CEDF1CF44B1F0004FCBF /* NSData+MumsnetAdditions.swift in Sources */ = {isa = PBXBuildFile; fileRef = D3F6CE941CF44B1E0004FCBF /* NSData+MumsnetAdditions.swift */; };
		D3F6CEE01CF44B1F0004FCBF /* NSDate+TimeChecking.swift in Sources */ = {isa = PBXBuildFile; fileRef = D3F6CE951CF44B1E0004FCBF /* NSDate+TimeChecking.swift */; };
		D3F6CEE11CF44B1F0004FCBF /* NSDateFormatter+ISO8601.swift in Sources */ = {isa = PBXBuildFile; fileRef = D3F6CE961CF44B1E0004FCBF /* NSDateFormatter+ISO8601.swift */; };
		D3F6CEE21CF44B1F0004FCBF /* NSFileManager+DirectoryCreation.swift in Sources */ = {isa = PBXBuildFile; fileRef = D3F6CE971CF44B1E0004FCBF /* NSFileManager+DirectoryCreation.swift */; };
		D3F6CEE31CF44B1F0004FCBF /* NSJSONSerialization+FallbackEncoding.swift in Sources */ = {isa = PBXBuildFile; fileRef = D3F6CE981CF44B1E0004FCBF /* NSJSONSerialization+FallbackEncoding.swift */; };
		D3F6CEE41CF44B1F0004FCBF /* NSMutableString+Regex.swift in Sources */ = {isa = PBXBuildFile; fileRef = D3F6CE991CF44B1E0004FCBF /* NSMutableString+Regex.swift */; };
		D3F6CEE51CF44B1F0004FCBF /* NSNotificationCenter+MumsnetNotifications.swift in Sources */ = {isa = PBXBuildFile; fileRef = D3F6CE9A1CF44B1E0004FCBF /* NSNotificationCenter+MumsnetNotifications.swift */; };
		D3F6CEE61CF44B1F0004FCBF /* NSURL+MumsnetURLParsing.swift in Sources */ = {isa = PBXBuildFile; fileRef = D3F6CE9B1CF44B1E0004FCBF /* NSURL+MumsnetURLParsing.swift */; };
		D3F6CEE71CF44B1F0004FCBF /* NSURLConnection+JSON.swift in Sources */ = {isa = PBXBuildFile; fileRef = D3F6CE9C1CF44B1E0004FCBF /* NSURLConnection+JSON.swift */; };
		D3F6CEE81CF44B1F0004FCBF /* NSURLRequest+MumsnetDefaults.swift in Sources */ = {isa = PBXBuildFile; fileRef = D3F6CE9D1CF44B1E0004FCBF /* NSURLRequest+MumsnetDefaults.swift */; };
		D3F6CEE91CF44B1F0004FCBF /* NSURLSession+JSON.swift in Sources */ = {isa = PBXBuildFile; fileRef = D3F6CE9E1CF44B1E0004FCBF /* NSURLSession+JSON.swift */; };
		D3F6CEEA1CF44B1F0004FCBF /* NSURLSessionConfiguration+MumsnetDefaults.swift in Sources */ = {isa = PBXBuildFile; fileRef = D3F6CE9F1CF44B1E0004FCBF /* NSURLSessionConfiguration+MumsnetDefaults.swift */; };
		D3F6CEEB1CF44B1F0004FCBF /* NSUserDefaults+MumsnetPreferences.swift in Sources */ = {isa = PBXBuildFile; fileRef = D3F6CEA01CF44B1E0004FCBF /* NSUserDefaults+MumsnetPreferences.swift */; };
		D3F6CEEC1CF44B1F0004FCBF /* String+MumsnetMarkdown.swift in Sources */ = {isa = PBXBuildFile; fileRef = D3F6CEA11CF44B1E0004FCBF /* String+MumsnetMarkdown.swift */; };
		D3F6CEED1CF44B1F0004FCBF /* String+Trimming.swift in Sources */ = {isa = PBXBuildFile; fileRef = D3F6CEA21CF44B1E0004FCBF /* String+Trimming.swift */; };
		D3F6CEEE1CF44B1F0004FCBF /* String+URLEncoding.swift in Sources */ = {isa = PBXBuildFile; fileRef = D3F6CEA31CF44B1E0004FCBF /* String+URLEncoding.swift */; };
		D3F6CEEF1CF44B1F0004FCBF /* String+Validation.swift in Sources */ = {isa = PBXBuildFile; fileRef = D3F6CEA41CF44B1E0004FCBF /* String+Validation.swift */; };
		D3F6CEF01CF44B1F0004FCBF /* String+YouTube.swift in Sources */ = {isa = PBXBuildFile; fileRef = D3F6CEA51CF44B1E0004FCBF /* String+YouTube.swift */; };
		D3F6CEF11CF44B1F0004FCBF /* UIFont+PreferredFontAdditions.swift in Sources */ = {isa = PBXBuildFile; fileRef = D3F6CEA61CF44B1E0004FCBF /* UIFont+PreferredFontAdditions.swift */; };
		D3F6CEF21CF44B1F0004FCBF /* AES256CBC.swift in Sources */ = {isa = PBXBuildFile; fileRef = D3F6CEA81CF44B1E0004FCBF /* AES256CBC.swift */; };
		D3F6CEF31CF44B1F0004FCBF /* APIManager.swift in Sources */ = {isa = PBXBuildFile; fileRef = D3F6CEAA1CF44B1E0004FCBF /* APIManager.swift */; };
		D3F6CEF41CF44B1F0004FCBF /* EncryptionManager.swift in Sources */ = {isa = PBXBuildFile; fileRef = D3F6CEAB1CF44B1E0004FCBF /* EncryptionManager.swift */; };
		D3F6CEF51CF44B1F0004FCBF /* FileManager.swift in Sources */ = {isa = PBXBuildFile; fileRef = D3F6CEAC1CF44B1E0004FCBF /* FileManager.swift */; };
		D3F6CEF61CF44B1F0004FCBF /* UserManager.swift in Sources */ = {isa = PBXBuildFile; fileRef = D3F6CEAD1CF44B1E0004FCBF /* UserManager.swift */; };
		D3F6CEF71CF44B1F0004FCBF /* APIError.swift in Sources */ = {isa = PBXBuildFile; fileRef = D3F6CEAF1CF44B1E0004FCBF /* APIError.swift */; };
		D3F6CEF81CF44B1F0004FCBF /* Category.swift in Sources */ = {isa = PBXBuildFile; fileRef = D3F6CEB01CF44B1E0004FCBF /* Category.swift */; };
		D3F6CEF91CF44B1F0004FCBF /* Emoticon.swift in Sources */ = {isa = PBXBuildFile; fileRef = D3F6CEB11CF44B1E0004FCBF /* Emoticon.swift */; };
		D3F6CEFA1CF44B1F0004FCBF /* Error.swift in Sources */ = {isa = PBXBuildFile; fileRef = D3F6CEB21CF44B1E0004FCBF /* Error.swift */; };
		D3F6CEFB1CF44B1F0004FCBF /* Image.swift in Sources */ = {isa = PBXBuildFile; fileRef = D3F6CEB31CF44B1E0004FCBF /* Image.swift */; };
		D3F6CEFC1CF44B1F0004FCBF /* ModelObject.swift in Sources */ = {isa = PBXBuildFile; fileRef = D3F6CEB41CF44B1E0004FCBF /* ModelObject.swift */; };
		D3F6CEFD1CF44B1F0004FCBF /* Newsletter.swift in Sources */ = {isa = PBXBuildFile; fileRef = D3F6CEB51CF44B1E0004FCBF /* Newsletter.swift */; };
		D3F6CEFE1CF44B1F0004FCBF /* Post.swift in Sources */ = {isa = PBXBuildFile; fileRef = D3F6CEB61CF44B1E0004FCBF /* Post.swift */; };
		D3F6CEFF1CF44B1F0004FCBF /* RegistrationError.swift in Sources */ = {isa = PBXBuildFile; fileRef = D3F6CEB71CF44B1E0004FCBF /* RegistrationError.swift */; };
		D3F6CF001CF44B1F0004FCBF /* Thread.swift in Sources */ = {isa = PBXBuildFile; fileRef = D3F6CEB81CF44B1E0004FCBF /* Thread.swift */; };
		D3F6CF011CF44B1F0004FCBF /* Topic.swift in Sources */ = {isa = PBXBuildFile; fileRef = D3F6CEB91CF44B1E0004FCBF /* Topic.swift */; };
		D3F6CF021CF44B1F0004FCBF /* User.swift in Sources */ = {isa = PBXBuildFile; fileRef = D3F6CEBA1CF44B1E0004FCBF /* User.swift */; };
		D3F6CF031CF44B1F0004FCBF /* GlobalFunctions.swift in Sources */ = {isa = PBXBuildFile; fileRef = D3F6CEBE1CF44B1E0004FCBF /* GlobalFunctions.swift */; };
		D3F6CF041CF44B1F0004FCBF /* MumsnetCustomError.swift in Sources */ = {isa = PBXBuildFile; fileRef = D3F6CEBF1CF44B1E0004FCBF /* MumsnetCustomError.swift */; };
		D3F6CF081CF4602F0004FCBF /* GoogleService-Info.plist in Resources */ = {isa = PBXBuildFile; fileRef = D3F6CF071CF4602F0004FCBF /* GoogleService-Info.plist */; };
		D3F6CF0A1CF461A90004FCBF /* MessageUI.framework in Frameworks */ = {isa = PBXBuildFile; fileRef = D3F6CF091CF461A90004FCBF /* MessageUI.framework */; };
		D3F6CF0C1CF461B40004FCBF /* AddressBook.framework in Frameworks */ = {isa = PBXBuildFile; fileRef = D3F6CF0B1CF461B40004FCBF /* AddressBook.framework */; };
		D3F6CF0E1CF461C50004FCBF /* CoreTelephony.framework in Frameworks */ = {isa = PBXBuildFile; fileRef = D3F6CF0D1CF461C50004FCBF /* CoreTelephony.framework */; };
		D3F6CF101CF461ED0004FCBF /* libicucore.tbd in Frameworks */ = {isa = PBXBuildFile; fileRef = D3F6CF0F1CF461ED0004FCBF /* libicucore.tbd */; };
		D3F6CF121CF461FD0004FCBF /* libc++.tbd in Frameworks */ = {isa = PBXBuildFile; fileRef = D3F6CF111CF461FD0004FCBF /* libc++.tbd */; };
		D3F6CF141CF4620E0004FCBF /* Security.framework in Frameworks */ = {isa = PBXBuildFile; fileRef = D3F6CF131CF4620E0004FCBF /* Security.framework */; };
		D3F6CF161CF462130004FCBF /* CFNetwork.framework in Frameworks */ = {isa = PBXBuildFile; fileRef = D3F6CF151CF462130004FCBF /* CFNetwork.framework */; };
		D3F6CF181CF462210004FCBF /* SystemConfiguration.framework in Frameworks */ = {isa = PBXBuildFile; fileRef = D3F6CF171CF462210004FCBF /* SystemConfiguration.framework */; };
		D3F6CF1A1CF462730004FCBF /* CoreBluetooth.framework in Frameworks */ = {isa = PBXBuildFile; fileRef = D3F6CF191CF462730004FCBF /* CoreBluetooth.framework */; };
		D3F6CF1C1CF462E30004FCBF /* libz.tbd in Frameworks */ = {isa = PBXBuildFile; fileRef = D3F6CF1B1CF462E30004FCBF /* libz.tbd */; };
		D3F6CF1E1CF463110004FCBF /* libsqlite3.0.tbd in Frameworks */ = {isa = PBXBuildFile; fileRef = D3F6CF1D1CF463110004FCBF /* libsqlite3.0.tbd */; };
/* End PBXBuildFile section */

/* Begin PBXContainerItemProxy section */
		D37A9A3B1CB69BB30002C4F0 /* PBXContainerItemProxy */ = {
			isa = PBXContainerItemProxy;
			containerPortal = D33D66AC1CABCA2900364C53 /* Alamofire.xcodeproj */;
			proxyType = 2;
			remoteGlobalIDString = F8111E3319A95C8B0040E7D1;
			remoteInfo = "Alamofire iOS";
		};
		D37A9A3D1CB69BB30002C4F0 /* PBXContainerItemProxy */ = {
			isa = PBXContainerItemProxy;
			containerPortal = D33D66AC1CABCA2900364C53 /* Alamofire.xcodeproj */;
			proxyType = 2;
			remoteGlobalIDString = F8111E3E19A95C8B0040E7D1;
			remoteInfo = "Alamofire iOS Tests";
		};
		D37A9A3F1CB69BB30002C4F0 /* PBXContainerItemProxy */ = {
			isa = PBXContainerItemProxy;
			containerPortal = D33D66AC1CABCA2900364C53 /* Alamofire.xcodeproj */;
			proxyType = 2;
			remoteGlobalIDString = 4DD67C0B1A5C55C900ED2280;
			remoteInfo = "Alamofire OSX";
		};
		D37A9A411CB69BB30002C4F0 /* PBXContainerItemProxy */ = {
			isa = PBXContainerItemProxy;
			containerPortal = D33D66AC1CABCA2900364C53 /* Alamofire.xcodeproj */;
			proxyType = 2;
			remoteGlobalIDString = F829C6B21A7A94F100A2CD59;
			remoteInfo = "Alamofire OSX Tests";
		};
		D37A9A431CB69BB30002C4F0 /* PBXContainerItemProxy */ = {
			isa = PBXContainerItemProxy;
			containerPortal = D33D66AC1CABCA2900364C53 /* Alamofire.xcodeproj */;
			proxyType = 2;
			remoteGlobalIDString = 4CF626EF1BA7CB3E0011A099;
			remoteInfo = "Alamofire tvOS";
		};
		D37A9A451CB69BB30002C4F0 /* PBXContainerItemProxy */ = {
			isa = PBXContainerItemProxy;
			containerPortal = D33D66AC1CABCA2900364C53 /* Alamofire.xcodeproj */;
			proxyType = 2;
			remoteGlobalIDString = 4CF626F81BA7CB3E0011A099;
			remoteInfo = "Alamofire tvOS Tests";
		};
		D37A9A471CB69BB30002C4F0 /* PBXContainerItemProxy */ = {
			isa = PBXContainerItemProxy;
			containerPortal = D33D66AC1CABCA2900364C53 /* Alamofire.xcodeproj */;
			proxyType = 2;
			remoteGlobalIDString = E4202FE01B667AA100C997FB;
			remoteInfo = "Alamofire watchOS";
		};
		D37A9A4B1CB69BBB0002C4F0 /* PBXContainerItemProxy */ = {
			isa = PBXContainerItemProxy;
			containerPortal = D33D66AC1CABCA2900364C53 /* Alamofire.xcodeproj */;
			proxyType = 1;
			remoteGlobalIDString = F8111E3219A95C8B0040E7D1;
			remoteInfo = "Alamofire iOS";
		};
		D3A6C6D21CBCF5B700A249E9 /* PBXContainerItemProxy */ = {
			isa = PBXContainerItemProxy;
			containerPortal = D3A6C6CD1CBCF5B700A249E9 /* Chatto.xcodeproj */;
			proxyType = 2;
			remoteGlobalIDString = C32BB7201BE0504D0069EC50;
			remoteInfo = Chatto;
		};
		D3A6C6D41CBCF5B700A249E9 /* PBXContainerItemProxy */ = {
			isa = PBXContainerItemProxy;
			containerPortal = D3A6C6CD1CBCF5B700A249E9 /* Chatto.xcodeproj */;
			proxyType = 2;
			remoteGlobalIDString = C32BB72A1BE0504D0069EC50;
			remoteInfo = ChattoTests;
		};
		D3A6C6DB1CBCF5C400A249E9 /* PBXContainerItemProxy */ = {
			isa = PBXContainerItemProxy;
			containerPortal = D3A6C6D61CBCF5C400A249E9 /* ChattoAdditions.xcodeproj */;
			proxyType = 2;
			remoteGlobalIDString = C3C0CBB81BFE49320052747C;
			remoteInfo = ChattoAdditions;
		};
		D3A6C6DD1CBCF5C400A249E9 /* PBXContainerItemProxy */ = {
			isa = PBXContainerItemProxy;
			containerPortal = D3A6C6D61CBCF5C400A249E9 /* ChattoAdditions.xcodeproj */;
			proxyType = 2;
			remoteGlobalIDString = C3C0CBC21BFE49320052747C;
			remoteInfo = ChattoAdditionsTests;
		};
		D3A6C6E11CBCF5D000A249E9 /* PBXContainerItemProxy */ = {
			isa = PBXContainerItemProxy;
			containerPortal = D3A6C6D61CBCF5C400A249E9 /* ChattoAdditions.xcodeproj */;
			proxyType = 1;
			remoteGlobalIDString = C3C0CBB71BFE49320052747C;
			remoteInfo = ChattoAdditions;
		};
		D3A6C6E51CBCF5D000A249E9 /* PBXContainerItemProxy */ = {
			isa = PBXContainerItemProxy;
			containerPortal = D3A6C6CD1CBCF5B700A249E9 /* Chatto.xcodeproj */;
			proxyType = 1;
			remoteGlobalIDString = C32BB71F1BE0504D0069EC50;
			remoteInfo = Chatto;
		};
/* End PBXContainerItemProxy section */

/* Begin PBXCopyFilesBuildPhase section */
		D3F2CA7B1CAAE46C003FA520 /* Embed Frameworks */ = {
			isa = PBXCopyFilesBuildPhase;
			buildActionMask = 2147483647;
			dstPath = "";
			dstSubfolderSpec = 10;
			files = (
				D3A6C6E41CBCF5D000A249E9 /* Chatto.framework in Embed Frameworks */,
				D37A9A4A1CB69BBB0002C4F0 /* Alamofire.framework in Embed Frameworks */,
				D3A6C6E01CBCF5D000A249E9 /* ChattoAdditions.framework in Embed Frameworks */,
			);
			name = "Embed Frameworks";
			runOnlyForDeploymentPostprocessing = 0;
		};
/* End PBXCopyFilesBuildPhase section */

/* Begin PBXFileReference section */
		D303EF811CAD70620006130D /* ChatItemsDecorator.swift */ = {isa = PBXFileReference; fileEncoding = 4; lastKnownFileType = sourcecode.swift; name = ChatItemsDecorator.swift; path = ChatDetail/ChatItemsDecorator.swift; sourceTree = "<group>"; };
		D303EF851CAD71640006130D /* SlidingDatasSource.swift */ = {isa = PBXFileReference; fileEncoding = 4; lastKnownFileType = sourcecode.swift; name = SlidingDatasSource.swift; path = ChatDetail/SlidingDatasSource.swift; sourceTree = "<group>"; };
		D303EF8A1CAD71D80006130D /* SendingStatusCollectionViewCell.swift */ = {isa = PBXFileReference; fileEncoding = 4; lastKnownFileType = sourcecode.swift; path = SendingStatusCollectionViewCell.swift; sourceTree = "<group>"; };
		D303EF8B1CAD71D80006130D /* SendingStatusCollectionViewCell.xib */ = {isa = PBXFileReference; fileEncoding = 4; lastKnownFileType = file.xib; path = SendingStatusCollectionViewCell.xib; sourceTree = "<group>"; };
		D303EF8C1CAD71D80006130D /* SendingStatusPresenter.swift */ = {isa = PBXFileReference; fileEncoding = 4; lastKnownFileType = sourcecode.swift; path = SendingStatusPresenter.swift; sourceTree = "<group>"; };
		D33D66AC1CABCA2900364C53 /* Alamofire.xcodeproj */ = {isa = PBXFileReference; lastKnownFileType = "wrapper.pb-project"; name = Alamofire.xcodeproj; path = Alamofire/Alamofire.xcodeproj; sourceTree = "<group>"; };
		D33D66C91CABCB1100364C53 /* Foundation.framework */ = {isa = PBXFileReference; lastKnownFileType = wrapper.framework; name = Foundation.framework; path = System/Library/Frameworks/Foundation.framework; sourceTree = SDKROOT; };
		D33D66CB1CABCDF300364C53 /* UIKit.framework */ = {isa = PBXFileReference; lastKnownFileType = wrapper.framework; name = UIKit.framework; path = System/Library/Frameworks/UIKit.framework; sourceTree = SDKROOT; };
		D33D66CD1CABDA9E00364C53 /* MumsnetChat-Bridging-Header.h */ = {isa = PBXFileReference; lastKnownFileType = sourcecode.c.h; path = "MumsnetChat-Bridging-Header.h"; sourceTree = "<group>"; };
		D33D66D01CABDD1100364C53 /* ChatListCell.swift */ = {isa = PBXFileReference; fileEncoding = 4; lastKnownFileType = sourcecode.swift; name = ChatListCell.swift; path = ChatList/ChatListCell.swift; sourceTree = "<group>"; };
		D33D66D21CABE00B00364C53 /* ChatListViewController.swift */ = {isa = PBXFileReference; fileEncoding = 4; lastKnownFileType = sourcecode.swift; name = ChatListViewController.swift; path = ChatList/ChatListViewController.swift; sourceTree = "<group>"; };
		D33D66D41CABEFD100364C53 /* ChatDetailViewController.swift */ = {isa = PBXFileReference; fileEncoding = 4; lastKnownFileType = sourcecode.swift; name = ChatDetailViewController.swift; path = ChatDetail/ChatDetailViewController.swift; sourceTree = "<group>"; };
		D33D67011CAC09FE00364C53 /* ChatDataSource.swift */ = {isa = PBXFileReference; fileEncoding = 4; lastKnownFileType = sourcecode.swift; name = ChatDataSource.swift; path = ChatDetail/ChatDataSource.swift; sourceTree = "<group>"; };
		D33D67031CAC2CF400364C53 /* UserActionHandler.swift */ = {isa = PBXFileReference; fileEncoding = 4; lastKnownFileType = sourcecode.swift; name = UserActionHandler.swift; path = ChatDetail/UserActionHandler.swift; sourceTree = "<group>"; };
		D33E4E151CB8102C005ED0AC /* ReadableDate.swift */ = {isa = PBXFileReference; fileEncoding = 4; lastKnownFileType = sourcecode.swift; path = ReadableDate.swift; sourceTree = "<group>"; };
		D37205451CB3A8CA00BC59C6 /* LoginViewController.swift */ = {isa = PBXFileReference; fileEncoding = 4; lastKnownFileType = sourcecode.swift; name = LoginViewController.swift; path = Login/LoginViewController.swift; sourceTree = "<group>"; };
		D37A9A4D1CB69CFB0002C4F0 /* Extenstions.swift */ = {isa = PBXFileReference; fileEncoding = 4; lastKnownFileType = sourcecode.swift; path = Extenstions.swift; sourceTree = "<group>"; };
		D3A6C6CD1CBCF5B700A249E9 /* Chatto.xcodeproj */ = {isa = PBXFileReference; lastKnownFileType = "wrapper.pb-project"; name = Chatto.xcodeproj; path = Chatto/Chatto.xcodeproj; sourceTree = "<group>"; };
		D3A6C6D61CBCF5C400A249E9 /* ChattoAdditions.xcodeproj */ = {isa = PBXFileReference; lastKnownFileType = "wrapper.pb-project"; name = ChattoAdditions.xcodeproj; path = ChattoAdditions/ChattoAdditions.xcodeproj; sourceTree = "<group>"; };
		D3A6C6E91CBD345F00A249E9 /* APIManager+Chat.swift */ = {isa = PBXFileReference; fileEncoding = 4; lastKnownFileType = sourcecode.swift; path = "APIManager+Chat.swift"; sourceTree = "<group>"; };
		D3A6C6EA1CBD345F00A249E9 /* ChatCache.swift */ = {isa = PBXFileReference; fileEncoding = 4; lastKnownFileType = sourcecode.swift; path = ChatCache.swift; sourceTree = "<group>"; };
		D3A6C6EB1CBD345F00A249E9 /* MumsnetChat.swift */ = {isa = PBXFileReference; fileEncoding = 4; lastKnownFileType = sourcecode.swift; path = MumsnetChat.swift; sourceTree = "<group>"; };
		D3A6C6EC1CBD345F00A249E9 /* MumsnetChatMessage.swift */ = {isa = PBXFileReference; fileEncoding = 4; lastKnownFileType = sourcecode.swift; path = MumsnetChatMessage.swift; sourceTree = "<group>"; };
		D3F2C97B1CAAE2BD003FA520 /* Chat.app */ = {isa = PBXFileReference; explicitFileType = wrapper.application; includeInIndex = 0; path = Chat.app; sourceTree = BUILT_PRODUCTS_DIR; };
		D3F2C97E1CAAE2BE003FA520 /* AppDelegate.swift */ = {isa = PBXFileReference; lastKnownFileType = sourcecode.swift; path = AppDelegate.swift; sourceTree = "<group>"; };
		D3F2C9801CAAE2BE003FA520 /* ViewController.swift */ = {isa = PBXFileReference; lastKnownFileType = sourcecode.swift; path = ViewController.swift; sourceTree = "<group>"; };
		D3F2C9831CAAE2BE003FA520 /* Base */ = {isa = PBXFileReference; lastKnownFileType = file.storyboard; name = Base; path = Base.lproj/Main.storyboard; sourceTree = "<group>"; };
		D3F2C9851CAAE2BE003FA520 /* Assets.xcassets */ = {isa = PBXFileReference; lastKnownFileType = folder.assetcatalog; path = Assets.xcassets; sourceTree = "<group>"; };
		D3F2C9881CAAE2BE003FA520 /* Base */ = {isa = PBXFileReference; lastKnownFileType = file.storyboard; name = Base; path = Base.lproj/LaunchScreen.storyboard; sourceTree = "<group>"; };
		D3F2C98A1CAAE2BE003FA520 /* Info.plist */ = {isa = PBXFileReference; lastKnownFileType = text.plist.xml; path = Info.plist; sourceTree = "<group>"; };
		D3F6CD741CF4442D0004FCBF /* FirebaseAnalytics.framework */ = {isa = PBXFileReference; lastKnownFileType = wrapper.framework; path = FirebaseAnalytics.framework; sourceTree = "<group>"; };
		D3F6CD751CF4442D0004FCBF /* FirebaseInstanceID.framework */ = {isa = PBXFileReference; lastKnownFileType = wrapper.framework; path = FirebaseInstanceID.framework; sourceTree = "<group>"; };
		D3F6CD761CF4442D0004FCBF /* GoogleInterchangeUtilities.framework */ = {isa = PBXFileReference; lastKnownFileType = wrapper.framework; path = GoogleInterchangeUtilities.framework; sourceTree = "<group>"; };
		D3F6CD771CF4442D0004FCBF /* GoogleSymbolUtilities.framework */ = {isa = PBXFileReference; lastKnownFileType = wrapper.framework; path = GoogleSymbolUtilities.framework; sourceTree = "<group>"; };
		D3F6CD781CF4442D0004FCBF /* GoogleUtilities.framework */ = {isa = PBXFileReference; lastKnownFileType = wrapper.framework; path = GoogleUtilities.framework; sourceTree = "<group>"; };
		D3F6CD8F1CF4442D0004FCBF /* Firebase.h */ = {isa = PBXFileReference; fileEncoding = 4; lastKnownFileType = sourcecode.c.h; name = Firebase.h; path = FireBase/Firebase.h; sourceTree = "<group>"; };
		D3F6CD9E1CF4442D0004FCBF /* FirebaseMessaging.framework */ = {isa = PBXFileReference; lastKnownFileType = wrapper.framework; path = FirebaseMessaging.framework; sourceTree = "<group>"; };
		D3F6CD9F1CF4442D0004FCBF /* GoogleIPhoneUtilities.framework */ = {isa = PBXFileReference; lastKnownFileType = wrapper.framework; path = GoogleIPhoneUtilities.framework; sourceTree = "<group>"; };
		D3F6CDA01CF4442D0004FCBF /* module.modulemap */ = {isa = PBXFileReference; fileEncoding = 4; lastKnownFileType = "sourcecode.module-map"; name = module.modulemap; path = FireBase/module.modulemap; sourceTree = "<group>"; };
		D3F6CDA11CF4442D0004FCBF /* NOTICES */ = {isa = PBXFileReference; fileEncoding = 4; lastKnownFileType = text; name = NOTICES; path = FireBase/NOTICES; sourceTree = "<group>"; };
		D3F6CDA21CF4442D0004FCBF /* README.md */ = {isa = PBXFileReference; fileEncoding = 4; lastKnownFileType = net.daringfireball.markdown; name = README.md; path = FireBase/README.md; sourceTree = "<group>"; };
		D3F6CE711CF44B1E0004FCBF /* APIRequest.swift */ = {isa = PBXFileReference; fileEncoding = 4; lastKnownFileType = sourcecode.swift; path = APIRequest.swift; sourceTree = "<group>"; };
		D3F6CE721CF44B1E0004FCBF /* BookmarkedPaginatedAPIRequest.swift */ = {isa = PBXFileReference; fileEncoding = 4; lastKnownFileType = sourcecode.swift; path = BookmarkedPaginatedAPIRequest.swift; sourceTree = "<group>"; };
		D3F6CE731CF44B1E0004FCBF /* EmoticonImageDownloader.swift */ = {isa = PBXFileReference; fileEncoding = 4; lastKnownFileType = sourcecode.swift; path = EmoticonImageDownloader.swift; sourceTree = "<group>"; };
		D3F6CE741CF44B1E0004FCBF /* MumsnetData.swift */ = {isa = PBXFileReference; fileEncoding = 4; lastKnownFileType = sourcecode.swift; path = MumsnetData.swift; sourceTree = "<group>"; };
		D3F6CE751CF44B1E0004FCBF /* MumsnetDataCreate.swift */ = {isa = PBXFileReference; fileEncoding = 4; lastKnownFileType = sourcecode.swift; path = MumsnetDataCreate.swift; sourceTree = "<group>"; };
		D3F6CE761CF44B1E0004FCBF /* MumsnetDataDelete.swift */ = {isa = PBXFileReference; fileEncoding = 4; lastKnownFileType = sourcecode.swift; path = MumsnetDataDelete.swift; sourceTree = "<group>"; };
		D3F6CE771CF44B1E0004FCBF /* MumsnetPaginatedData.swift */ = {isa = PBXFileReference; fileEncoding = 4; lastKnownFileType = sourcecode.swift; path = MumsnetPaginatedData.swift; sourceTree = "<group>"; };
		D3F6CE781CF44B1E0004FCBF /* PaginatedAPIRequest.swift */ = {isa = PBXFileReference; fileEncoding = 4; lastKnownFileType = sourcecode.swift; path = PaginatedAPIRequest.swift; sourceTree = "<group>"; };
		D3F6CE7A1CF44B1E0004FCBF /* MumsnetDataCreating.swift */ = {isa = PBXFileReference; fileEncoding = 4; lastKnownFileType = sourcecode.swift; path = MumsnetDataCreating.swift; sourceTree = "<group>"; };
		D3F6CE7B1CF44B1E0004FCBF /* MumsnetDataDeleting.swift */ = {isa = PBXFileReference; fileEncoding = 4; lastKnownFileType = sourcecode.swift; path = MumsnetDataDeleting.swift; sourceTree = "<group>"; };
		D3F6CE7C1CF44B1E0004FCBF /* MumsnetDataFlipping.swift */ = {isa = PBXFileReference; fileEncoding = 4; lastKnownFileType = sourcecode.swift; path = MumsnetDataFlipping.swift; sourceTree = "<group>"; };
		D3F6CE7D1CF44B1E0004FCBF /* MumsnetDataPaginating.swift */ = {isa = PBXFileReference; fileEncoding = 4; lastKnownFileType = sourcecode.swift; path = MumsnetDataPaginating.swift; sourceTree = "<group>"; };
		D3F6CE7E1CF44B1E0004FCBF /* MumsnetModelObjectLoading.swift */ = {isa = PBXFileReference; fileEncoding = 4; lastKnownFileType = sourcecode.swift; path = MumsnetModelObjectLoading.swift; sourceTree = "<group>"; };
		D3F6CE7F1CF44B1E0004FCBF /* Registration.swift */ = {isa = PBXFileReference; fileEncoding = 4; lastKnownFileType = sourcecode.swift; path = Registration.swift; sourceTree = "<group>"; };
		D3F6CE801CF44B1E0004FCBF /* TalkCache.swift */ = {isa = PBXFileReference; fileEncoding = 4; lastKnownFileType = sourcecode.swift; path = TalkCache.swift; sourceTree = "<group>"; };
		D3F6CE821CF44B1E0004FCBF /* closeQuote@2x.png */ = {isa = PBXFileReference; lastKnownFileType = image.png; path = "closeQuote@2x.png"; sourceTree = "<group>"; };
		D3F6CE831CF44B1E0004FCBF /* closeQuote@3x.png */ = {isa = PBXFileReference; lastKnownFileType = image.png; path = "closeQuote@3x.png"; sourceTree = "<group>"; };
		D3F6CE841CF44B1E0004FCBF /* icomoon.ttf */ = {isa = PBXFileReference; lastKnownFileType = file; path = icomoon.ttf; sourceTree = "<group>"; };
		D3F6CE851CF44B1E0004FCBF /* openQuote@2x.png */ = {isa = PBXFileReference; lastKnownFileType = image.png; path = "openQuote@2x.png"; sourceTree = "<group>"; };
		D3F6CE861CF44B1E0004FCBF /* openQuote@3x.png */ = {isa = PBXFileReference; lastKnownFileType = image.png; path = "openQuote@3x.png"; sourceTree = "<group>"; };
		D3F6CE881CF44B1E0004FCBF /* APIConstants.swift */ = {isa = PBXFileReference; fileEncoding = 4; lastKnownFileType = sourcecode.swift; path = APIConstants.swift; sourceTree = "<group>"; };
		D3F6CE891CF44B1E0004FCBF /* ConfigurationConstants.swift */ = {isa = PBXFileReference; fileEncoding = 4; lastKnownFileType = sourcecode.swift; path = ConfigurationConstants.swift; sourceTree = "<group>"; };
		D3F6CE8A1CF44B1E0004FCBF /* ErrorConstants.swift */ = {isa = PBXFileReference; fileEncoding = 4; lastKnownFileType = sourcecode.swift; path = ErrorConstants.swift; sourceTree = "<group>"; };
		D3F6CE8B1CF44B1E0004FCBF /* Fonts.swift */ = {isa = PBXFileReference; fileEncoding = 4; lastKnownFileType = sourcecode.swift; path = Fonts.swift; sourceTree = "<group>"; };
		D3F6CE8C1CF44B1E0004FCBF /* JSONConstants.swift */ = {isa = PBXFileReference; fileEncoding = 4; lastKnownFileType = sourcecode.swift; path = JSONConstants.swift; sourceTree = "<group>"; };
		D3F6CE8D1CF44B1E0004FCBF /* Notifications.swift */ = {isa = PBXFileReference; fileEncoding = 4; lastKnownFileType = sourcecode.swift; path = Notifications.swift; sourceTree = "<group>"; };
		D3F6CE8E1CF44B1E0004FCBF /* RegularExpressions.swift */ = {isa = PBXFileReference; fileEncoding = 4; lastKnownFileType = sourcecode.swift; path = RegularExpressions.swift; sourceTree = "<group>"; };
		D3F6CE8F1CF44B1E0004FCBF /* UserDefaultsConstants.swift */ = {isa = PBXFileReference; fileEncoding = 4; lastKnownFileType = sourcecode.swift; path = UserDefaultsConstants.swift; sourceTree = "<group>"; };
		D3F6CE911CF44B1E0004FCBF /* AFDateExtension.swift */ = {isa = PBXFileReference; fileEncoding = 4; lastKnownFileType = sourcecode.swift; path = AFDateExtension.swift; sourceTree = "<group>"; };
		D3F6CE921CF44B1E0004FCBF /* Array+MumsnetModelObject.swift */ = {isa = PBXFileReference; fileEncoding = 4; lastKnownFileType = sourcecode.swift; path = "Array+MumsnetModelObject.swift"; sourceTree = "<group>"; };
		D3F6CE931CF44B1E0004FCBF /* NSAttributedString+MumsnetMarkdown.swift */ = {isa = PBXFileReference; fileEncoding = 4; lastKnownFileType = sourcecode.swift; path = "NSAttributedString+MumsnetMarkdown.swift"; sourceTree = "<group>"; };
		D3F6CE941CF44B1E0004FCBF /* NSData+MumsnetAdditions.swift */ = {isa = PBXFileReference; fileEncoding = 4; lastKnownFileType = sourcecode.swift; path = "NSData+MumsnetAdditions.swift"; sourceTree = "<group>"; };
		D3F6CE951CF44B1E0004FCBF /* NSDate+TimeChecking.swift */ = {isa = PBXFileReference; fileEncoding = 4; lastKnownFileType = sourcecode.swift; path = "NSDate+TimeChecking.swift"; sourceTree = "<group>"; };
		D3F6CE961CF44B1E0004FCBF /* NSDateFormatter+ISO8601.swift */ = {isa = PBXFileReference; fileEncoding = 4; lastKnownFileType = sourcecode.swift; path = "NSDateFormatter+ISO8601.swift"; sourceTree = "<group>"; };
		D3F6CE971CF44B1E0004FCBF /* NSFileManager+DirectoryCreation.swift */ = {isa = PBXFileReference; fileEncoding = 4; lastKnownFileType = sourcecode.swift; path = "NSFileManager+DirectoryCreation.swift"; sourceTree = "<group>"; };
		D3F6CE981CF44B1E0004FCBF /* NSJSONSerialization+FallbackEncoding.swift */ = {isa = PBXFileReference; fileEncoding = 4; lastKnownFileType = sourcecode.swift; path = "NSJSONSerialization+FallbackEncoding.swift"; sourceTree = "<group>"; };
		D3F6CE991CF44B1E0004FCBF /* NSMutableString+Regex.swift */ = {isa = PBXFileReference; fileEncoding = 4; lastKnownFileType = sourcecode.swift; path = "NSMutableString+Regex.swift"; sourceTree = "<group>"; };
		D3F6CE9A1CF44B1E0004FCBF /* NSNotificationCenter+MumsnetNotifications.swift */ = {isa = PBXFileReference; fileEncoding = 4; lastKnownFileType = sourcecode.swift; path = "NSNotificationCenter+MumsnetNotifications.swift"; sourceTree = "<group>"; };
		D3F6CE9B1CF44B1E0004FCBF /* NSURL+MumsnetURLParsing.swift */ = {isa = PBXFileReference; fileEncoding = 4; lastKnownFileType = sourcecode.swift; path = "NSURL+MumsnetURLParsing.swift"; sourceTree = "<group>"; };
		D3F6CE9C1CF44B1E0004FCBF /* NSURLConnection+JSON.swift */ = {isa = PBXFileReference; fileEncoding = 4; lastKnownFileType = sourcecode.swift; path = "NSURLConnection+JSON.swift"; sourceTree = "<group>"; };
		D3F6CE9D1CF44B1E0004FCBF /* NSURLRequest+MumsnetDefaults.swift */ = {isa = PBXFileReference; fileEncoding = 4; lastKnownFileType = sourcecode.swift; path = "NSURLRequest+MumsnetDefaults.swift"; sourceTree = "<group>"; };
		D3F6CE9E1CF44B1E0004FCBF /* NSURLSession+JSON.swift */ = {isa = PBXFileReference; fileEncoding = 4; lastKnownFileType = sourcecode.swift; path = "NSURLSession+JSON.swift"; sourceTree = "<group>"; };
		D3F6CE9F1CF44B1E0004FCBF /* NSURLSessionConfiguration+MumsnetDefaults.swift */ = {isa = PBXFileReference; fileEncoding = 4; lastKnownFileType = sourcecode.swift; path = "NSURLSessionConfiguration+MumsnetDefaults.swift"; sourceTree = "<group>"; };
		D3F6CEA01CF44B1E0004FCBF /* NSUserDefaults+MumsnetPreferences.swift */ = {isa = PBXFileReference; fileEncoding = 4; lastKnownFileType = sourcecode.swift; path = "NSUserDefaults+MumsnetPreferences.swift"; sourceTree = "<group>"; };
		D3F6CEA11CF44B1E0004FCBF /* String+MumsnetMarkdown.swift */ = {isa = PBXFileReference; fileEncoding = 4; lastKnownFileType = sourcecode.swift; path = "String+MumsnetMarkdown.swift"; sourceTree = "<group>"; };
		D3F6CEA21CF44B1E0004FCBF /* String+Trimming.swift */ = {isa = PBXFileReference; fileEncoding = 4; lastKnownFileType = sourcecode.swift; path = "String+Trimming.swift"; sourceTree = "<group>"; };
		D3F6CEA31CF44B1E0004FCBF /* String+URLEncoding.swift */ = {isa = PBXFileReference; fileEncoding = 4; lastKnownFileType = sourcecode.swift; path = "String+URLEncoding.swift"; sourceTree = "<group>"; };
		D3F6CEA41CF44B1E0004FCBF /* String+Validation.swift */ = {isa = PBXFileReference; fileEncoding = 4; lastKnownFileType = sourcecode.swift; path = "String+Validation.swift"; sourceTree = "<group>"; };
		D3F6CEA51CF44B1E0004FCBF /* String+YouTube.swift */ = {isa = PBXFileReference; fileEncoding = 4; lastKnownFileType = sourcecode.swift; path = "String+YouTube.swift"; sourceTree = "<group>"; };
		D3F6CEA61CF44B1E0004FCBF /* UIFont+PreferredFontAdditions.swift */ = {isa = PBXFileReference; fileEncoding = 4; lastKnownFileType = sourcecode.swift; path = "UIFont+PreferredFontAdditions.swift"; sourceTree = "<group>"; };
		D3F6CEA81CF44B1E0004FCBF /* AES256CBC.swift */ = {isa = PBXFileReference; fileEncoding = 4; lastKnownFileType = sourcecode.swift; path = AES256CBC.swift; sourceTree = "<group>"; };
		D3F6CEAA1CF44B1E0004FCBF /* APIManager.swift */ = {isa = PBXFileReference; fileEncoding = 4; lastKnownFileType = sourcecode.swift; path = APIManager.swift; sourceTree = "<group>"; };
		D3F6CEAB1CF44B1E0004FCBF /* EncryptionManager.swift */ = {isa = PBXFileReference; fileEncoding = 4; lastKnownFileType = sourcecode.swift; path = EncryptionManager.swift; sourceTree = "<group>"; };
		D3F6CEAC1CF44B1E0004FCBF /* FileManager.swift */ = {isa = PBXFileReference; fileEncoding = 4; lastKnownFileType = sourcecode.swift; path = FileManager.swift; sourceTree = "<group>"; };
		D3F6CEAD1CF44B1E0004FCBF /* UserManager.swift */ = {isa = PBXFileReference; fileEncoding = 4; lastKnownFileType = sourcecode.swift; path = UserManager.swift; sourceTree = "<group>"; };
		D3F6CEAF1CF44B1E0004FCBF /* APIError.swift */ = {isa = PBXFileReference; fileEncoding = 4; lastKnownFileType = sourcecode.swift; path = APIError.swift; sourceTree = "<group>"; };
		D3F6CEB01CF44B1E0004FCBF /* Category.swift */ = {isa = PBXFileReference; fileEncoding = 4; lastKnownFileType = sourcecode.swift; path = Category.swift; sourceTree = "<group>"; };
		D3F6CEB11CF44B1E0004FCBF /* Emoticon.swift */ = {isa = PBXFileReference; fileEncoding = 4; lastKnownFileType = sourcecode.swift; path = Emoticon.swift; sourceTree = "<group>"; };
		D3F6CEB21CF44B1E0004FCBF /* Error.swift */ = {isa = PBXFileReference; fileEncoding = 4; lastKnownFileType = sourcecode.swift; path = Error.swift; sourceTree = "<group>"; };
		D3F6CEB31CF44B1E0004FCBF /* Image.swift */ = {isa = PBXFileReference; fileEncoding = 4; lastKnownFileType = sourcecode.swift; path = Image.swift; sourceTree = "<group>"; };
		D3F6CEB41CF44B1E0004FCBF /* ModelObject.swift */ = {isa = PBXFileReference; fileEncoding = 4; lastKnownFileType = sourcecode.swift; path = ModelObject.swift; sourceTree = "<group>"; };
		D3F6CEB51CF44B1E0004FCBF /* Newsletter.swift */ = {isa = PBXFileReference; fileEncoding = 4; lastKnownFileType = sourcecode.swift; path = Newsletter.swift; sourceTree = "<group>"; };
		D3F6CEB61CF44B1E0004FCBF /* Post.swift */ = {isa = PBXFileReference; fileEncoding = 4; lastKnownFileType = sourcecode.swift; path = Post.swift; sourceTree = "<group>"; };
		D3F6CEB71CF44B1E0004FCBF /* RegistrationError.swift */ = {isa = PBXFileReference; fileEncoding = 4; lastKnownFileType = sourcecode.swift; path = RegistrationError.swift; sourceTree = "<group>"; };
		D3F6CEB81CF44B1E0004FCBF /* Thread.swift */ = {isa = PBXFileReference; fileEncoding = 4; lastKnownFileType = sourcecode.swift; path = Thread.swift; sourceTree = "<group>"; };
		D3F6CEB91CF44B1E0004FCBF /* Topic.swift */ = {isa = PBXFileReference; fileEncoding = 4; lastKnownFileType = sourcecode.swift; path = Topic.swift; sourceTree = "<group>"; };
		D3F6CEBA1CF44B1E0004FCBF /* User.swift */ = {isa = PBXFileReference; fileEncoding = 4; lastKnownFileType = sourcecode.swift; path = User.swift; sourceTree = "<group>"; };
		D3F6CEBC1CF44B1E0004FCBF /* TalkFramework-Bridging-Header.h */ = {isa = PBXFileReference; fileEncoding = 4; lastKnownFileType = sourcecode.c.h; path = "TalkFramework-Bridging-Header.h"; sourceTree = "<group>"; };
		D3F6CEBE1CF44B1E0004FCBF /* GlobalFunctions.swift */ = {isa = PBXFileReference; fileEncoding = 4; lastKnownFileType = sourcecode.swift; path = GlobalFunctions.swift; sourceTree = "<group>"; };
		D3F6CEBF1CF44B1E0004FCBF /* MumsnetCustomError.swift */ = {isa = PBXFileReference; fileEncoding = 4; lastKnownFileType = sourcecode.swift; path = MumsnetCustomError.swift; sourceTree = "<group>"; };
		D3F6CF071CF4602F0004FCBF /* GoogleService-Info.plist */ = {isa = PBXFileReference; fileEncoding = 4; lastKnownFileType = text.plist.xml; name = "GoogleService-Info.plist"; path = "FireBase/GoogleService-Info.plist"; sourceTree = "<group>"; };
		D3F6CF091CF461A90004FCBF /* MessageUI.framework */ = {isa = PBXFileReference; lastKnownFileType = wrapper.framework; name = MessageUI.framework; path = System/Library/Frameworks/MessageUI.framework; sourceTree = SDKROOT; };
		D3F6CF0B1CF461B40004FCBF /* AddressBook.framework */ = {isa = PBXFileReference; lastKnownFileType = wrapper.framework; name = AddressBook.framework; path = System/Library/Frameworks/AddressBook.framework; sourceTree = SDKROOT; };
		D3F6CF0D1CF461C50004FCBF /* CoreTelephony.framework */ = {isa = PBXFileReference; lastKnownFileType = wrapper.framework; name = CoreTelephony.framework; path = System/Library/Frameworks/CoreTelephony.framework; sourceTree = SDKROOT; };
		D3F6CF0F1CF461ED0004FCBF /* libicucore.tbd */ = {isa = PBXFileReference; lastKnownFileType = "sourcecode.text-based-dylib-definition"; name = libicucore.tbd; path = usr/lib/libicucore.tbd; sourceTree = SDKROOT; };
		D3F6CF111CF461FD0004FCBF /* libc++.tbd */ = {isa = PBXFileReference; lastKnownFileType = "sourcecode.text-based-dylib-definition"; name = "libc++.tbd"; path = "usr/lib/libc++.tbd"; sourceTree = SDKROOT; };
		D3F6CF131CF4620E0004FCBF /* Security.framework */ = {isa = PBXFileReference; lastKnownFileType = wrapper.framework; name = Security.framework; path = System/Library/Frameworks/Security.framework; sourceTree = SDKROOT; };
		D3F6CF151CF462130004FCBF /* CFNetwork.framework */ = {isa = PBXFileReference; lastKnownFileType = wrapper.framework; name = CFNetwork.framework; path = System/Library/Frameworks/CFNetwork.framework; sourceTree = SDKROOT; };
		D3F6CF171CF462210004FCBF /* SystemConfiguration.framework */ = {isa = PBXFileReference; lastKnownFileType = wrapper.framework; name = SystemConfiguration.framework; path = System/Library/Frameworks/SystemConfiguration.framework; sourceTree = SDKROOT; };
		D3F6CF191CF462730004FCBF /* CoreBluetooth.framework */ = {isa = PBXFileReference; lastKnownFileType = wrapper.framework; name = CoreBluetooth.framework; path = System/Library/Frameworks/CoreBluetooth.framework; sourceTree = SDKROOT; };
		D3F6CF1B1CF462E30004FCBF /* libz.tbd */ = {isa = PBXFileReference; lastKnownFileType = "sourcecode.text-based-dylib-definition"; name = libz.tbd; path = usr/lib/libz.tbd; sourceTree = SDKROOT; };
		D3F6CF1D1CF463110004FCBF /* libsqlite3.0.tbd */ = {isa = PBXFileReference; lastKnownFileType = "sourcecode.text-based-dylib-definition"; name = libsqlite3.0.tbd; path = usr/lib/libsqlite3.0.tbd; sourceTree = SDKROOT; };
/* End PBXFileReference section */

/* Begin PBXFrameworksBuildPhase section */
		D3F2C9781CAAE2BD003FA520 /* Frameworks */ = {
			isa = PBXFrameworksBuildPhase;
			buildActionMask = 2147483647;
			files = (
				D3F6CF1E1CF463110004FCBF /* libsqlite3.0.tbd in Frameworks */,
				D3F6CF1C1CF462E30004FCBF /* libz.tbd in Frameworks */,
				D3F6CF1A1CF462730004FCBF /* CoreBluetooth.framework in Frameworks */,
				D3F6CF181CF462210004FCBF /* SystemConfiguration.framework in Frameworks */,
				D3F6CF161CF462130004FCBF /* CFNetwork.framework in Frameworks */,
				D3F6CF141CF4620E0004FCBF /* Security.framework in Frameworks */,
				D3F6CF121CF461FD0004FCBF /* libc++.tbd in Frameworks */,
				D3F6CF101CF461ED0004FCBF /* libicucore.tbd in Frameworks */,
				D3F6CF0E1CF461C50004FCBF /* CoreTelephony.framework in Frameworks */,
				D3F6CF0C1CF461B40004FCBF /* AddressBook.framework in Frameworks */,
				D3F6CF0A1CF461A90004FCBF /* MessageUI.framework in Frameworks */,
				D3F6CDAC1CF4442D0004FCBF /* GoogleInterchangeUtilities.framework in Frameworks */,
				D3F6CDAD1CF4442D0004FCBF /* GoogleSymbolUtilities.framework in Frameworks */,
				D33D66CC1CABCDF300364C53 /* UIKit.framework in Frameworks */,
				D33D66CA1CABCB1100364C53 /* Foundation.framework in Frameworks */,
				D3F6CDAB1CF4442D0004FCBF /* FirebaseInstanceID.framework in Frameworks */,
				D37A9A491CB69BBB0002C4F0 /* Alamofire.framework in Frameworks */,
				D3F6CDC91CF4442E0004FCBF /* FirebaseMessaging.framework in Frameworks */,
				D3F6CDAA1CF4442D0004FCBF /* FirebaseAnalytics.framework in Frameworks */,
				D3A6C6E31CBCF5D000A249E9 /* Chatto.framework in Frameworks */,
				D3A6C6DF1CBCF5D000A249E9 /* ChattoAdditions.framework in Frameworks */,
				D3F6CDAE1CF4442D0004FCBF /* GoogleUtilities.framework in Frameworks */,
				D3F6CDCA1CF4442E0004FCBF /* GoogleIPhoneUtilities.framework in Frameworks */,
			);
			runOnlyForDeploymentPostprocessing = 0;
		};
/* End PBXFrameworksBuildPhase section */

/* Begin PBXGroup section */
		D303EF891CAD71D80006130D /* Sending status */ = {
			isa = PBXGroup;
			children = (
				D303EF8A1CAD71D80006130D /* SendingStatusCollectionViewCell.swift */,
				D303EF8B1CAD71D80006130D /* SendingStatusCollectionViewCell.xib */,
				D303EF8C1CAD71D80006130D /* SendingStatusPresenter.swift */,
			);
			name = "Sending status";
			path = "ChatDetail/Sending status";
			sourceTree = "<group>";
		};
		D33D66CE1CABDCD200364C53 /* ChatList */ = {
			isa = PBXGroup;
			children = (
				D33D66D01CABDD1100364C53 /* ChatListCell.swift */,
				D33D66D21CABE00B00364C53 /* ChatListViewController.swift */,
			);
			name = ChatList;
			sourceTree = "<group>";
		};
		D33D66CF1CABDCE100364C53 /* ChatDetail */ = {
			isa = PBXGroup;
			children = (
				D33D66D41CABEFD100364C53 /* ChatDetailViewController.swift */,
				D33D67011CAC09FE00364C53 /* ChatDataSource.swift */,
				D33D67031CAC2CF400364C53 /* UserActionHandler.swift */,
				D303EF811CAD70620006130D /* ChatItemsDecorator.swift */,
				D303EF851CAD71640006130D /* SlidingDatasSource.swift */,
				D303EF891CAD71D80006130D /* Sending status */,
			);
			name = ChatDetail;
			sourceTree = "<group>";
		};
		D33E4E1F1CB81417005ED0AC /* Misc */ = {
			isa = PBXGroup;
			children = (
				D33E4E151CB8102C005ED0AC /* ReadableDate.swift */,
				D37A9A4D1CB69CFB0002C4F0 /* Extenstions.swift */,
			);
			name = Misc;
			sourceTree = "<group>";
		};
		D372053C1CB3A8AB00BC59C6 /* Login */ = {
			isa = PBXGroup;
			children = (
				D37205451CB3A8CA00BC59C6 /* LoginViewController.swift */,
			);
			name = Login;
			sourceTree = "<group>";
		};
		D37A9A321CB69BB30002C4F0 /* Products */ = {
			isa = PBXGroup;
			children = (
				D37A9A3C1CB69BB30002C4F0 /* Alamofire.framework */,
				D37A9A3E1CB69BB30002C4F0 /* Alamofire iOS Tests.xctest */,
				D37A9A401CB69BB30002C4F0 /* Alamofire.framework */,
				D37A9A421CB69BB30002C4F0 /* Alamofire OSX Tests.xctest */,
				D37A9A441CB69BB30002C4F0 /* Alamofire.framework */,
				D37A9A461CB69BB30002C4F0 /* Alamofire tvOS Tests.xctest */,
				D37A9A481CB69BB30002C4F0 /* Alamofire.framework */,
			);
			name = Products;
			sourceTree = "<group>";
		};
		D3A6C6CE1CBCF5B700A249E9 /* Products */ = {
			isa = PBXGroup;
			children = (
				D3A6C6D31CBCF5B700A249E9 /* Chatto.framework */,
				D3A6C6D51CBCF5B700A249E9 /* ChattoTests.xctest */,
			);
			name = Products;
			sourceTree = "<group>";
		};
		D3A6C6D71CBCF5C400A249E9 /* Products */ = {
			isa = PBXGroup;
			children = (
				D3A6C6DC1CBCF5C400A249E9 /* ChattoAdditions.framework */,
				D3A6C6DE1CBCF5C400A249E9 /* ChattoAdditionsTests.xctest */,
			);
			name = Products;
			sourceTree = "<group>";
		};
		D3A6C6E81CBD345F00A249E9 /* Chat */ = {
			isa = PBXGroup;
			children = (
				D3A6C6E91CBD345F00A249E9 /* APIManager+Chat.swift */,
				D3A6C6EA1CBD345F00A249E9 /* ChatCache.swift */,
				D3A6C6EB1CBD345F00A249E9 /* MumsnetChat.swift */,
				D3A6C6EC1CBD345F00A249E9 /* MumsnetChatMessage.swift */,
			);
			path = Chat;
			sourceTree = "<group>";
		};
		D3F2C9721CAAE2BD003FA520 = {
			isa = PBXGroup;
			children = (
				D3F2C97D1CAAE2BE003FA520 /* MumsnetChat */,
				D3F2C9901CAAE387003FA520 /* Frameworks */,
				D3F2C97C1CAAE2BD003FA520 /* Products */,
			);
			sourceTree = "<group>";
		};
		D3F2C97C1CAAE2BD003FA520 /* Products */ = {
			isa = PBXGroup;
			children = (
				D3F2C97B1CAAE2BD003FA520 /* Chat.app */,
			);
			name = Products;
			sourceTree = "<group>";
		};
		D3F2C97D1CAAE2BE003FA520 /* MumsnetChat */ = {
			isa = PBXGroup;
			children = (
				D3A6C6E81CBD345F00A249E9 /* Chat */,
				D372053C1CB3A8AB00BC59C6 /* Login */,
				D33D66CF1CABDCE100364C53 /* ChatDetail */,
				D33D66CE1CABDCD200364C53 /* ChatList */,
				D33E4E1F1CB81417005ED0AC /* Misc */,
				D3F2C97E1CAAE2BE003FA520 /* AppDelegate.swift */,
				D3F2C9801CAAE2BE003FA520 /* ViewController.swift */,
				D3F2C9821CAAE2BE003FA520 /* Main.storyboard */,
				D3F2C9851CAAE2BE003FA520 /* Assets.xcassets */,
				D3F2C9871CAAE2BE003FA520 /* LaunchScreen.storyboard */,
				D3F2C98A1CAAE2BE003FA520 /* Info.plist */,
				D33D66CD1CABDA9E00364C53 /* MumsnetChat-Bridging-Header.h */,
			);
			path = MumsnetChat;
			sourceTree = "<group>";
		};
		D3F2C9901CAAE387003FA520 /* Frameworks */ = {
			isa = PBXGroup;
			children = (
				D3F6CF1D1CF463110004FCBF /* libsqlite3.0.tbd */,
				D3F6CF1B1CF462E30004FCBF /* libz.tbd */,
				D3F6CF191CF462730004FCBF /* CoreBluetooth.framework */,
				D3F6CF171CF462210004FCBF /* SystemConfiguration.framework */,
				D3F6CF151CF462130004FCBF /* CFNetwork.framework */,
				D3F6CF131CF4620E0004FCBF /* Security.framework */,
				D3F6CF111CF461FD0004FCBF /* libc++.tbd */,
				D3F6CF0F1CF461ED0004FCBF /* libicucore.tbd */,
				D3F6CF0D1CF461C50004FCBF /* CoreTelephony.framework */,
				D3F6CF0B1CF461B40004FCBF /* AddressBook.framework */,
				D3F6CF091CF461A90004FCBF /* MessageUI.framework */,
				D3F6CDD81CF44A170004FCBF /* TalkFramework */,
				D3F6CD701CF443390004FCBF /* FireBase */,
				D3A6C6D61CBCF5C400A249E9 /* ChattoAdditions.xcodeproj */,
				D3A6C6CD1CBCF5B700A249E9 /* Chatto.xcodeproj */,
				D33D66AC1CABCA2900364C53 /* Alamofire.xcodeproj */,
				D33D66CB1CABCDF300364C53 /* UIKit.framework */,
				D33D66C91CABCB1100364C53 /* Foundation.framework */,
			);
			path = Frameworks;
			sourceTree = "<group>";
		};
		D3F6CD701CF443390004FCBF /* FireBase */ = {
			isa = PBXGroup;
			children = (
				D3F6CF071CF4602F0004FCBF /* GoogleService-Info.plist */,
				D3F6CD731CF4442D0004FCBF /* Analytics */,
				D3F6CD8F1CF4442D0004FCBF /* Firebase.h */,
				D3F6CD9D1CF4442D0004FCBF /* Messaging */,
				D3F6CDA01CF4442D0004FCBF /* module.modulemap */,
				D3F6CDA11CF4442D0004FCBF /* NOTICES */,
				D3F6CDA21CF4442D0004FCBF /* README.md */,
			);
			name = FireBase;
			sourceTree = "<group>";
		};
		D3F6CD731CF4442D0004FCBF /* Analytics */ = {
			isa = PBXGroup;
			children = (
				D3F6CD741CF4442D0004FCBF /* FirebaseAnalytics.framework */,
				D3F6CD751CF4442D0004FCBF /* FirebaseInstanceID.framework */,
				D3F6CD761CF4442D0004FCBF /* GoogleInterchangeUtilities.framework */,
				D3F6CD771CF4442D0004FCBF /* GoogleSymbolUtilities.framework */,
				D3F6CD781CF4442D0004FCBF /* GoogleUtilities.framework */,
			);
			name = Analytics;
			path = FireBase/Analytics;
			sourceTree = "<group>";
		};
		D3F6CD9D1CF4442D0004FCBF /* Messaging */ = {
			isa = PBXGroup;
			children = (
				D3F6CD9E1CF4442D0004FCBF /* FirebaseMessaging.framework */,
				D3F6CD9F1CF4442D0004FCBF /* GoogleIPhoneUtilities.framework */,
			);
			name = Messaging;
			path = FireBase/Messaging;
			sourceTree = "<group>";
		};
		D3F6CDD81CF44A170004FCBF /* TalkFramework */ = {
			isa = PBXGroup;
			children = (
				D3F6CE6F1CF44B1E0004FCBF /* API */,
			);
			name = TalkFramework;
			sourceTree = "<group>";
		};
		D3F6CE6F1CF44B1E0004FCBF /* API */ = {
			isa = PBXGroup;
			children = (
				D3F6CE701CF44B1E0004FCBF /* API Wrapper */,
				D3F6CE811CF44B1E0004FCBF /* Assets */,
				D3F6CE871CF44B1E0004FCBF /* Constants */,
				D3F6CE901CF44B1E0004FCBF /* Extensions */,
				D3F6CEA71CF44B1E0004FCBF /* Frameworks */,
				D3F6CEA91CF44B1E0004FCBF /* Managers */,
				D3F6CEAE1CF44B1E0004FCBF /* Model classes */,
				D3F6CEBB1CF44B1E0004FCBF /* Supporting Files */,
				D3F6CEBD1CF44B1E0004FCBF /* Utilities */,
			);
			name = API;
			path = ../../../../TalkFramework/TalkFramework/API;
			sourceTree = "<group>";
		};
		D3F6CE701CF44B1E0004FCBF /* API Wrapper */ = {
			isa = PBXGroup;
			children = (
				D3F6CE711CF44B1E0004FCBF /* APIRequest.swift */,
				D3F6CE721CF44B1E0004FCBF /* BookmarkedPaginatedAPIRequest.swift */,
				D3F6CE731CF44B1E0004FCBF /* EmoticonImageDownloader.swift */,
				D3F6CE741CF44B1E0004FCBF /* MumsnetData.swift */,
				D3F6CE751CF44B1E0004FCBF /* MumsnetDataCreate.swift */,
				D3F6CE761CF44B1E0004FCBF /* MumsnetDataDelete.swift */,
				D3F6CE771CF44B1E0004FCBF /* MumsnetPaginatedData.swift */,
				D3F6CE781CF44B1E0004FCBF /* PaginatedAPIRequest.swift */,
				D3F6CE791CF44B1E0004FCBF /* Protocols */,
				D3F6CE7F1CF44B1E0004FCBF /* Registration.swift */,
				D3F6CE801CF44B1E0004FCBF /* TalkCache.swift */,
			);
			path = "API Wrapper";
			sourceTree = "<group>";
		};
		D3F6CE791CF44B1E0004FCBF /* Protocols */ = {
			isa = PBXGroup;
			children = (
				D3F6CE7A1CF44B1E0004FCBF /* MumsnetDataCreating.swift */,
				D3F6CE7B1CF44B1E0004FCBF /* MumsnetDataDeleting.swift */,
				D3F6CE7C1CF44B1E0004FCBF /* MumsnetDataFlipping.swift */,
				D3F6CE7D1CF44B1E0004FCBF /* MumsnetDataPaginating.swift */,
				D3F6CE7E1CF44B1E0004FCBF /* MumsnetModelObjectLoading.swift */,
			);
			path = Protocols;
			sourceTree = "<group>";
		};
		D3F6CE811CF44B1E0004FCBF /* Assets */ = {
			isa = PBXGroup;
			children = (
				D3F6CE821CF44B1E0004FCBF /* closeQuote@2x.png */,
				D3F6CE831CF44B1E0004FCBF /* closeQuote@3x.png */,
				D3F6CE841CF44B1E0004FCBF /* icomoon.ttf */,
				D3F6CE851CF44B1E0004FCBF /* openQuote@2x.png */,
				D3F6CE861CF44B1E0004FCBF /* openQuote@3x.png */,
			);
			path = Assets;
			sourceTree = "<group>";
		};
		D3F6CE871CF44B1E0004FCBF /* Constants */ = {
			isa = PBXGroup;
			children = (
				D3F6CE881CF44B1E0004FCBF /* APIConstants.swift */,
				D3F6CE891CF44B1E0004FCBF /* ConfigurationConstants.swift */,
				D3F6CE8A1CF44B1E0004FCBF /* ErrorConstants.swift */,
				D3F6CE8B1CF44B1E0004FCBF /* Fonts.swift */,
				D3F6CE8C1CF44B1E0004FCBF /* JSONConstants.swift */,
				D3F6CE8D1CF44B1E0004FCBF /* Notifications.swift */,
				D3F6CE8E1CF44B1E0004FCBF /* RegularExpressions.swift */,
				D3F6CE8F1CF44B1E0004FCBF /* UserDefaultsConstants.swift */,
			);
			path = Constants;
			sourceTree = "<group>";
		};
		D3F6CE901CF44B1E0004FCBF /* Extensions */ = {
			isa = PBXGroup;
			children = (
				D3F6CE911CF44B1E0004FCBF /* AFDateExtension.swift */,
				D3F6CE921CF44B1E0004FCBF /* Array+MumsnetModelObject.swift */,
				D3F6CE931CF44B1E0004FCBF /* NSAttributedString+MumsnetMarkdown.swift */,
				D3F6CE941CF44B1E0004FCBF /* NSData+MumsnetAdditions.swift */,
				D3F6CE951CF44B1E0004FCBF /* NSDate+TimeChecking.swift */,
				D3F6CE961CF44B1E0004FCBF /* NSDateFormatter+ISO8601.swift */,
				D3F6CE971CF44B1E0004FCBF /* NSFileManager+DirectoryCreation.swift */,
				D3F6CE981CF44B1E0004FCBF /* NSJSONSerialization+FallbackEncoding.swift */,
				D3F6CE991CF44B1E0004FCBF /* NSMutableString+Regex.swift */,
				D3F6CE9A1CF44B1E0004FCBF /* NSNotificationCenter+MumsnetNotifications.swift */,
				D3F6CE9B1CF44B1E0004FCBF /* NSURL+MumsnetURLParsing.swift */,
				D3F6CE9C1CF44B1E0004FCBF /* NSURLConnection+JSON.swift */,
				D3F6CE9D1CF44B1E0004FCBF /* NSURLRequest+MumsnetDefaults.swift */,
				D3F6CE9E1CF44B1E0004FCBF /* NSURLSession+JSON.swift */,
				D3F6CE9F1CF44B1E0004FCBF /* NSURLSessionConfiguration+MumsnetDefaults.swift */,
				D3F6CEA01CF44B1E0004FCBF /* NSUserDefaults+MumsnetPreferences.swift */,
				D3F6CEA11CF44B1E0004FCBF /* String+MumsnetMarkdown.swift */,
				D3F6CEA21CF44B1E0004FCBF /* String+Trimming.swift */,
				D3F6CEA31CF44B1E0004FCBF /* String+URLEncoding.swift */,
				D3F6CEA41CF44B1E0004FCBF /* String+Validation.swift */,
				D3F6CEA51CF44B1E0004FCBF /* String+YouTube.swift */,
				D3F6CEA61CF44B1E0004FCBF /* UIFont+PreferredFontAdditions.swift */,
			);
			path = Extensions;
			sourceTree = "<group>";
		};
		D3F6CEA71CF44B1E0004FCBF /* Frameworks */ = {
			isa = PBXGroup;
			children = (
				D3F6CEA81CF44B1E0004FCBF /* AES256CBC.swift */,
			);
			path = Frameworks;
			sourceTree = "<group>";
		};
		D3F6CEA91CF44B1E0004FCBF /* Managers */ = {
			isa = PBXGroup;
			children = (
				D3F6CEAA1CF44B1E0004FCBF /* APIManager.swift */,
				D3F6CEAB1CF44B1E0004FCBF /* EncryptionManager.swift */,
				D3F6CEAC1CF44B1E0004FCBF /* FileManager.swift */,
				D3F6CEAD1CF44B1E0004FCBF /* UserManager.swift */,
			);
			path = Managers;
			sourceTree = "<group>";
		};
		D3F6CEAE1CF44B1E0004FCBF /* Model classes */ = {
			isa = PBXGroup;
			children = (
				D3F6CEAF1CF44B1E0004FCBF /* APIError.swift */,
				D3F6CEB01CF44B1E0004FCBF /* Category.swift */,
				D3F6CEB11CF44B1E0004FCBF /* Emoticon.swift */,
				D3F6CEB21CF44B1E0004FCBF /* Error.swift */,
				D3F6CEB31CF44B1E0004FCBF /* Image.swift */,
				D3F6CEB41CF44B1E0004FCBF /* ModelObject.swift */,
				D3F6CEB51CF44B1E0004FCBF /* Newsletter.swift */,
				D3F6CEB61CF44B1E0004FCBF /* Post.swift */,
				D3F6CEB71CF44B1E0004FCBF /* RegistrationError.swift */,
				D3F6CEB81CF44B1E0004FCBF /* Thread.swift */,
				D3F6CEB91CF44B1E0004FCBF /* Topic.swift */,
				D3F6CEBA1CF44B1E0004FCBF /* User.swift */,
			);
			path = "Model classes";
			sourceTree = "<group>";
		};
		D3F6CEBB1CF44B1E0004FCBF /* Supporting Files */ = {
			isa = PBXGroup;
			children = (
				D3F6CEBC1CF44B1E0004FCBF /* TalkFramework-Bridging-Header.h */,
			);
			path = "Supporting Files";
			sourceTree = "<group>";
		};
		D3F6CEBD1CF44B1E0004FCBF /* Utilities */ = {
			isa = PBXGroup;
			children = (
				D3F6CEBE1CF44B1E0004FCBF /* GlobalFunctions.swift */,
				D3F6CEBF1CF44B1E0004FCBF /* MumsnetCustomError.swift */,
			);
			path = Utilities;
			sourceTree = "<group>";
		};
/* End PBXGroup section */

/* Begin PBXNativeTarget section */
		D3F2C97A1CAAE2BD003FA520 /* MumsnetChat */ = {
			isa = PBXNativeTarget;
			buildConfigurationList = D3F2C98D1CAAE2BE003FA520 /* Build configuration list for PBXNativeTarget "MumsnetChat" */;
			buildPhases = (
				D3F2C9771CAAE2BD003FA520 /* Sources */,
				D3F2C9781CAAE2BD003FA520 /* Frameworks */,
				D3F2C9791CAAE2BD003FA520 /* Resources */,
				D3F2CA7B1CAAE46C003FA520 /* Embed Frameworks */,
			);
			buildRules = (
			);
			dependencies = (
				D37A9A4C1CB69BBB0002C4F0 /* PBXTargetDependency */,
				D3A6C6E21CBCF5D000A249E9 /* PBXTargetDependency */,
				D3A6C6E61CBCF5D000A249E9 /* PBXTargetDependency */,
			);
			name = MumsnetChat;
			productName = MumsnetChat;
			productReference = D3F2C97B1CAAE2BD003FA520 /* Chat.app */;
			productType = "com.apple.product-type.application";
		};
/* End PBXNativeTarget section */

/* Begin PBXProject section */
		D3F2C9731CAAE2BD003FA520 /* Project object */ = {
			isa = PBXProject;
			attributes = {
				LastSwiftUpdateCheck = 0730;
				LastUpgradeCheck = 0730;
				ORGANIZATIONNAME = MumsnetChat;
				TargetAttributes = {
					D3F2C97A1CAAE2BD003FA520 = {
						CreatedOnToolsVersion = 7.3;
						DevelopmentTeam = UWVD8L9F2D;
					};
				};
			};
			buildConfigurationList = D3F2C9761CAAE2BD003FA520 /* Build configuration list for PBXProject "MumsnetChat" */;
			compatibilityVersion = "Xcode 3.2";
			developmentRegion = English;
			hasScannedForEncodings = 0;
			knownRegions = (
				en,
				Base,
			);
			mainGroup = D3F2C9721CAAE2BD003FA520;
			productRefGroup = D3F2C97C1CAAE2BD003FA520 /* Products */;
			projectDirPath = "";
			projectReferences = (
				{
					ProductGroup = D37A9A321CB69BB30002C4F0 /* Products */;
					ProjectRef = D33D66AC1CABCA2900364C53 /* Alamofire.xcodeproj */;
				},
				{
					ProductGroup = D3A6C6CE1CBCF5B700A249E9 /* Products */;
					ProjectRef = D3A6C6CD1CBCF5B700A249E9 /* Chatto.xcodeproj */;
				},
				{
					ProductGroup = D3A6C6D71CBCF5C400A249E9 /* Products */;
					ProjectRef = D3A6C6D61CBCF5C400A249E9 /* ChattoAdditions.xcodeproj */;
				},
			);
			projectRoot = "";
			targets = (
				D3F2C97A1CAAE2BD003FA520 /* MumsnetChat */,
			);
		};
/* End PBXProject section */

/* Begin PBXReferenceProxy section */
		D37A9A3C1CB69BB30002C4F0 /* Alamofire.framework */ = {
			isa = PBXReferenceProxy;
			fileType = wrapper.framework;
			path = Alamofire.framework;
			remoteRef = D37A9A3B1CB69BB30002C4F0 /* PBXContainerItemProxy */;
			sourceTree = BUILT_PRODUCTS_DIR;
		};
		D37A9A3E1CB69BB30002C4F0 /* Alamofire iOS Tests.xctest */ = {
			isa = PBXReferenceProxy;
			fileType = wrapper.cfbundle;
			path = "Alamofire iOS Tests.xctest";
			remoteRef = D37A9A3D1CB69BB30002C4F0 /* PBXContainerItemProxy */;
			sourceTree = BUILT_PRODUCTS_DIR;
		};
		D37A9A401CB69BB30002C4F0 /* Alamofire.framework */ = {
			isa = PBXReferenceProxy;
			fileType = wrapper.framework;
			path = Alamofire.framework;
			remoteRef = D37A9A3F1CB69BB30002C4F0 /* PBXContainerItemProxy */;
			sourceTree = BUILT_PRODUCTS_DIR;
		};
		D37A9A421CB69BB30002C4F0 /* Alamofire OSX Tests.xctest */ = {
			isa = PBXReferenceProxy;
			fileType = wrapper.cfbundle;
			path = "Alamofire OSX Tests.xctest";
			remoteRef = D37A9A411CB69BB30002C4F0 /* PBXContainerItemProxy */;
			sourceTree = BUILT_PRODUCTS_DIR;
		};
		D37A9A441CB69BB30002C4F0 /* Alamofire.framework */ = {
			isa = PBXReferenceProxy;
			fileType = wrapper.framework;
			path = Alamofire.framework;
			remoteRef = D37A9A431CB69BB30002C4F0 /* PBXContainerItemProxy */;
			sourceTree = BUILT_PRODUCTS_DIR;
		};
		D37A9A461CB69BB30002C4F0 /* Alamofire tvOS Tests.xctest */ = {
			isa = PBXReferenceProxy;
			fileType = wrapper.cfbundle;
			path = "Alamofire tvOS Tests.xctest";
			remoteRef = D37A9A451CB69BB30002C4F0 /* PBXContainerItemProxy */;
			sourceTree = BUILT_PRODUCTS_DIR;
		};
		D37A9A481CB69BB30002C4F0 /* Alamofire.framework */ = {
			isa = PBXReferenceProxy;
			fileType = wrapper.framework;
			path = Alamofire.framework;
			remoteRef = D37A9A471CB69BB30002C4F0 /* PBXContainerItemProxy */;
			sourceTree = BUILT_PRODUCTS_DIR;
		};
		D3A6C6D31CBCF5B700A249E9 /* Chatto.framework */ = {
			isa = PBXReferenceProxy;
			fileType = wrapper.framework;
			path = Chatto.framework;
			remoteRef = D3A6C6D21CBCF5B700A249E9 /* PBXContainerItemProxy */;
			sourceTree = BUILT_PRODUCTS_DIR;
		};
		D3A6C6D51CBCF5B700A249E9 /* ChattoTests.xctest */ = {
			isa = PBXReferenceProxy;
			fileType = wrapper.cfbundle;
			path = ChattoTests.xctest;
			remoteRef = D3A6C6D41CBCF5B700A249E9 /* PBXContainerItemProxy */;
			sourceTree = BUILT_PRODUCTS_DIR;
		};
		D3A6C6DC1CBCF5C400A249E9 /* ChattoAdditions.framework */ = {
			isa = PBXReferenceProxy;
			fileType = wrapper.framework;
			path = ChattoAdditions.framework;
			remoteRef = D3A6C6DB1CBCF5C400A249E9 /* PBXContainerItemProxy */;
			sourceTree = BUILT_PRODUCTS_DIR;
		};
		D3A6C6DE1CBCF5C400A249E9 /* ChattoAdditionsTests.xctest */ = {
			isa = PBXReferenceProxy;
			fileType = wrapper.cfbundle;
			path = ChattoAdditionsTests.xctest;
			remoteRef = D3A6C6DD1CBCF5C400A249E9 /* PBXContainerItemProxy */;
			sourceTree = BUILT_PRODUCTS_DIR;
		};
/* End PBXReferenceProxy section */

/* Begin PBXResourcesBuildPhase section */
		D3F2C9791CAAE2BD003FA520 /* Resources */ = {
			isa = PBXResourcesBuildPhase;
			buildActionMask = 2147483647;
			files = (
				D3F6CED11CF44B1E0004FCBF /* icomoon.ttf in Resources */,
				D3F6CECF1CF44B1E0004FCBF /* closeQuote@2x.png in Resources */,
				D3F2C9891CAAE2BE003FA520 /* LaunchScreen.storyboard in Resources */,
				D3F2C9861CAAE2BE003FA520 /* Assets.xcassets in Resources */,
				D3F6CED01CF44B1E0004FCBF /* closeQuote@3x.png in Resources */,
				D3F6CED21CF44B1E0004FCBF /* openQuote@2x.png in Resources */,
				D303EF8E1CAD71D80006130D /* SendingStatusCollectionViewCell.xib in Resources */,
				D3F6CDCB1CF4442E0004FCBF /* NOTICES in Resources */,
				D3F6CF081CF4602F0004FCBF /* GoogleService-Info.plist in Resources */,
				D3F6CED31CF44B1E0004FCBF /* openQuote@3x.png in Resources */,
				D3F2C9841CAAE2BE003FA520 /* Main.storyboard in Resources */,
			);
			runOnlyForDeploymentPostprocessing = 0;
		};
/* End PBXResourcesBuildPhase section */

/* Begin PBXSourcesBuildPhase section */
		D3F2C9771CAAE2BD003FA520 /* Sources */ = {
			isa = PBXSourcesBuildPhase;
			buildActionMask = 2147483647;
			files = (
				D3F6CED91CF44B1E0004FCBF /* Notifications.swift in Sources */,
				D33D66D31CABE00B00364C53 /* ChatListViewController.swift in Sources */,
				D3F6CEDF1CF44B1F0004FCBF /* NSData+MumsnetAdditions.swift in Sources */,
				D3F6CED41CF44B1E0004FCBF /* APIConstants.swift in Sources */,
				D3F6CEEB1CF44B1F0004FCBF /* NSUserDefaults+MumsnetPreferences.swift in Sources */,
				D3F6CEEE1CF44B1F0004FCBF /* String+URLEncoding.swift in Sources */,
				D3F6CECD1CF44B1E0004FCBF /* Registration.swift in Sources */,
				D3F6CEE21CF44B1F0004FCBF /* NSFileManager+DirectoryCreation.swift in Sources */,
				D3A6C6ED1CBD345F00A249E9 /* APIManager+Chat.swift in Sources */,
				D3F2C9811CAAE2BE003FA520 /* ViewController.swift in Sources */,
				D3F6CEC71CF44B1E0004FCBF /* PaginatedAPIRequest.swift in Sources */,
				D3F6CEFF1CF44B1F0004FCBF /* RegistrationError.swift in Sources */,
				D3F6CEF11CF44B1F0004FCBF /* UIFont+PreferredFontAdditions.swift in Sources */,
				D3F6CEFE1CF44B1F0004FCBF /* Post.swift in Sources */,
				D3F6CEFA1CF44B1F0004FCBF /* Error.swift in Sources */,
				D3F6CEE51CF44B1F0004FCBF /* NSNotificationCenter+MumsnetNotifications.swift in Sources */,
				D3F6CEF71CF44B1F0004FCBF /* APIError.swift in Sources */,
				D3F6CECA1CF44B1E0004FCBF /* MumsnetDataFlipping.swift in Sources */,
				D3F6CF041CF44B1F0004FCBF /* MumsnetCustomError.swift in Sources */,
				D3A6C6F01CBD345F00A249E9 /* MumsnetChatMessage.swift in Sources */,
				D3A6C6EF1CBD345F00A249E9 /* MumsnetChat.swift in Sources */,
				D303EF861CAD71640006130D /* SlidingDatasSource.swift in Sources */,
				D3F6CF011CF44B1F0004FCBF /* Topic.swift in Sources */,
				D3F6CEF21CF44B1F0004FCBF /* AES256CBC.swift in Sources */,
				D33D67021CAC09FE00364C53 /* ChatDataSource.swift in Sources */,
				D3F6CECE1CF44B1E0004FCBF /* TalkCache.swift in Sources */,
				D3F6CEE41CF44B1F0004FCBF /* NSMutableString+Regex.swift in Sources */,
				D3F6CECC1CF44B1E0004FCBF /* MumsnetModelObjectLoading.swift in Sources */,
				D3F6CEC31CF44B1E0004FCBF /* MumsnetData.swift in Sources */,
				D3F6CEE11CF44B1F0004FCBF /* NSDateFormatter+ISO8601.swift in Sources */,
				D303EF8D1CAD71D80006130D /* SendingStatusCollectionViewCell.swift in Sources */,
				D303EF8F1CAD71D80006130D /* SendingStatusPresenter.swift in Sources */,
				D3F6CED61CF44B1E0004FCBF /* ErrorConstants.swift in Sources */,
				D3F6CEE91CF44B1F0004FCBF /* NSURLSession+JSON.swift in Sources */,
				D3F6CEC91CF44B1E0004FCBF /* MumsnetDataDeleting.swift in Sources */,
				D3F6CEFB1CF44B1F0004FCBF /* Image.swift in Sources */,
				D37205461CB3A8CA00BC59C6 /* LoginViewController.swift in Sources */,
				D3F6CF031CF44B1F0004FCBF /* GlobalFunctions.swift in Sources */,
				D3F6CEF91CF44B1F0004FCBF /* Emoticon.swift in Sources */,
				D3F6CEF61CF44B1F0004FCBF /* UserManager.swift in Sources */,
				D33D66D51CABEFD100364C53 /* ChatDetailViewController.swift in Sources */,
				D33D67041CAC2CF400364C53 /* UserActionHandler.swift in Sources */,
				D3F6CEF81CF44B1F0004FCBF /* Category.swift in Sources */,
				D3F6CEDC1CF44B1F0004FCBF /* AFDateExtension.swift in Sources */,
				D3F6CED51CF44B1E0004FCBF /* ConfigurationConstants.swift in Sources */,
				D3F6CEFD1CF44B1F0004FCBF /* Newsletter.swift in Sources */,
				D3F6CEDD1CF44B1F0004FCBF /* Array+MumsnetModelObject.swift in Sources */,
				D3F6CDCC1CF4442E0004FCBF /* README.md in Sources */,
				D3F6CEDA1CF44B1F0004FCBF /* RegularExpressions.swift in Sources */,
				D3F6CEF01CF44B1F0004FCBF /* String+YouTube.swift in Sources */,
				D3F6CEC11CF44B1E0004FCBF /* BookmarkedPaginatedAPIRequest.swift in Sources */,
				D3F6CEC81CF44B1E0004FCBF /* MumsnetDataCreating.swift in Sources */,
				D3F6CEC51CF44B1E0004FCBF /* MumsnetDataDelete.swift in Sources */,
				D3F6CEEC1CF44B1F0004FCBF /* String+MumsnetMarkdown.swift in Sources */,
				D3F6CEC21CF44B1E0004FCBF /* EmoticonImageDownloader.swift in Sources */,
				D3F6CEC61CF44B1E0004FCBF /* MumsnetPaginatedData.swift in Sources */,
				D3F6CEE61CF44B1F0004FCBF /* NSURL+MumsnetURLParsing.swift in Sources */,
				D3F6CEF41CF44B1F0004FCBF /* EncryptionManager.swift in Sources */,
				D37A9A4E1CB69CFB0002C4F0 /* Extenstions.swift in Sources */,
				D3F6CEE01CF44B1F0004FCBF /* NSDate+TimeChecking.swift in Sources */,
				D3F6CECB1CF44B1E0004FCBF /* MumsnetDataPaginating.swift in Sources */,
				D3F6CF021CF44B1F0004FCBF /* User.swift in Sources */,
				D3F6CEF31CF44B1F0004FCBF /* APIManager.swift in Sources */,
				D3F6CEC41CF44B1E0004FCBF /* MumsnetDataCreate.swift in Sources */,
				D3F6CEF51CF44B1F0004FCBF /* FileManager.swift in Sources */,
				D3F6CEFC1CF44B1F0004FCBF /* ModelObject.swift in Sources */,
				D3A6C6EE1CBD345F00A249E9 /* ChatCache.swift in Sources */,
				D303EF821CAD70620006130D /* ChatItemsDecorator.swift in Sources */,
				D3F6CF001CF44B1F0004FCBF /* Thread.swift in Sources */,
				D3F6CEE81CF44B1F0004FCBF /* NSURLRequest+MumsnetDefaults.swift in Sources */,
				D3F6CEE71CF44B1F0004FCBF /* NSURLConnection+JSON.swift in Sources */,
				D33D66D11CABDD1100364C53 /* ChatListCell.swift in Sources */,
				D3F6CEEF1CF44B1F0004FCBF /* String+Validation.swift in Sources */,
				D3F6CEDB1CF44B1F0004FCBF /* UserDefaultsConstants.swift in Sources */,
				D3F2C97F1CAAE2BE003FA520 /* AppDelegate.swift in Sources */,
				D3F6CEE31CF44B1F0004FCBF /* NSJSONSerialization+FallbackEncoding.swift in Sources */,
				D3F6CEC01CF44B1E0004FCBF /* APIRequest.swift in Sources */,
				D3F6CED71CF44B1E0004FCBF /* Fonts.swift in Sources */,
				D3F6CED81CF44B1E0004FCBF /* JSONConstants.swift in Sources */,
				D3F6CEDE1CF44B1F0004FCBF /* NSAttributedString+MumsnetMarkdown.swift in Sources */,
				D3F6CEED1CF44B1F0004FCBF /* String+Trimming.swift in Sources */,
				D33E4E161CB8102C005ED0AC /* ReadableDate.swift in Sources */,
				D3F6CEEA1CF44B1F0004FCBF /* NSURLSessionConfiguration+MumsnetDefaults.swift in Sources */,
			);
			runOnlyForDeploymentPostprocessing = 0;
		};
/* End PBXSourcesBuildPhase section */

/* Begin PBXTargetDependency section */
		D37A9A4C1CB69BBB0002C4F0 /* PBXTargetDependency */ = {
			isa = PBXTargetDependency;
			name = "Alamofire iOS";
			targetProxy = D37A9A4B1CB69BBB0002C4F0 /* PBXContainerItemProxy */;
		};
		D3A6C6E21CBCF5D000A249E9 /* PBXTargetDependency */ = {
			isa = PBXTargetDependency;
			name = ChattoAdditions;
			targetProxy = D3A6C6E11CBCF5D000A249E9 /* PBXContainerItemProxy */;
		};
		D3A6C6E61CBCF5D000A249E9 /* PBXTargetDependency */ = {
			isa = PBXTargetDependency;
			name = Chatto;
			targetProxy = D3A6C6E51CBCF5D000A249E9 /* PBXContainerItemProxy */;
		};
/* End PBXTargetDependency section */

/* Begin PBXVariantGroup section */
		D3F2C9821CAAE2BE003FA520 /* Main.storyboard */ = {
			isa = PBXVariantGroup;
			children = (
				D3F2C9831CAAE2BE003FA520 /* Base */,
			);
			name = Main.storyboard;
			sourceTree = "<group>";
		};
		D3F2C9871CAAE2BE003FA520 /* LaunchScreen.storyboard */ = {
			isa = PBXVariantGroup;
			children = (
				D3F2C9881CAAE2BE003FA520 /* Base */,
			);
			name = LaunchScreen.storyboard;
			sourceTree = "<group>";
		};
/* End PBXVariantGroup section */

/* Begin XCBuildConfiguration section */
		D307C5641CB262B000F24943 /* Release */ = {
			isa = XCBuildConfiguration;
			buildSettings = {
				ALWAYS_SEARCH_USER_PATHS = NO;
				CLANG_ANALYZER_NONNULL = YES;
				CLANG_CXX_LANGUAGE_STANDARD = "gnu++0x";
				CLANG_CXX_LIBRARY = "libc++";
				CLANG_ENABLE_MODULES = YES;
				CLANG_ENABLE_OBJC_ARC = YES;
				CLANG_WARN_BOOL_CONVERSION = YES;
				CLANG_WARN_CONSTANT_CONVERSION = YES;
				CLANG_WARN_DIRECT_OBJC_ISA_USAGE = YES_ERROR;
				CLANG_WARN_EMPTY_BODY = YES;
				CLANG_WARN_ENUM_CONVERSION = YES;
				CLANG_WARN_INT_CONVERSION = YES;
				CLANG_WARN_OBJC_ROOT_CLASS = YES_ERROR;
				CLANG_WARN_UNREACHABLE_CODE = YES;
				CLANG_WARN__DUPLICATE_METHOD_MATCH = YES;
				CODE_SIGN_IDENTITY = "iPhone Distribution";
				COPY_PHASE_STRIP = NO;
				DEBUG_INFORMATION_FORMAT = "dwarf-with-dsym";
				ENABLE_NS_ASSERTIONS = NO;
				ENABLE_STRICT_OBJC_MSGSEND = YES;
				GCC_C_LANGUAGE_STANDARD = gnu99;
				GCC_NO_COMMON_BLOCKS = YES;
				GCC_WARN_64_TO_32_BIT_CONVERSION = YES;
				GCC_WARN_ABOUT_RETURN_TYPE = YES_ERROR;
				GCC_WARN_UNDECLARED_SELECTOR = YES;
				GCC_WARN_UNINITIALIZED_AUTOS = YES_AGGRESSIVE;
				GCC_WARN_UNUSED_FUNCTION = YES;
				GCC_WARN_UNUSED_VARIABLE = YES;
				IPHONEOS_DEPLOYMENT_TARGET = 9.3;
				MTL_ENABLE_DEBUG_INFO = NO;
				PROVISIONING_PROFILE = "890d01d4-a1aa-43b0-9a03-c5a097211a5d";
				SDKROOT = iphoneos;
				VALIDATE_PRODUCT = YES;
			};
			name = Release;
		};
		D307C5651CB262B000F24943 /* Release */ = {
			isa = XCBuildConfiguration;
			buildSettings = {
				ASSETCATALOG_COMPILER_APPICON_NAME = AppIcon;
				ASSETCATALOG_COMPILER_LAUNCHIMAGE_NAME = LaunchImages;
				EMBEDDED_CONTENT_CONTAINS_SWIFT = YES;
				FRAMEWORK_SEARCH_PATHS = (
					"$(inherited)",
					"$(PROJECT_DIR)/Frameworks/FireBase/AdMob",
					"$(PROJECT_DIR)/Frameworks/FireBase/Analytics",
					"$(PROJECT_DIR)/Frameworks/FireBase/AppIndexing",
					"$(PROJECT_DIR)/Frameworks/FireBase/Auth",
					"$(PROJECT_DIR)/Frameworks/FireBase/Crash",
					"$(PROJECT_DIR)/Frameworks/FireBase/Database",
					"$(PROJECT_DIR)/Frameworks/FireBase/DynamicLinks",
					"$(PROJECT_DIR)/Frameworks/FireBase/Invites",
					"$(PROJECT_DIR)/Frameworks/FireBase/Messaging",
					"$(PROJECT_DIR)/Frameworks/FireBase/RemoteConfig",
					"$(PROJECT_DIR)/Frameworks/FireBase/Storage",
				);
				INFOPLIST_FILE = MumsnetChat/Info.plist;
				IPHONEOS_DEPLOYMENT_TARGET = 8.0;
				LD_RUNPATH_SEARCH_PATHS = "$(inherited) @executable_path/Frameworks";
				OTHER_LDFLAGS = "-ObjC";
				PRODUCT_BUNDLE_IDENTIFIER = com.mumsnet.chatapp;
				PRODUCT_NAME = Chat;
				SWIFT_OBJC_BRIDGING_HEADER = "$(SRCROOT)/MumsnetChat/MumsnetChat-Bridging-Header.h";
			};
			name = Release;
		};
		D3F2C98B1CAAE2BE003FA520 /* Debug */ = {
			isa = XCBuildConfiguration;
			buildSettings = {
				ALWAYS_SEARCH_USER_PATHS = NO;
				CLANG_ANALYZER_NONNULL = YES;
				CLANG_CXX_LANGUAGE_STANDARD = "gnu++0x";
				CLANG_CXX_LIBRARY = "libc++";
				CLANG_ENABLE_MODULES = YES;
				CLANG_ENABLE_OBJC_ARC = YES;
				CLANG_WARN_BOOL_CONVERSION = YES;
				CLANG_WARN_CONSTANT_CONVERSION = YES;
				CLANG_WARN_DIRECT_OBJC_ISA_USAGE = YES_ERROR;
				CLANG_WARN_EMPTY_BODY = YES;
				CLANG_WARN_ENUM_CONVERSION = YES;
				CLANG_WARN_INT_CONVERSION = YES;
				CLANG_WARN_OBJC_ROOT_CLASS = YES_ERROR;
				CLANG_WARN_UNREACHABLE_CODE = YES;
				CLANG_WARN__DUPLICATE_METHOD_MATCH = YES;
				CODE_SIGN_IDENTITY = "iPhone Developer";
				COPY_PHASE_STRIP = NO;
				DEBUG_INFORMATION_FORMAT = dwarf;
				ENABLE_STRICT_OBJC_MSGSEND = YES;
				ENABLE_TESTABILITY = YES;
				GCC_C_LANGUAGE_STANDARD = gnu99;
				GCC_DYNAMIC_NO_PIC = NO;
				GCC_NO_COMMON_BLOCKS = YES;
				GCC_OPTIMIZATION_LEVEL = 0;
				GCC_PREPROCESSOR_DEFINITIONS = (
					"DEBUG=1",
					"$(inherited)",
				);
				GCC_WARN_64_TO_32_BIT_CONVERSION = YES;
				GCC_WARN_ABOUT_RETURN_TYPE = YES_ERROR;
				GCC_WARN_UNDECLARED_SELECTOR = YES;
				GCC_WARN_UNINITIALIZED_AUTOS = YES_AGGRESSIVE;
				GCC_WARN_UNUSED_FUNCTION = YES;
				GCC_WARN_UNUSED_VARIABLE = YES;
				IPHONEOS_DEPLOYMENT_TARGET = 9.3;
				MTL_ENABLE_DEBUG_INFO = YES;
				ONLY_ACTIVE_ARCH = YES;
				PROVISIONING_PROFILE = "4dd62e85-9f0f-4eb4-94ec-651a149a63f6";
				SDKROOT = iphoneos;
				SWIFT_OPTIMIZATION_LEVEL = "-Onone";
			};
			name = Debug;
		};
		D3F2C98C1CAAE2BE003FA520 /* Ad Hoc */ = {
			isa = XCBuildConfiguration;
			buildSettings = {
				ALWAYS_SEARCH_USER_PATHS = NO;
				CLANG_ANALYZER_NONNULL = YES;
				CLANG_CXX_LANGUAGE_STANDARD = "gnu++0x";
				CLANG_CXX_LIBRARY = "libc++";
				CLANG_ENABLE_MODULES = YES;
				CLANG_ENABLE_OBJC_ARC = YES;
				CLANG_WARN_BOOL_CONVERSION = YES;
				CLANG_WARN_CONSTANT_CONVERSION = YES;
				CLANG_WARN_DIRECT_OBJC_ISA_USAGE = YES_ERROR;
				CLANG_WARN_EMPTY_BODY = YES;
				CLANG_WARN_ENUM_CONVERSION = YES;
				CLANG_WARN_INT_CONVERSION = YES;
				CLANG_WARN_OBJC_ROOT_CLASS = YES_ERROR;
				CLANG_WARN_UNREACHABLE_CODE = YES;
				CLANG_WARN__DUPLICATE_METHOD_MATCH = YES;
				CODE_SIGN_IDENTITY = "iPhone Distribution";
				COPY_PHASE_STRIP = NO;
				DEBUG_INFORMATION_FORMAT = "dwarf-with-dsym";
				ENABLE_NS_ASSERTIONS = NO;
				ENABLE_STRICT_OBJC_MSGSEND = YES;
				GCC_C_LANGUAGE_STANDARD = gnu99;
				GCC_NO_COMMON_BLOCKS = YES;
				GCC_WARN_64_TO_32_BIT_CONVERSION = YES;
				GCC_WARN_ABOUT_RETURN_TYPE = YES_ERROR;
				GCC_WARN_UNDECLARED_SELECTOR = YES;
				GCC_WARN_UNINITIALIZED_AUTOS = YES_AGGRESSIVE;
				GCC_WARN_UNUSED_FUNCTION = YES;
				GCC_WARN_UNUSED_VARIABLE = YES;
				IPHONEOS_DEPLOYMENT_TARGET = 9.3;
				MTL_ENABLE_DEBUG_INFO = NO;
				PROVISIONING_PROFILE = "890d01d4-a1aa-43b0-9a03-c5a097211a5d";
				SDKROOT = iphoneos;
				VALIDATE_PRODUCT = YES;
			};
			name = "Ad Hoc";
		};
		D3F2C98E1CAAE2BE003FA520 /* Debug */ = {
			isa = XCBuildConfiguration;
			buildSettings = {
				ASSETCATALOG_COMPILER_APPICON_NAME = AppIcon;
				ASSETCATALOG_COMPILER_LAUNCHIMAGE_NAME = LaunchImages;
				EMBEDDED_CONTENT_CONTAINS_SWIFT = YES;
				FRAMEWORK_SEARCH_PATHS = (
					"$(inherited)",
					"$(PROJECT_DIR)/Frameworks/FireBase/AdMob",
					"$(PROJECT_DIR)/Frameworks/FireBase/Analytics",
					"$(PROJECT_DIR)/Frameworks/FireBase/AppIndexing",
					"$(PROJECT_DIR)/Frameworks/FireBase/Auth",
					"$(PROJECT_DIR)/Frameworks/FireBase/Crash",
					"$(PROJECT_DIR)/Frameworks/FireBase/Database",
					"$(PROJECT_DIR)/Frameworks/FireBase/DynamicLinks",
					"$(PROJECT_DIR)/Frameworks/FireBase/Invites",
					"$(PROJECT_DIR)/Frameworks/FireBase/Messaging",
					"$(PROJECT_DIR)/Frameworks/FireBase/RemoteConfig",
					"$(PROJECT_DIR)/Frameworks/FireBase/Storage",
				);
				INFOPLIST_FILE = MumsnetChat/Info.plist;
				IPHONEOS_DEPLOYMENT_TARGET = 8.0;
				LD_RUNPATH_SEARCH_PATHS = "$(inherited) @executable_path/Frameworks";
				OTHER_LDFLAGS = "-ObjC";
				PRODUCT_BUNDLE_IDENTIFIER = com.mumsnet.chatapp;
				PRODUCT_NAME = Chat;
				SWIFT_OBJC_BRIDGING_HEADER = "$(SRCROOT)/MumsnetChat/MumsnetChat-Bridging-Header.h";
			};
			name = Debug;
		};
		D3F2C98F1CAAE2BE003FA520 /* Ad Hoc */ = {
			isa = XCBuildConfiguration;
			buildSettings = {
				ASSETCATALOG_COMPILER_APPICON_NAME = AppIcon;
				ASSETCATALOG_COMPILER_LAUNCHIMAGE_NAME = LaunchImages;
				EMBEDDED_CONTENT_CONTAINS_SWIFT = YES;
				FRAMEWORK_SEARCH_PATHS = (
					"$(inherited)",
					"$(PROJECT_DIR)/Frameworks/FireBase/AdMob",
					"$(PROJECT_DIR)/Frameworks/FireBase/Analytics",
					"$(PROJECT_DIR)/Frameworks/FireBase/AppIndexing",
					"$(PROJECT_DIR)/Frameworks/FireBase/Auth",
					"$(PROJECT_DIR)/Frameworks/FireBase/Crash",
					"$(PROJECT_DIR)/Frameworks/FireBase/Database",
					"$(PROJECT_DIR)/Frameworks/FireBase/DynamicLinks",
					"$(PROJECT_DIR)/Frameworks/FireBase/Invites",
					"$(PROJECT_DIR)/Frameworks/FireBase/Messaging",
					"$(PROJECT_DIR)/Frameworks/FireBase/RemoteConfig",
					"$(PROJECT_DIR)/Frameworks/FireBase/Storage",
				);
				INFOPLIST_FILE = MumsnetChat/Info.plist;
				IPHONEOS_DEPLOYMENT_TARGET = 8.0;
				LD_RUNPATH_SEARCH_PATHS = "$(inherited) @executable_path/Frameworks";
				OTHER_LDFLAGS = "-ObjC";
				PRODUCT_BUNDLE_IDENTIFIER = com.mumsnet.chatapp;
				PRODUCT_NAME = Chat;
				SWIFT_OBJC_BRIDGING_HEADER = "$(SRCROOT)/MumsnetChat/MumsnetChat-Bridging-Header.h";
			};
			name = "Ad Hoc";
		};
/* End XCBuildConfiguration section */

/* Begin XCConfigurationList section */
		D3F2C9761CAAE2BD003FA520 /* Build configuration list for PBXProject "MumsnetChat" */ = {
			isa = XCConfigurationList;
			buildConfigurations = (
				D3F2C98B1CAAE2BE003FA520 /* Debug */,
				D3F2C98C1CAAE2BE003FA520 /* Ad Hoc */,
				D307C5641CB262B000F24943 /* Release */,
			);
			defaultConfigurationIsVisible = 0;
			defaultConfigurationName = Release;
		};
		D3F2C98D1CAAE2BE003FA520 /* Build configuration list for PBXNativeTarget "MumsnetChat" */ = {
			isa = XCConfigurationList;
			buildConfigurations = (
				D3F2C98E1CAAE2BE003FA520 /* Debug */,
				D3F2C98F1CAAE2BE003FA520 /* Ad Hoc */,
				D307C5651CB262B000F24943 /* Release */,
			);
			defaultConfigurationIsVisible = 0;
			defaultConfigurationName = Release;
		};
/* End XCConfigurationList section */
	};
	rootObject = D3F2C9731CAAE2BD003FA520 /* Project object */;
}
