// !$*UTF8*$!
{
	archiveVersion = 1;
	classes = {
	};
	objectVersion = 46;
	objects = {

/* Begin PBXBuildFile section */
		D303EF821CAD70620006130D /* ChatItemsDecorator.swift in Sources */ = {isa = PBXBuildFile; fileRef = D303EF811CAD70620006130D /* ChatItemsDecorator.swift */; };
		D303EF861CAD71640006130D /* SlidingDatasSource.swift in Sources */ = {isa = PBXBuildFile; fileRef = D303EF851CAD71640006130D /* SlidingDatasSource.swift */; };
		D303EF8D1CAD71D80006130D /* SendingStatusCollectionViewCell.swift in Sources */ = {isa = PBXBuildFile; fileRef = D303EF8A1CAD71D80006130D /* SendingStatusCollectionViewCell.swift */; };
		D303EF8E1CAD71D80006130D /* SendingStatusCollectionViewCell.xib in Resources */ = {isa = PBXBuildFile; fileRef = D303EF8B1CAD71D80006130D /* SendingStatusCollectionViewCell.xib */; };
		D303EF8F1CAD71D80006130D /* SendingStatusPresenter.swift in Sources */ = {isa = PBXBuildFile; fileRef = D303EF8C1CAD71D80006130D /* SendingStatusPresenter.swift */; };
		D33D66CA1CABCB1100364C53 /* Foundation.framework in Frameworks */ = {isa = PBXBuildFile; fileRef = D33D66C91CABCB1100364C53 /* Foundation.framework */; };
		D33D66CC1CABCDF300364C53 /* UIKit.framework in Frameworks */ = {isa = PBXBuildFile; fileRef = D33D66CB1CABCDF300364C53 /* UIKit.framework */; };
		D33D66D11CABDD1100364C53 /* ChatListCell.swift in Sources */ = {isa = PBXBuildFile; fileRef = D33D66D01CABDD1100364C53 /* ChatListCell.swift */; };
		D33D66D31CABE00B00364C53 /* ChatListViewController.swift in Sources */ = {isa = PBXBuildFile; fileRef = D33D66D21CABE00B00364C53 /* ChatListViewController.swift */; };
		D33D66D51CABEFD100364C53 /* ChatDetailViewController.swift in Sources */ = {isa = PBXBuildFile; fileRef = D33D66D41CABEFD100364C53 /* ChatDetailViewController.swift */; };
		D33D67021CAC09FE00364C53 /* ChatDataSource.swift in Sources */ = {isa = PBXBuildFile; fileRef = D33D67011CAC09FE00364C53 /* ChatDataSource.swift */; };
		D33D67041CAC2CF400364C53 /* UserActionHandler.swift in Sources */ = {isa = PBXBuildFile; fileRef = D33D67031CAC2CF400364C53 /* UserActionHandler.swift */; };
		D33E4E161CB8102C005ED0AC /* ReadableDate.swift in Sources */ = {isa = PBXBuildFile; fileRef = D33E4E151CB8102C005ED0AC /* ReadableDate.swift */; };
		D33E4E211CB81477005ED0AC /* AFDateExtension.swift in Sources */ = {isa = PBXBuildFile; fileRef = D33E4E201CB81477005ED0AC /* AFDateExtension.swift */; };
		D37205461CB3A8CA00BC59C6 /* LoginViewController.swift in Sources */ = {isa = PBXBuildFile; fileRef = D37205451CB3A8CA00BC59C6 /* LoginViewController.swift */; };
		D37A9A491CB69BBB0002C4F0 /* Alamofire.framework in Frameworks */ = {isa = PBXBuildFile; fileRef = D37A9A3C1CB69BB30002C4F0 /* Alamofire.framework */; };
		D37A9A4A1CB69BBB0002C4F0 /* Alamofire.framework in Embed Frameworks */ = {isa = PBXBuildFile; fileRef = D37A9A3C1CB69BB30002C4F0 /* Alamofire.framework */; settings = {ATTRIBUTES = (CodeSignOnCopy, RemoveHeadersOnCopy, ); }; };
		D37A9A4E1CB69CFB0002C4F0 /* Extenstions.swift in Sources */ = {isa = PBXBuildFile; fileRef = D37A9A4D1CB69CFB0002C4F0 /* Extenstions.swift */; };
		D3A6C6DF1CBCF5D000A249E9 /* ChattoAdditions.framework in Frameworks */ = {isa = PBXBuildFile; fileRef = D3A6C6DC1CBCF5C400A249E9 /* ChattoAdditions.framework */; };
		D3A6C6E01CBCF5D000A249E9 /* ChattoAdditions.framework in Embed Frameworks */ = {isa = PBXBuildFile; fileRef = D3A6C6DC1CBCF5C400A249E9 /* ChattoAdditions.framework */; settings = {ATTRIBUTES = (CodeSignOnCopy, RemoveHeadersOnCopy, ); }; };
		D3A6C6E31CBCF5D000A249E9 /* Chatto.framework in Frameworks */ = {isa = PBXBuildFile; fileRef = D3A6C6D31CBCF5B700A249E9 /* Chatto.framework */; };
		D3A6C6E41CBCF5D000A249E9 /* Chatto.framework in Embed Frameworks */ = {isa = PBXBuildFile; fileRef = D3A6C6D31CBCF5B700A249E9 /* Chatto.framework */; settings = {ATTRIBUTES = (CodeSignOnCopy, RemoveHeadersOnCopy, ); }; };
		D3A73DF81CBCF4B200384DEF /* APIRequest.swift in Sources */ = {isa = PBXBuildFile; fileRef = D3A73CC11CBCF4B100384DEF /* APIRequest.swift */; };
		D3A73DF91CBCF4B200384DEF /* BookmarkedPaginatedAPIRequest.swift in Sources */ = {isa = PBXBuildFile; fileRef = D3A73CC21CBCF4B100384DEF /* BookmarkedPaginatedAPIRequest.swift */; };
		D3A73DFA1CBCF4B200384DEF /* EmoticonImageDownloader.swift in Sources */ = {isa = PBXBuildFile; fileRef = D3A73CC31CBCF4B100384DEF /* EmoticonImageDownloader.swift */; };
		D3A73DFB1CBCF4B200384DEF /* MumsnetData.swift in Sources */ = {isa = PBXBuildFile; fileRef = D3A73CC41CBCF4B100384DEF /* MumsnetData.swift */; };
		D3A73DFC1CBCF4B200384DEF /* MumsnetDataCreate.swift in Sources */ = {isa = PBXBuildFile; fileRef = D3A73CC51CBCF4B100384DEF /* MumsnetDataCreate.swift */; };
		D3A73DFD1CBCF4B200384DEF /* MumsnetDataDelete.swift in Sources */ = {isa = PBXBuildFile; fileRef = D3A73CC61CBCF4B100384DEF /* MumsnetDataDelete.swift */; };
		D3A73DFE1CBCF4B200384DEF /* MumsnetPaginatedData.swift in Sources */ = {isa = PBXBuildFile; fileRef = D3A73CC71CBCF4B100384DEF /* MumsnetPaginatedData.swift */; };
		D3A73DFF1CBCF4B200384DEF /* PaginatedAPIRequest.swift in Sources */ = {isa = PBXBuildFile; fileRef = D3A73CC81CBCF4B100384DEF /* PaginatedAPIRequest.swift */; };
		D3A73E001CBCF4B200384DEF /* MumsnetDataCreating.swift in Sources */ = {isa = PBXBuildFile; fileRef = D3A73CCA1CBCF4B100384DEF /* MumsnetDataCreating.swift */; };
		D3A73E011CBCF4B200384DEF /* MumsnetDataDeleting.swift in Sources */ = {isa = PBXBuildFile; fileRef = D3A73CCB1CBCF4B100384DEF /* MumsnetDataDeleting.swift */; };
		D3A73E021CBCF4B200384DEF /* MumsnetDataFlipping.swift in Sources */ = {isa = PBXBuildFile; fileRef = D3A73CCC1CBCF4B100384DEF /* MumsnetDataFlipping.swift */; };
		D3A73E031CBCF4B200384DEF /* MumsnetDataPaginating.swift in Sources */ = {isa = PBXBuildFile; fileRef = D3A73CCD1CBCF4B100384DEF /* MumsnetDataPaginating.swift */; };
		D3A73E041CBCF4B200384DEF /* MumsnetModelObjectLoading.swift in Sources */ = {isa = PBXBuildFile; fileRef = D3A73CCE1CBCF4B100384DEF /* MumsnetModelObjectLoading.swift */; };
		D3A73E051CBCF4B200384DEF /* Registration.swift in Sources */ = {isa = PBXBuildFile; fileRef = D3A73CCF1CBCF4B100384DEF /* Registration.swift */; };
		D3A73E061CBCF4B200384DEF /* TalkCache.swift in Sources */ = {isa = PBXBuildFile; fileRef = D3A73CD01CBCF4B100384DEF /* TalkCache.swift */; };
		D3A73E071CBCF4B200384DEF /* closeQuote@2x.png in Resources */ = {isa = PBXBuildFile; fileRef = D3A73CD21CBCF4B100384DEF /* closeQuote@2x.png */; };
		D3A73E081CBCF4B200384DEF /* closeQuote@3x.png in Resources */ = {isa = PBXBuildFile; fileRef = D3A73CD31CBCF4B100384DEF /* closeQuote@3x.png */; };
		D3A73E091CBCF4B200384DEF /* icomoon.ttf in Resources */ = {isa = PBXBuildFile; fileRef = D3A73CD41CBCF4B100384DEF /* icomoon.ttf */; };
		D3A73E0A1CBCF4B200384DEF /* openQuote@2x.png in Resources */ = {isa = PBXBuildFile; fileRef = D3A73CD51CBCF4B100384DEF /* openQuote@2x.png */; };
		D3A73E0B1CBCF4B200384DEF /* openQuote@3x.png in Resources */ = {isa = PBXBuildFile; fileRef = D3A73CD61CBCF4B100384DEF /* openQuote@3x.png */; };
		D3A73E0C1CBCF4B200384DEF /* APIManager+Chat.swift in Sources */ = {isa = PBXBuildFile; fileRef = D3A73CD81CBCF4B100384DEF /* APIManager+Chat.swift */; };
		D3A73E0D1CBCF4B200384DEF /* ChatCache.swift in Sources */ = {isa = PBXBuildFile; fileRef = D3A73CD91CBCF4B100384DEF /* ChatCache.swift */; };
		D3A73E0E1CBCF4B200384DEF /* MumsnetChat.swift in Sources */ = {isa = PBXBuildFile; fileRef = D3A73CDA1CBCF4B100384DEF /* MumsnetChat.swift */; };
		D3A73E0F1CBCF4B200384DEF /* MumsnetChatMessage.swift in Sources */ = {isa = PBXBuildFile; fileRef = D3A73CDB1CBCF4B100384DEF /* MumsnetChatMessage.swift */; };
		D3A73E101CBCF4B200384DEF /* APIConstants.swift in Sources */ = {isa = PBXBuildFile; fileRef = D3A73CDD1CBCF4B100384DEF /* APIConstants.swift */; };
		D3A73E111CBCF4B200384DEF /* ConfigurationConstants.swift in Sources */ = {isa = PBXBuildFile; fileRef = D3A73CDE1CBCF4B100384DEF /* ConfigurationConstants.swift */; };
		D3A73E121CBCF4B200384DEF /* ErrorConstants.swift in Sources */ = {isa = PBXBuildFile; fileRef = D3A73CDF1CBCF4B100384DEF /* ErrorConstants.swift */; };
		D3A73E131CBCF4B200384DEF /* Fonts.swift in Sources */ = {isa = PBXBuildFile; fileRef = D3A73CE01CBCF4B100384DEF /* Fonts.swift */; };
		D3A73E141CBCF4B200384DEF /* JSONConstants.swift in Sources */ = {isa = PBXBuildFile; fileRef = D3A73CE11CBCF4B100384DEF /* JSONConstants.swift */; };
		D3A73E151CBCF4B200384DEF /* Notifications.swift in Sources */ = {isa = PBXBuildFile; fileRef = D3A73CE21CBCF4B100384DEF /* Notifications.swift */; };
		D3A73E161CBCF4B200384DEF /* RegularExpressions.swift in Sources */ = {isa = PBXBuildFile; fileRef = D3A73CE31CBCF4B100384DEF /* RegularExpressions.swift */; };
		D3A73E171CBCF4B200384DEF /* UserDefaultsConstants.swift in Sources */ = {isa = PBXBuildFile; fileRef = D3A73CE41CBCF4B100384DEF /* UserDefaultsConstants.swift */; };
		D3A73E181CBCF4B200384DEF /* Array+MumsnetModelObject.swift in Sources */ = {isa = PBXBuildFile; fileRef = D3A73CE61CBCF4B100384DEF /* Array+MumsnetModelObject.swift */; };
		D3A73E191CBCF4B200384DEF /* NSAttributedString+MumsnetMarkdown.swift in Sources */ = {isa = PBXBuildFile; fileRef = D3A73CE71CBCF4B100384DEF /* NSAttributedString+MumsnetMarkdown.swift */; };
		D3A73E1A1CBCF4B200384DEF /* NSData+MumsnetAdditions.swift in Sources */ = {isa = PBXBuildFile; fileRef = D3A73CE81CBCF4B100384DEF /* NSData+MumsnetAdditions.swift */; };
		D3A73E1B1CBCF4B200384DEF /* NSDate+TimeChecking.swift in Sources */ = {isa = PBXBuildFile; fileRef = D3A73CE91CBCF4B100384DEF /* NSDate+TimeChecking.swift */; };
		D3A73E1C1CBCF4B200384DEF /* NSDateFormatter+ISO8601.swift in Sources */ = {isa = PBXBuildFile; fileRef = D3A73CEA1CBCF4B100384DEF /* NSDateFormatter+ISO8601.swift */; };
		D3A73E1D1CBCF4B200384DEF /* NSFileManager+DirectoryCreation.swift in Sources */ = {isa = PBXBuildFile; fileRef = D3A73CEB1CBCF4B100384DEF /* NSFileManager+DirectoryCreation.swift */; };
		D3A73E1E1CBCF4B200384DEF /* NSJSONSerialization+FallbackEncoding.swift in Sources */ = {isa = PBXBuildFile; fileRef = D3A73CEC1CBCF4B100384DEF /* NSJSONSerialization+FallbackEncoding.swift */; };
		D3A73E1F1CBCF4B200384DEF /* NSMutableString+Regex.swift in Sources */ = {isa = PBXBuildFile; fileRef = D3A73CED1CBCF4B100384DEF /* NSMutableString+Regex.swift */; };
		D3A73E201CBCF4B200384DEF /* NSNotificationCenter+MumsnetNotifications.swift in Sources */ = {isa = PBXBuildFile; fileRef = D3A73CEE1CBCF4B100384DEF /* NSNotificationCenter+MumsnetNotifications.swift */; };
		D3A73E211CBCF4B200384DEF /* NSURL+MumsnetURLParsing.swift in Sources */ = {isa = PBXBuildFile; fileRef = D3A73CEF1CBCF4B100384DEF /* NSURL+MumsnetURLParsing.swift */; };
		D3A73E221CBCF4B200384DEF /* NSURLConnection+JSON.swift in Sources */ = {isa = PBXBuildFile; fileRef = D3A73CF01CBCF4B100384DEF /* NSURLConnection+JSON.swift */; };
		D3A73E231CBCF4B200384DEF /* NSURLRequest+MumsnetDefaults.swift in Sources */ = {isa = PBXBuildFile; fileRef = D3A73CF11CBCF4B100384DEF /* NSURLRequest+MumsnetDefaults.swift */; };
		D3A73E241CBCF4B200384DEF /* NSURLSession+JSON.swift in Sources */ = {isa = PBXBuildFile; fileRef = D3A73CF21CBCF4B100384DEF /* NSURLSession+JSON.swift */; };
		D3A73E251CBCF4B200384DEF /* NSURLSessionConfiguration+MumsnetDefaults.swift in Sources */ = {isa = PBXBuildFile; fileRef = D3A73CF31CBCF4B100384DEF /* NSURLSessionConfiguration+MumsnetDefaults.swift */; };
		D3A73E261CBCF4B200384DEF /* NSUserDefaults+MumsnetPreferences.swift in Sources */ = {isa = PBXBuildFile; fileRef = D3A73CF41CBCF4B100384DEF /* NSUserDefaults+MumsnetPreferences.swift */; };
		D3A73E271CBCF4B200384DEF /* String+MumsnetMarkdown.swift in Sources */ = {isa = PBXBuildFile; fileRef = D3A73CF51CBCF4B100384DEF /* String+MumsnetMarkdown.swift */; };
		D3A73E281CBCF4B200384DEF /* String+Trimming.swift in Sources */ = {isa = PBXBuildFile; fileRef = D3A73CF61CBCF4B100384DEF /* String+Trimming.swift */; };
		D3A73E291CBCF4B200384DEF /* String+URLEncoding.swift in Sources */ = {isa = PBXBuildFile; fileRef = D3A73CF71CBCF4B100384DEF /* String+URLEncoding.swift */; };
		D3A73E2A1CBCF4B200384DEF /* String+Validation.swift in Sources */ = {isa = PBXBuildFile; fileRef = D3A73CF81CBCF4B100384DEF /* String+Validation.swift */; };
		D3A73E2B1CBCF4B200384DEF /* String+YouTube.swift in Sources */ = {isa = PBXBuildFile; fileRef = D3A73CF91CBCF4B100384DEF /* String+YouTube.swift */; };
		D3A73E2C1CBCF4B200384DEF /* UIFont+PreferredFontAdditions.swift in Sources */ = {isa = PBXBuildFile; fileRef = D3A73CFA1CBCF4B100384DEF /* UIFont+PreferredFontAdditions.swift */; };
		D3A73E2D1CBCF4B200384DEF /* AES256CBC.swift in Sources */ = {isa = PBXBuildFile; fileRef = D3A73CFC1CBCF4B100384DEF /* AES256CBC.swift */; };
		D3A73ED51CBCF4B200384DEF /* APIManager.swift in Sources */ = {isa = PBXBuildFile; fileRef = D3A73DE21CBCF4B100384DEF /* APIManager.swift */; };
		D3A73ED61CBCF4B200384DEF /* EncryptionManager.swift in Sources */ = {isa = PBXBuildFile; fileRef = D3A73DE31CBCF4B100384DEF /* EncryptionManager.swift */; };
		D3A73ED71CBCF4B200384DEF /* FileManager.swift in Sources */ = {isa = PBXBuildFile; fileRef = D3A73DE41CBCF4B100384DEF /* FileManager.swift */; };
		D3A73ED81CBCF4B200384DEF /* UserManager.swift in Sources */ = {isa = PBXBuildFile; fileRef = D3A73DE51CBCF4B100384DEF /* UserManager.swift */; };
		D3A73ED91CBCF4B200384DEF /* APIError.swift in Sources */ = {isa = PBXBuildFile; fileRef = D3A73DE71CBCF4B200384DEF /* APIError.swift */; };
		D3A73EDA1CBCF4B200384DEF /* Category.swift in Sources */ = {isa = PBXBuildFile; fileRef = D3A73DE81CBCF4B200384DEF /* Category.swift */; };
		D3A73EDB1CBCF4B200384DEF /* Emoticon.swift in Sources */ = {isa = PBXBuildFile; fileRef = D3A73DE91CBCF4B200384DEF /* Emoticon.swift */; };
		D3A73EDC1CBCF4B200384DEF /* Error.swift in Sources */ = {isa = PBXBuildFile; fileRef = D3A73DEA1CBCF4B200384DEF /* Error.swift */; };
		D3A73EDD1CBCF4B200384DEF /* Image.swift in Sources */ = {isa = PBXBuildFile; fileRef = D3A73DEB1CBCF4B200384DEF /* Image.swift */; };
		D3A73EDE1CBCF4B200384DEF /* ModelObject.swift in Sources */ = {isa = PBXBuildFile; fileRef = D3A73DEC1CBCF4B200384DEF /* ModelObject.swift */; };
		D3A73EDF1CBCF4B200384DEF /* Newsletter.swift in Sources */ = {isa = PBXBuildFile; fileRef = D3A73DED1CBCF4B200384DEF /* Newsletter.swift */; };
		D3A73EE01CBCF4B200384DEF /* Post.swift in Sources */ = {isa = PBXBuildFile; fileRef = D3A73DEE1CBCF4B200384DEF /* Post.swift */; };
		D3A73EE11CBCF4B200384DEF /* RegistrationError.swift in Sources */ = {isa = PBXBuildFile; fileRef = D3A73DEF1CBCF4B200384DEF /* RegistrationError.swift */; };
		D3A73EE21CBCF4B200384DEF /* Thread.swift in Sources */ = {isa = PBXBuildFile; fileRef = D3A73DF01CBCF4B200384DEF /* Thread.swift */; };
		D3A73EE31CBCF4B200384DEF /* Topic.swift in Sources */ = {isa = PBXBuildFile; fileRef = D3A73DF11CBCF4B200384DEF /* Topic.swift */; };
		D3A73EE41CBCF4B200384DEF /* User.swift in Sources */ = {isa = PBXBuildFile; fileRef = D3A73DF21CBCF4B200384DEF /* User.swift */; };
		D3A73EE51CBCF4B200384DEF /* GlobalFunctions.swift in Sources */ = {isa = PBXBuildFile; fileRef = D3A73DF61CBCF4B200384DEF /* GlobalFunctions.swift */; };
		D3A73EE61CBCF4B200384DEF /* MumsnetCustomError.swift in Sources */ = {isa = PBXBuildFile; fileRef = D3A73DF71CBCF4B200384DEF /* MumsnetCustomError.swift */; };
		D3F2C97F1CAAE2BE003FA520 /* AppDelegate.swift in Sources */ = {isa = PBXBuildFile; fileRef = D3F2C97E1CAAE2BE003FA520 /* AppDelegate.swift */; };
		D3F2C9811CAAE2BE003FA520 /* ViewController.swift in Sources */ = {isa = PBXBuildFile; fileRef = D3F2C9801CAAE2BE003FA520 /* ViewController.swift */; };
		D3F2C9841CAAE2BE003FA520 /* Main.storyboard in Resources */ = {isa = PBXBuildFile; fileRef = D3F2C9821CAAE2BE003FA520 /* Main.storyboard */; };
		D3F2C9861CAAE2BE003FA520 /* Assets.xcassets in Resources */ = {isa = PBXBuildFile; fileRef = D3F2C9851CAAE2BE003FA520 /* Assets.xcassets */; };
		D3F2C9891CAAE2BE003FA520 /* LaunchScreen.storyboard in Resources */ = {isa = PBXBuildFile; fileRef = D3F2C9871CAAE2BE003FA520 /* LaunchScreen.storyboard */; };
/* End PBXBuildFile section */

/* Begin PBXContainerItemProxy section */
		D37A9A3B1CB69BB30002C4F0 /* PBXContainerItemProxy */ = {
			isa = PBXContainerItemProxy;
			containerPortal = D33D66AC1CABCA2900364C53 /* Alamofire.xcodeproj */;
			proxyType = 2;
			remoteGlobalIDString = F8111E3319A95C8B0040E7D1;
			remoteInfo = "Alamofire iOS";
		};
		D37A9A3D1CB69BB30002C4F0 /* PBXContainerItemProxy */ = {
			isa = PBXContainerItemProxy;
			containerPortal = D33D66AC1CABCA2900364C53 /* Alamofire.xcodeproj */;
			proxyType = 2;
			remoteGlobalIDString = F8111E3E19A95C8B0040E7D1;
			remoteInfo = "Alamofire iOS Tests";
		};
		D37A9A3F1CB69BB30002C4F0 /* PBXContainerItemProxy */ = {
			isa = PBXContainerItemProxy;
			containerPortal = D33D66AC1CABCA2900364C53 /* Alamofire.xcodeproj */;
			proxyType = 2;
			remoteGlobalIDString = 4DD67C0B1A5C55C900ED2280;
			remoteInfo = "Alamofire OSX";
		};
		D37A9A411CB69BB30002C4F0 /* PBXContainerItemProxy */ = {
			isa = PBXContainerItemProxy;
			containerPortal = D33D66AC1CABCA2900364C53 /* Alamofire.xcodeproj */;
			proxyType = 2;
			remoteGlobalIDString = F829C6B21A7A94F100A2CD59;
			remoteInfo = "Alamofire OSX Tests";
		};
		D37A9A431CB69BB30002C4F0 /* PBXContainerItemProxy */ = {
			isa = PBXContainerItemProxy;
			containerPortal = D33D66AC1CABCA2900364C53 /* Alamofire.xcodeproj */;
			proxyType = 2;
			remoteGlobalIDString = 4CF626EF1BA7CB3E0011A099;
			remoteInfo = "Alamofire tvOS";
		};
		D37A9A451CB69BB30002C4F0 /* PBXContainerItemProxy */ = {
			isa = PBXContainerItemProxy;
			containerPortal = D33D66AC1CABCA2900364C53 /* Alamofire.xcodeproj */;
			proxyType = 2;
			remoteGlobalIDString = 4CF626F81BA7CB3E0011A099;
			remoteInfo = "Alamofire tvOS Tests";
		};
		D37A9A471CB69BB30002C4F0 /* PBXContainerItemProxy */ = {
			isa = PBXContainerItemProxy;
			containerPortal = D33D66AC1CABCA2900364C53 /* Alamofire.xcodeproj */;
			proxyType = 2;
			remoteGlobalIDString = E4202FE01B667AA100C997FB;
			remoteInfo = "Alamofire watchOS";
		};
		D37A9A4B1CB69BBB0002C4F0 /* PBXContainerItemProxy */ = {
			isa = PBXContainerItemProxy;
			containerPortal = D33D66AC1CABCA2900364C53 /* Alamofire.xcodeproj */;
			proxyType = 1;
			remoteGlobalIDString = F8111E3219A95C8B0040E7D1;
			remoteInfo = "Alamofire iOS";
		};
		D3A6C6D21CBCF5B700A249E9 /* PBXContainerItemProxy */ = {
			isa = PBXContainerItemProxy;
			containerPortal = D3A6C6CD1CBCF5B700A249E9 /* Chatto.xcodeproj */;
			proxyType = 2;
			remoteGlobalIDString = C32BB7201BE0504D0069EC50;
			remoteInfo = Chatto;
		};
		D3A6C6D41CBCF5B700A249E9 /* PBXContainerItemProxy */ = {
			isa = PBXContainerItemProxy;
			containerPortal = D3A6C6CD1CBCF5B700A249E9 /* Chatto.xcodeproj */;
			proxyType = 2;
			remoteGlobalIDString = C32BB72A1BE0504D0069EC50;
			remoteInfo = ChattoTests;
		};
		D3A6C6DB1CBCF5C400A249E9 /* PBXContainerItemProxy */ = {
			isa = PBXContainerItemProxy;
			containerPortal = D3A6C6D61CBCF5C400A249E9 /* ChattoAdditions.xcodeproj */;
			proxyType = 2;
			remoteGlobalIDString = C3C0CBB81BFE49320052747C;
			remoteInfo = ChattoAdditions;
		};
		D3A6C6DD1CBCF5C400A249E9 /* PBXContainerItemProxy */ = {
			isa = PBXContainerItemProxy;
			containerPortal = D3A6C6D61CBCF5C400A249E9 /* ChattoAdditions.xcodeproj */;
			proxyType = 2;
			remoteGlobalIDString = C3C0CBC21BFE49320052747C;
			remoteInfo = ChattoAdditionsTests;
		};
		D3A6C6E11CBCF5D000A249E9 /* PBXContainerItemProxy */ = {
			isa = PBXContainerItemProxy;
			containerPortal = D3A6C6D61CBCF5C400A249E9 /* ChattoAdditions.xcodeproj */;
			proxyType = 1;
			remoteGlobalIDString = C3C0CBB71BFE49320052747C;
			remoteInfo = ChattoAdditions;
		};
		D3A6C6E51CBCF5D000A249E9 /* PBXContainerItemProxy */ = {
			isa = PBXContainerItemProxy;
			containerPortal = D3A6C6CD1CBCF5B700A249E9 /* Chatto.xcodeproj */;
			proxyType = 1;
			remoteGlobalIDString = C32BB71F1BE0504D0069EC50;
			remoteInfo = Chatto;
		};
/* End PBXContainerItemProxy section */

/* Begin PBXCopyFilesBuildPhase section */
		D3F2CA7B1CAAE46C003FA520 /* Embed Frameworks */ = {
			isa = PBXCopyFilesBuildPhase;
			buildActionMask = 2147483647;
			dstPath = "";
			dstSubfolderSpec = 10;
			files = (
				D3A6C6E41CBCF5D000A249E9 /* Chatto.framework in Embed Frameworks */,
				D37A9A4A1CB69BBB0002C4F0 /* Alamofire.framework in Embed Frameworks */,
				D3A6C6E01CBCF5D000A249E9 /* ChattoAdditions.framework in Embed Frameworks */,
			);
			name = "Embed Frameworks";
			runOnlyForDeploymentPostprocessing = 0;
		};
/* End PBXCopyFilesBuildPhase section */

/* Begin PBXFileReference section */
		D303EF811CAD70620006130D /* ChatItemsDecorator.swift */ = {isa = PBXFileReference; fileEncoding = 4; lastKnownFileType = sourcecode.swift; name = ChatItemsDecorator.swift; path = ChatDetail/ChatItemsDecorator.swift; sourceTree = "<group>"; };
		D303EF851CAD71640006130D /* SlidingDatasSource.swift */ = {isa = PBXFileReference; fileEncoding = 4; lastKnownFileType = sourcecode.swift; name = SlidingDatasSource.swift; path = ChatDetail/SlidingDatasSource.swift; sourceTree = "<group>"; };
		D303EF8A1CAD71D80006130D /* SendingStatusCollectionViewCell.swift */ = {isa = PBXFileReference; fileEncoding = 4; lastKnownFileType = sourcecode.swift; path = SendingStatusCollectionViewCell.swift; sourceTree = "<group>"; };
		D303EF8B1CAD71D80006130D /* SendingStatusCollectionViewCell.xib */ = {isa = PBXFileReference; fileEncoding = 4; lastKnownFileType = file.xib; path = SendingStatusCollectionViewCell.xib; sourceTree = "<group>"; };
		D303EF8C1CAD71D80006130D /* SendingStatusPresenter.swift */ = {isa = PBXFileReference; fileEncoding = 4; lastKnownFileType = sourcecode.swift; path = SendingStatusPresenter.swift; sourceTree = "<group>"; };
		D33D66AC1CABCA2900364C53 /* Alamofire.xcodeproj */ = {isa = PBXFileReference; lastKnownFileType = "wrapper.pb-project"; name = Alamofire.xcodeproj; path = Alamofire/Alamofire.xcodeproj; sourceTree = "<group>"; };
		D33D66C91CABCB1100364C53 /* Foundation.framework */ = {isa = PBXFileReference; lastKnownFileType = wrapper.framework; name = Foundation.framework; path = System/Library/Frameworks/Foundation.framework; sourceTree = SDKROOT; };
		D33D66CB1CABCDF300364C53 /* UIKit.framework */ = {isa = PBXFileReference; lastKnownFileType = wrapper.framework; name = UIKit.framework; path = System/Library/Frameworks/UIKit.framework; sourceTree = SDKROOT; };
		D33D66CD1CABDA9E00364C53 /* MumsnetChat-Bridging-Header.h */ = {isa = PBXFileReference; lastKnownFileType = sourcecode.c.h; path = "MumsnetChat-Bridging-Header.h"; sourceTree = "<group>"; };
		D33D66D01CABDD1100364C53 /* ChatListCell.swift */ = {isa = PBXFileReference; fileEncoding = 4; lastKnownFileType = sourcecode.swift; name = ChatListCell.swift; path = ChatList/ChatListCell.swift; sourceTree = "<group>"; };
		D33D66D21CABE00B00364C53 /* ChatListViewController.swift */ = {isa = PBXFileReference; fileEncoding = 4; lastKnownFileType = sourcecode.swift; name = ChatListViewController.swift; path = ChatList/ChatListViewController.swift; sourceTree = "<group>"; };
		D33D66D41CABEFD100364C53 /* ChatDetailViewController.swift */ = {isa = PBXFileReference; fileEncoding = 4; lastKnownFileType = sourcecode.swift; name = ChatDetailViewController.swift; path = ChatDetail/ChatDetailViewController.swift; sourceTree = "<group>"; };
		D33D67011CAC09FE00364C53 /* ChatDataSource.swift */ = {isa = PBXFileReference; fileEncoding = 4; lastKnownFileType = sourcecode.swift; name = ChatDataSource.swift; path = ChatDetail/ChatDataSource.swift; sourceTree = "<group>"; };
		D33D67031CAC2CF400364C53 /* UserActionHandler.swift */ = {isa = PBXFileReference; fileEncoding = 4; lastKnownFileType = sourcecode.swift; name = UserActionHandler.swift; path = ChatDetail/UserActionHandler.swift; sourceTree = "<group>"; };
		D33E4E151CB8102C005ED0AC /* ReadableDate.swift */ = {isa = PBXFileReference; fileEncoding = 4; lastKnownFileType = sourcecode.swift; path = ReadableDate.swift; sourceTree = "<group>"; };
		D33E4E201CB81477005ED0AC /* AFDateExtension.swift */ = {isa = PBXFileReference; fileEncoding = 4; lastKnownFileType = sourcecode.swift; path = AFDateExtension.swift; sourceTree = "<group>"; };
		D37205451CB3A8CA00BC59C6 /* LoginViewController.swift */ = {isa = PBXFileReference; fileEncoding = 4; lastKnownFileType = sourcecode.swift; name = LoginViewController.swift; path = Login/LoginViewController.swift; sourceTree = "<group>"; };
		D37A9A4D1CB69CFB0002C4F0 /* Extenstions.swift */ = {isa = PBXFileReference; fileEncoding = 4; lastKnownFileType = sourcecode.swift; path = Extenstions.swift; sourceTree = "<group>"; };
		D3A6C6CD1CBCF5B700A249E9 /* Chatto.xcodeproj */ = {isa = PBXFileReference; lastKnownFileType = "wrapper.pb-project"; name = Chatto.xcodeproj; path = Chatto/Chatto.xcodeproj; sourceTree = "<group>"; };
		D3A6C6D61CBCF5C400A249E9 /* ChattoAdditions.xcodeproj */ = {isa = PBXFileReference; lastKnownFileType = "wrapper.pb-project"; name = ChattoAdditions.xcodeproj; path = ChattoAdditions/ChattoAdditions.xcodeproj; sourceTree = "<group>"; };
		D3A73CC11CBCF4B100384DEF /* APIRequest.swift */ = {isa = PBXFileReference; fileEncoding = 4; lastKnownFileType = sourcecode.swift; path = APIRequest.swift; sourceTree = "<group>"; };
		D3A73CC21CBCF4B100384DEF /* BookmarkedPaginatedAPIRequest.swift */ = {isa = PBXFileReference; fileEncoding = 4; lastKnownFileType = sourcecode.swift; path = BookmarkedPaginatedAPIRequest.swift; sourceTree = "<group>"; };
		D3A73CC31CBCF4B100384DEF /* EmoticonImageDownloader.swift */ = {isa = PBXFileReference; fileEncoding = 4; lastKnownFileType = sourcecode.swift; path = EmoticonImageDownloader.swift; sourceTree = "<group>"; };
		D3A73CC41CBCF4B100384DEF /* MumsnetData.swift */ = {isa = PBXFileReference; fileEncoding = 4; lastKnownFileType = sourcecode.swift; path = MumsnetData.swift; sourceTree = "<group>"; };
		D3A73CC51CBCF4B100384DEF /* MumsnetDataCreate.swift */ = {isa = PBXFileReference; fileEncoding = 4; lastKnownFileType = sourcecode.swift; path = MumsnetDataCreate.swift; sourceTree = "<group>"; };
		D3A73CC61CBCF4B100384DEF /* MumsnetDataDelete.swift */ = {isa = PBXFileReference; fileEncoding = 4; lastKnownFileType = sourcecode.swift; path = MumsnetDataDelete.swift; sourceTree = "<group>"; };
		D3A73CC71CBCF4B100384DEF /* MumsnetPaginatedData.swift */ = {isa = PBXFileReference; fileEncoding = 4; lastKnownFileType = sourcecode.swift; path = MumsnetPaginatedData.swift; sourceTree = "<group>"; };
		D3A73CC81CBCF4B100384DEF /* PaginatedAPIRequest.swift */ = {isa = PBXFileReference; fileEncoding = 4; lastKnownFileType = sourcecode.swift; path = PaginatedAPIRequest.swift; sourceTree = "<group>"; };
		D3A73CCA1CBCF4B100384DEF /* MumsnetDataCreating.swift */ = {isa = PBXFileReference; fileEncoding = 4; lastKnownFileType = sourcecode.swift; path = MumsnetDataCreating.swift; sourceTree = "<group>"; };
		D3A73CCB1CBCF4B100384DEF /* MumsnetDataDeleting.swift */ = {isa = PBXFileReference; fileEncoding = 4; lastKnownFileType = sourcecode.swift; path = MumsnetDataDeleting.swift; sourceTree = "<group>"; };
		D3A73CCC1CBCF4B100384DEF /* MumsnetDataFlipping.swift */ = {isa = PBXFileReference; fileEncoding = 4; lastKnownFileType = sourcecode.swift; path = MumsnetDataFlipping.swift; sourceTree = "<group>"; };
		D3A73CCD1CBCF4B100384DEF /* MumsnetDataPaginating.swift */ = {isa = PBXFileReference; fileEncoding = 4; lastKnownFileType = sourcecode.swift; path = MumsnetDataPaginating.swift; sourceTree = "<group>"; };
		D3A73CCE1CBCF4B100384DEF /* MumsnetModelObjectLoading.swift */ = {isa = PBXFileReference; fileEncoding = 4; lastKnownFileType = sourcecode.swift; path = MumsnetModelObjectLoading.swift; sourceTree = "<group>"; };
		D3A73CCF1CBCF4B100384DEF /* Registration.swift */ = {isa = PBXFileReference; fileEncoding = 4; lastKnownFileType = sourcecode.swift; path = Registration.swift; sourceTree = "<group>"; };
		D3A73CD01CBCF4B100384DEF /* TalkCache.swift */ = {isa = PBXFileReference; fileEncoding = 4; lastKnownFileType = sourcecode.swift; path = TalkCache.swift; sourceTree = "<group>"; };
		D3A73CD21CBCF4B100384DEF /* closeQuote@2x.png */ = {isa = PBXFileReference; lastKnownFileType = image.png; path = "closeQuote@2x.png"; sourceTree = "<group>"; };
		D3A73CD31CBCF4B100384DEF /* closeQuote@3x.png */ = {isa = PBXFileReference; lastKnownFileType = image.png; path = "closeQuote@3x.png"; sourceTree = "<group>"; };
		D3A73CD41CBCF4B100384DEF /* icomoon.ttf */ = {isa = PBXFileReference; lastKnownFileType = file; path = icomoon.ttf; sourceTree = "<group>"; };
		D3A73CD51CBCF4B100384DEF /* openQuote@2x.png */ = {isa = PBXFileReference; lastKnownFileType = image.png; path = "openQuote@2x.png"; sourceTree = "<group>"; };
		D3A73CD61CBCF4B100384DEF /* openQuote@3x.png */ = {isa = PBXFileReference; lastKnownFileType = image.png; path = "openQuote@3x.png"; sourceTree = "<group>"; };
		D3A73CD81CBCF4B100384DEF /* APIManager+Chat.swift */ = {isa = PBXFileReference; fileEncoding = 4; lastKnownFileType = sourcecode.swift; path = "APIManager+Chat.swift"; sourceTree = "<group>"; };
		D3A73CD91CBCF4B100384DEF /* ChatCache.swift */ = {isa = PBXFileReference; fileEncoding = 4; lastKnownFileType = sourcecode.swift; path = ChatCache.swift; sourceTree = "<group>"; };
		D3A73CDA1CBCF4B100384DEF /* MumsnetChat.swift */ = {isa = PBXFileReference; fileEncoding = 4; lastKnownFileType = sourcecode.swift; path = MumsnetChat.swift; sourceTree = "<group>"; };
		D3A73CDB1CBCF4B100384DEF /* MumsnetChatMessage.swift */ = {isa = PBXFileReference; fileEncoding = 4; lastKnownFileType = sourcecode.swift; path = MumsnetChatMessage.swift; sourceTree = "<group>"; };
		D3A73CDD1CBCF4B100384DEF /* APIConstants.swift */ = {isa = PBXFileReference; fileEncoding = 4; lastKnownFileType = sourcecode.swift; path = APIConstants.swift; sourceTree = "<group>"; };
		D3A73CDE1CBCF4B100384DEF /* ConfigurationConstants.swift */ = {isa = PBXFileReference; fileEncoding = 4; lastKnownFileType = sourcecode.swift; path = ConfigurationConstants.swift; sourceTree = "<group>"; };
		D3A73CDF1CBCF4B100384DEF /* ErrorConstants.swift */ = {isa = PBXFileReference; fileEncoding = 4; lastKnownFileType = sourcecode.swift; path = ErrorConstants.swift; sourceTree = "<group>"; };
		D3A73CE01CBCF4B100384DEF /* Fonts.swift */ = {isa = PBXFileReference; fileEncoding = 4; lastKnownFileType = sourcecode.swift; path = Fonts.swift; sourceTree = "<group>"; };
		D3A73CE11CBCF4B100384DEF /* JSONConstants.swift */ = {isa = PBXFileReference; fileEncoding = 4; lastKnownFileType = sourcecode.swift; path = JSONConstants.swift; sourceTree = "<group>"; };
		D3A73CE21CBCF4B100384DEF /* Notifications.swift */ = {isa = PBXFileReference; fileEncoding = 4; lastKnownFileType = sourcecode.swift; path = Notifications.swift; sourceTree = "<group>"; };
		D3A73CE31CBCF4B100384DEF /* RegularExpressions.swift */ = {isa = PBXFileReference; fileEncoding = 4; lastKnownFileType = sourcecode.swift; path = RegularExpressions.swift; sourceTree = "<group>"; };
		D3A73CE41CBCF4B100384DEF /* UserDefaultsConstants.swift */ = {isa = PBXFileReference; fileEncoding = 4; lastKnownFileType = sourcecode.swift; path = UserDefaultsConstants.swift; sourceTree = "<group>"; };
		D3A73CE61CBCF4B100384DEF /* Array+MumsnetModelObject.swift */ = {isa = PBXFileReference; fileEncoding = 4; lastKnownFileType = sourcecode.swift; path = "Array+MumsnetModelObject.swift"; sourceTree = "<group>"; };
		D3A73CE71CBCF4B100384DEF /* NSAttributedString+MumsnetMarkdown.swift */ = {isa = PBXFileReference; fileEncoding = 4; lastKnownFileType = sourcecode.swift; path = "NSAttributedString+MumsnetMarkdown.swift"; sourceTree = "<group>"; };
		D3A73CE81CBCF4B100384DEF /* NSData+MumsnetAdditions.swift */ = {isa = PBXFileReference; fileEncoding = 4; lastKnownFileType = sourcecode.swift; path = "NSData+MumsnetAdditions.swift"; sourceTree = "<group>"; };
		D3A73CE91CBCF4B100384DEF /* NSDate+TimeChecking.swift */ = {isa = PBXFileReference; fileEncoding = 4; lastKnownFileType = sourcecode.swift; path = "NSDate+TimeChecking.swift"; sourceTree = "<group>"; };
		D3A73CEA1CBCF4B100384DEF /* NSDateFormatter+ISO8601.swift */ = {isa = PBXFileReference; fileEncoding = 4; lastKnownFileType = sourcecode.swift; path = "NSDateFormatter+ISO8601.swift"; sourceTree = "<group>"; };
		D3A73CEB1CBCF4B100384DEF /* NSFileManager+DirectoryCreation.swift */ = {isa = PBXFileReference; fileEncoding = 4; lastKnownFileType = sourcecode.swift; path = "NSFileManager+DirectoryCreation.swift"; sourceTree = "<group>"; };
		D3A73CEC1CBCF4B100384DEF /* NSJSONSerialization+FallbackEncoding.swift */ = {isa = PBXFileReference; fileEncoding = 4; lastKnownFileType = sourcecode.swift; path = "NSJSONSerialization+FallbackEncoding.swift"; sourceTree = "<group>"; };
		D3A73CED1CBCF4B100384DEF /* NSMutableString+Regex.swift */ = {isa = PBXFileReference; fileEncoding = 4; lastKnownFileType = sourcecode.swift; path = "NSMutableString+Regex.swift"; sourceTree = "<group>"; };
		D3A73CEE1CBCF4B100384DEF /* NSNotificationCenter+MumsnetNotifications.swift */ = {isa = PBXFileReference; fileEncoding = 4; lastKnownFileType = sourcecode.swift; path = "NSNotificationCenter+MumsnetNotifications.swift"; sourceTree = "<group>"; };
		D3A73CEF1CBCF4B100384DEF /* NSURL+MumsnetURLParsing.swift */ = {isa = PBXFileReference; fileEncoding = 4; lastKnownFileType = sourcecode.swift; path = "NSURL+MumsnetURLParsing.swift"; sourceTree = "<group>"; };
		D3A73CF01CBCF4B100384DEF /* NSURLConnection+JSON.swift */ = {isa = PBXFileReference; fileEncoding = 4; lastKnownFileType = sourcecode.swift; path = "NSURLConnection+JSON.swift"; sourceTree = "<group>"; };
		D3A73CF11CBCF4B100384DEF /* NSURLRequest+MumsnetDefaults.swift */ = {isa = PBXFileReference; fileEncoding = 4; lastKnownFileType = sourcecode.swift; path = "NSURLRequest+MumsnetDefaults.swift"; sourceTree = "<group>"; };
		D3A73CF21CBCF4B100384DEF /* NSURLSession+JSON.swift */ = {isa = PBXFileReference; fileEncoding = 4; lastKnownFileType = sourcecode.swift; path = "NSURLSession+JSON.swift"; sourceTree = "<group>"; };
		D3A73CF31CBCF4B100384DEF /* NSURLSessionConfiguration+MumsnetDefaults.swift */ = {isa = PBXFileReference; fileEncoding = 4; lastKnownFileType = sourcecode.swift; path = "NSURLSessionConfiguration+MumsnetDefaults.swift"; sourceTree = "<group>"; };
		D3A73CF41CBCF4B100384DEF /* NSUserDefaults+MumsnetPreferences.swift */ = {isa = PBXFileReference; fileEncoding = 4; lastKnownFileType = sourcecode.swift; path = "NSUserDefaults+MumsnetPreferences.swift"; sourceTree = "<group>"; };
		D3A73CF51CBCF4B100384DEF /* String+MumsnetMarkdown.swift */ = {isa = PBXFileReference; fileEncoding = 4; lastKnownFileType = sourcecode.swift; path = "String+MumsnetMarkdown.swift"; sourceTree = "<group>"; };
		D3A73CF61CBCF4B100384DEF /* String+Trimming.swift */ = {isa = PBXFileReference; fileEncoding = 4; lastKnownFileType = sourcecode.swift; path = "String+Trimming.swift"; sourceTree = "<group>"; };
		D3A73CF71CBCF4B100384DEF /* String+URLEncoding.swift */ = {isa = PBXFileReference; fileEncoding = 4; lastKnownFileType = sourcecode.swift; path = "String+URLEncoding.swift"; sourceTree = "<group>"; };
		D3A73CF81CBCF4B100384DEF /* String+Validation.swift */ = {isa = PBXFileReference; fileEncoding = 4; lastKnownFileType = sourcecode.swift; path = "String+Validation.swift"; sourceTree = "<group>"; };
		D3A73CF91CBCF4B100384DEF /* String+YouTube.swift */ = {isa = PBXFileReference; fileEncoding = 4; lastKnownFileType = sourcecode.swift; path = "String+YouTube.swift"; sourceTree = "<group>"; };
		D3A73CFA1CBCF4B100384DEF /* UIFont+PreferredFontAdditions.swift */ = {isa = PBXFileReference; fileEncoding = 4; lastKnownFileType = sourcecode.swift; path = "UIFont+PreferredFontAdditions.swift"; sourceTree = "<group>"; };
		D3A73CFC1CBCF4B100384DEF /* AES256CBC.swift */ = {isa = PBXFileReference; fileEncoding = 4; lastKnownFileType = sourcecode.swift; path = AES256CBC.swift; sourceTree = "<group>"; };
		D3A73DE21CBCF4B100384DEF /* APIManager.swift */ = {isa = PBXFileReference; fileEncoding = 4; lastKnownFileType = sourcecode.swift; path = APIManager.swift; sourceTree = "<group>"; };
		D3A73DE31CBCF4B100384DEF /* EncryptionManager.swift */ = {isa = PBXFileReference; fileEncoding = 4; lastKnownFileType = sourcecode.swift; path = EncryptionManager.swift; sourceTree = "<group>"; };
		D3A73DE41CBCF4B100384DEF /* FileManager.swift */ = {isa = PBXFileReference; fileEncoding = 4; lastKnownFileType = sourcecode.swift; path = FileManager.swift; sourceTree = "<group>"; };
		D3A73DE51CBCF4B100384DEF /* UserManager.swift */ = {isa = PBXFileReference; fileEncoding = 4; lastKnownFileType = sourcecode.swift; path = UserManager.swift; sourceTree = "<group>"; };
		D3A73DE71CBCF4B200384DEF /* APIError.swift */ = {isa = PBXFileReference; fileEncoding = 4; lastKnownFileType = sourcecode.swift; path = APIError.swift; sourceTree = "<group>"; };
		D3A73DE81CBCF4B200384DEF /* Category.swift */ = {isa = PBXFileReference; fileEncoding = 4; lastKnownFileType = sourcecode.swift; path = Category.swift; sourceTree = "<group>"; };
		D3A73DE91CBCF4B200384DEF /* Emoticon.swift */ = {isa = PBXFileReference; fileEncoding = 4; lastKnownFileType = sourcecode.swift; path = Emoticon.swift; sourceTree = "<group>"; };
		D3A73DEA1CBCF4B200384DEF /* Error.swift */ = {isa = PBXFileReference; fileEncoding = 4; lastKnownFileType = sourcecode.swift; path = Error.swift; sourceTree = "<group>"; };
		D3A73DEB1CBCF4B200384DEF /* Image.swift */ = {isa = PBXFileReference; fileEncoding = 4; lastKnownFileType = sourcecode.swift; path = Image.swift; sourceTree = "<group>"; };
		D3A73DEC1CBCF4B200384DEF /* ModelObject.swift */ = {isa = PBXFileReference; fileEncoding = 4; lastKnownFileType = sourcecode.swift; path = ModelObject.swift; sourceTree = "<group>"; };
		D3A73DED1CBCF4B200384DEF /* Newsletter.swift */ = {isa = PBXFileReference; fileEncoding = 4; lastKnownFileType = sourcecode.swift; path = Newsletter.swift; sourceTree = "<group>"; };
		D3A73DEE1CBCF4B200384DEF /* Post.swift */ = {isa = PBXFileReference; fileEncoding = 4; lastKnownFileType = sourcecode.swift; path = Post.swift; sourceTree = "<group>"; };
		D3A73DEF1CBCF4B200384DEF /* RegistrationError.swift */ = {isa = PBXFileReference; fileEncoding = 4; lastKnownFileType = sourcecode.swift; path = RegistrationError.swift; sourceTree = "<group>"; };
		D3A73DF01CBCF4B200384DEF /* Thread.swift */ = {isa = PBXFileReference; fileEncoding = 4; lastKnownFileType = sourcecode.swift; path = Thread.swift; sourceTree = "<group>"; };
		D3A73DF11CBCF4B200384DEF /* Topic.swift */ = {isa = PBXFileReference; fileEncoding = 4; lastKnownFileType = sourcecode.swift; path = Topic.swift; sourceTree = "<group>"; };
		D3A73DF21CBCF4B200384DEF /* User.swift */ = {isa = PBXFileReference; fileEncoding = 4; lastKnownFileType = sourcecode.swift; path = User.swift; sourceTree = "<group>"; };
		D3A73DF41CBCF4B200384DEF /* TalkFramework-Bridging-Header.h */ = {isa = PBXFileReference; fileEncoding = 4; lastKnownFileType = sourcecode.c.h; path = "TalkFramework-Bridging-Header.h"; sourceTree = "<group>"; };
		D3A73DF61CBCF4B200384DEF /* GlobalFunctions.swift */ = {isa = PBXFileReference; fileEncoding = 4; lastKnownFileType = sourcecode.swift; path = GlobalFunctions.swift; sourceTree = "<group>"; };
		D3A73DF71CBCF4B200384DEF /* MumsnetCustomError.swift */ = {isa = PBXFileReference; fileEncoding = 4; lastKnownFileType = sourcecode.swift; path = MumsnetCustomError.swift; sourceTree = "<group>"; };
		D3F2C97B1CAAE2BD003FA520 /* Chat.app */ = {isa = PBXFileReference; explicitFileType = wrapper.application; includeInIndex = 0; path = Chat.app; sourceTree = BUILT_PRODUCTS_DIR; };
		D3F2C97E1CAAE2BE003FA520 /* AppDelegate.swift */ = {isa = PBXFileReference; lastKnownFileType = sourcecode.swift; path = AppDelegate.swift; sourceTree = "<group>"; };
		D3F2C9801CAAE2BE003FA520 /* ViewController.swift */ = {isa = PBXFileReference; lastKnownFileType = sourcecode.swift; path = ViewController.swift; sourceTree = "<group>"; };
		D3F2C9831CAAE2BE003FA520 /* Base */ = {isa = PBXFileReference; lastKnownFileType = file.storyboard; name = Base; path = Base.lproj/Main.storyboard; sourceTree = "<group>"; };
		D3F2C9851CAAE2BE003FA520 /* Assets.xcassets */ = {isa = PBXFileReference; lastKnownFileType = folder.assetcatalog; path = Assets.xcassets; sourceTree = "<group>"; };
		D3F2C9881CAAE2BE003FA520 /* Base */ = {isa = PBXFileReference; lastKnownFileType = file.storyboard; name = Base; path = Base.lproj/LaunchScreen.storyboard; sourceTree = "<group>"; };
		D3F2C98A1CAAE2BE003FA520 /* Info.plist */ = {isa = PBXFileReference; lastKnownFileType = text.plist.xml; path = Info.plist; sourceTree = "<group>"; };
/* End PBXFileReference section */

/* Begin PBXFrameworksBuildPhase section */
		D3F2C9781CAAE2BD003FA520 /* Frameworks */ = {
			isa = PBXFrameworksBuildPhase;
			buildActionMask = 2147483647;
			files = (
				D33D66CC1CABCDF300364C53 /* UIKit.framework in Frameworks */,
				D33D66CA1CABCB1100364C53 /* Foundation.framework in Frameworks */,
				D37A9A491CB69BBB0002C4F0 /* Alamofire.framework in Frameworks */,
				D3A6C6E31CBCF5D000A249E9 /* Chatto.framework in Frameworks */,
				D3A6C6DF1CBCF5D000A249E9 /* ChattoAdditions.framework in Frameworks */,
			);
			runOnlyForDeploymentPostprocessing = 0;
		};
/* End PBXFrameworksBuildPhase section */

/* Begin PBXGroup section */
		D303EF891CAD71D80006130D /* Sending status */ = {
			isa = PBXGroup;
			children = (
				D303EF8A1CAD71D80006130D /* SendingStatusCollectionViewCell.swift */,
				D303EF8B1CAD71D80006130D /* SendingStatusCollectionViewCell.xib */,
				D303EF8C1CAD71D80006130D /* SendingStatusPresenter.swift */,
			);
			name = "Sending status";
			path = "ChatDetail/Sending status";
			sourceTree = "<group>";
		};
		D33D66001CABC9F200364C53 /* TalkFramework */ = {
			isa = PBXGroup;
			children = (
				D3A73CBF1CBCF4B100384DEF /* API */,
			);
			name = TalkFramework;
			sourceTree = "<group>";
		};
		D33D66CE1CABDCD200364C53 /* ChatList */ = {
			isa = PBXGroup;
			children = (
				D33D66D01CABDD1100364C53 /* ChatListCell.swift */,
				D33D66D21CABE00B00364C53 /* ChatListViewController.swift */,
			);
			name = ChatList;
			sourceTree = "<group>";
		};
		D33D66CF1CABDCE100364C53 /* ChatDetail */ = {
			isa = PBXGroup;
			children = (
				D33D66D41CABEFD100364C53 /* ChatDetailViewController.swift */,
				D33D67011CAC09FE00364C53 /* ChatDataSource.swift */,
				D33D67031CAC2CF400364C53 /* UserActionHandler.swift */,
				D303EF811CAD70620006130D /* ChatItemsDecorator.swift */,
				D303EF851CAD71640006130D /* SlidingDatasSource.swift */,
				D303EF891CAD71D80006130D /* Sending status */,
			);
			name = ChatDetail;
			sourceTree = "<group>";
		};
		D33E4E1F1CB81417005ED0AC /* Misc */ = {
			isa = PBXGroup;
			children = (
				D33E4E151CB8102C005ED0AC /* ReadableDate.swift */,
				D37A9A4D1CB69CFB0002C4F0 /* Extenstions.swift */,
				D33E4E201CB81477005ED0AC /* AFDateExtension.swift */,
			);
			name = Misc;
			sourceTree = "<group>";
		};
		D372053C1CB3A8AB00BC59C6 /* Login */ = {
			isa = PBXGroup;
			children = (
				D37205451CB3A8CA00BC59C6 /* LoginViewController.swift */,
			);
			name = Login;
			sourceTree = "<group>";
		};
		D37A9A321CB69BB30002C4F0 /* Products */ = {
			isa = PBXGroup;
			children = (
				D37A9A3C1CB69BB30002C4F0 /* Alamofire.framework */,
				D37A9A3E1CB69BB30002C4F0 /* Alamofire iOS Tests.xctest */,
				D37A9A401CB69BB30002C4F0 /* Alamofire.framework */,
				D37A9A421CB69BB30002C4F0 /* Alamofire OSX Tests.xctest */,
				D37A9A441CB69BB30002C4F0 /* Alamofire.framework */,
				D37A9A461CB69BB30002C4F0 /* Alamofire tvOS Tests.xctest */,
				D37A9A481CB69BB30002C4F0 /* Alamofire.framework */,
			);
			name = Products;
			sourceTree = "<group>";
		};
		D3A6C6CE1CBCF5B700A249E9 /* Products */ = {
			isa = PBXGroup;
			children = (
				D3A6C6D31CBCF5B700A249E9 /* Chatto.framework */,
				D3A6C6D51CBCF5B700A249E9 /* ChattoTests.xctest */,
			);
			name = Products;
			sourceTree = "<group>";
		};
		D3A6C6D71CBCF5C400A249E9 /* Products */ = {
			isa = PBXGroup;
			children = (
				D3A6C6DC1CBCF5C400A249E9 /* ChattoAdditions.framework */,
				D3A6C6DE1CBCF5C400A249E9 /* ChattoAdditionsTests.xctest */,
			);
			name = Products;
			sourceTree = "<group>";
		};
		D3A73CBF1CBCF4B100384DEF /* API */ = {
			isa = PBXGroup;
			children = (
				D3A73CC01CBCF4B100384DEF /* API Wrapper */,
				D3A73CD11CBCF4B100384DEF /* Assets */,
				D3A73CD71CBCF4B100384DEF /* Chat */,
				D3A73CDC1CBCF4B100384DEF /* Constants */,
				D3A73CE51CBCF4B100384DEF /* Extensions */,
				D3A73CFB1CBCF4B100384DEF /* Frameworks */,
				D3A73DE11CBCF4B100384DEF /* Managers */,
				D3A73DE61CBCF4B100384DEF /* Model classes */,
				D3A73DF31CBCF4B200384DEF /* Supporting Files */,
				D3A73DF51CBCF4B200384DEF /* Utilities */,
			);
			name = API;
			path = ../../../../TalkFramework/TalkFramework/API;
			sourceTree = "<group>";
		};
		D3A73CC01CBCF4B100384DEF /* API Wrapper */ = {
			isa = PBXGroup;
			children = (
				D3A73CC11CBCF4B100384DEF /* APIRequest.swift */,
				D3A73CC21CBCF4B100384DEF /* BookmarkedPaginatedAPIRequest.swift */,
				D3A73CC31CBCF4B100384DEF /* EmoticonImageDownloader.swift */,
				D3A73CC41CBCF4B100384DEF /* MumsnetData.swift */,
				D3A73CC51CBCF4B100384DEF /* MumsnetDataCreate.swift */,
				D3A73CC61CBCF4B100384DEF /* MumsnetDataDelete.swift */,
				D3A73CC71CBCF4B100384DEF /* MumsnetPaginatedData.swift */,
				D3A73CC81CBCF4B100384DEF /* PaginatedAPIRequest.swift */,
				D3A73CC91CBCF4B100384DEF /* Protocols */,
				D3A73CCF1CBCF4B100384DEF /* Registration.swift */,
				D3A73CD01CBCF4B100384DEF /* TalkCache.swift */,
			);
			path = "API Wrapper";
			sourceTree = "<group>";
		};
		D3A73CC91CBCF4B100384DEF /* Protocols */ = {
			isa = PBXGroup;
			children = (
				D3A73CCA1CBCF4B100384DEF /* MumsnetDataCreating.swift */,
				D3A73CCB1CBCF4B100384DEF /* MumsnetDataDeleting.swift */,
				D3A73CCC1CBCF4B100384DEF /* MumsnetDataFlipping.swift */,
				D3A73CCD1CBCF4B100384DEF /* MumsnetDataPaginating.swift */,
				D3A73CCE1CBCF4B100384DEF /* MumsnetModelObjectLoading.swift */,
			);
			path = Protocols;
			sourceTree = "<group>";
		};
		D3A73CD11CBCF4B100384DEF /* Assets */ = {
			isa = PBXGroup;
			children = (
				D3A73CD21CBCF4B100384DEF /* closeQuote@2x.png */,
				D3A73CD31CBCF4B100384DEF /* closeQuote@3x.png */,
				D3A73CD41CBCF4B100384DEF /* icomoon.ttf */,
				D3A73CD51CBCF4B100384DEF /* openQuote@2x.png */,
				D3A73CD61CBCF4B100384DEF /* openQuote@3x.png */,
			);
			path = Assets;
			sourceTree = "<group>";
		};
		D3A73CD71CBCF4B100384DEF /* Chat */ = {
			isa = PBXGroup;
			children = (
				D3A73CD81CBCF4B100384DEF /* APIManager+Chat.swift */,
				D3A73CD91CBCF4B100384DEF /* ChatCache.swift */,
				D3A73CDA1CBCF4B100384DEF /* MumsnetChat.swift */,
				D3A73CDB1CBCF4B100384DEF /* MumsnetChatMessage.swift */,
			);
			path = Chat;
			sourceTree = "<group>";
		};
		D3A73CDC1CBCF4B100384DEF /* Constants */ = {
			isa = PBXGroup;
			children = (
				D3A73CDD1CBCF4B100384DEF /* APIConstants.swift */,
				D3A73CDE1CBCF4B100384DEF /* ConfigurationConstants.swift */,
				D3A73CDF1CBCF4B100384DEF /* ErrorConstants.swift */,
				D3A73CE01CBCF4B100384DEF /* Fonts.swift */,
				D3A73CE11CBCF4B100384DEF /* JSONConstants.swift */,
				D3A73CE21CBCF4B100384DEF /* Notifications.swift */,
				D3A73CE31CBCF4B100384DEF /* RegularExpressions.swift */,
				D3A73CE41CBCF4B100384DEF /* UserDefaultsConstants.swift */,
			);
			path = Constants;
			sourceTree = "<group>";
		};
		D3A73CE51CBCF4B100384DEF /* Extensions */ = {
			isa = PBXGroup;
			children = (
				D3A73CE61CBCF4B100384DEF /* Array+MumsnetModelObject.swift */,
				D3A73CE71CBCF4B100384DEF /* NSAttributedString+MumsnetMarkdown.swift */,
				D3A73CE81CBCF4B100384DEF /* NSData+MumsnetAdditions.swift */,
				D3A73CE91CBCF4B100384DEF /* NSDate+TimeChecking.swift */,
				D3A73CEA1CBCF4B100384DEF /* NSDateFormatter+ISO8601.swift */,
				D3A73CEB1CBCF4B100384DEF /* NSFileManager+DirectoryCreation.swift */,
				D3A73CEC1CBCF4B100384DEF /* NSJSONSerialization+FallbackEncoding.swift */,
				D3A73CED1CBCF4B100384DEF /* NSMutableString+Regex.swift */,
				D3A73CEE1CBCF4B100384DEF /* NSNotificationCenter+MumsnetNotifications.swift */,
				D3A73CEF1CBCF4B100384DEF /* NSURL+MumsnetURLParsing.swift */,
				D3A73CF01CBCF4B100384DEF /* NSURLConnection+JSON.swift */,
				D3A73CF11CBCF4B100384DEF /* NSURLRequest+MumsnetDefaults.swift */,
				D3A73CF21CBCF4B100384DEF /* NSURLSession+JSON.swift */,
				D3A73CF31CBCF4B100384DEF /* NSURLSessionConfiguration+MumsnetDefaults.swift */,
				D3A73CF41CBCF4B100384DEF /* NSUserDefaults+MumsnetPreferences.swift */,
				D3A73CF51CBCF4B100384DEF /* String+MumsnetMarkdown.swift */,
				D3A73CF61CBCF4B100384DEF /* String+Trimming.swift */,
				D3A73CF71CBCF4B100384DEF /* String+URLEncoding.swift */,
				D3A73CF81CBCF4B100384DEF /* String+Validation.swift */,
				D3A73CF91CBCF4B100384DEF /* String+YouTube.swift */,
				D3A73CFA1CBCF4B100384DEF /* UIFont+PreferredFontAdditions.swift */,
			);
			path = Extensions;
			sourceTree = "<group>";
		};
		D3A73CFB1CBCF4B100384DEF /* Frameworks */ = {
			isa = PBXGroup;
			children = (
				D3A73CFC1CBCF4B100384DEF /* AES256CBC.swift */,
			);
			path = Frameworks;
			sourceTree = "<group>";
		};
		D3A73DE11CBCF4B100384DEF /* Managers */ = {
			isa = PBXGroup;
			children = (
				D3A73DE21CBCF4B100384DEF /* APIManager.swift */,
				D3A73DE31CBCF4B100384DEF /* EncryptionManager.swift */,
				D3A73DE41CBCF4B100384DEF /* FileManager.swift */,
				D3A73DE51CBCF4B100384DEF /* UserManager.swift */,
			);
			path = Managers;
			sourceTree = "<group>";
		};
		D3A73DE61CBCF4B100384DEF /* Model classes */ = {
			isa = PBXGroup;
			children = (
				D3A73DE71CBCF4B200384DEF /* APIError.swift */,
				D3A73DE81CBCF4B200384DEF /* Category.swift */,
				D3A73DE91CBCF4B200384DEF /* Emoticon.swift */,
				D3A73DEA1CBCF4B200384DEF /* Error.swift */,
				D3A73DEB1CBCF4B200384DEF /* Image.swift */,
				D3A73DEC1CBCF4B200384DEF /* ModelObject.swift */,
				D3A73DED1CBCF4B200384DEF /* Newsletter.swift */,
				D3A73DEE1CBCF4B200384DEF /* Post.swift */,
				D3A73DEF1CBCF4B200384DEF /* RegistrationError.swift */,
				D3A73DF01CBCF4B200384DEF /* Thread.swift */,
				D3A73DF11CBCF4B200384DEF /* Topic.swift */,
				D3A73DF21CBCF4B200384DEF /* User.swift */,
			);
			path = "Model classes";
			sourceTree = "<group>";
		};
		D3A73DF31CBCF4B200384DEF /* Supporting Files */ = {
			isa = PBXGroup;
			children = (
				D3A73DF41CBCF4B200384DEF /* TalkFramework-Bridging-Header.h */,
			);
			path = "Supporting Files";
			sourceTree = "<group>";
		};
		D3A73DF51CBCF4B200384DEF /* Utilities */ = {
			isa = PBXGroup;
			children = (
				D3A73DF61CBCF4B200384DEF /* GlobalFunctions.swift */,
				D3A73DF71CBCF4B200384DEF /* MumsnetCustomError.swift */,
			);
			path = Utilities;
			sourceTree = "<group>";
		};
		D3F2C9721CAAE2BD003FA520 = {
			isa = PBXGroup;
			children = (
				D3F2C97D1CAAE2BE003FA520 /* MumsnetChat */,
				D3F2C9901CAAE387003FA520 /* Frameworks */,
				D3F2C97C1CAAE2BD003FA520 /* Products */,
			);
			sourceTree = "<group>";
		};
		D3F2C97C1CAAE2BD003FA520 /* Products */ = {
			isa = PBXGroup;
			children = (
				D3F2C97B1CAAE2BD003FA520 /* Chat.app */,
			);
			name = Products;
			sourceTree = "<group>";
		};
		D3F2C97D1CAAE2BE003FA520 /* MumsnetChat */ = {
			isa = PBXGroup;
			children = (
				D372053C1CB3A8AB00BC59C6 /* Login */,
				D33D66CF1CABDCE100364C53 /* ChatDetail */,
				D33D66CE1CABDCD200364C53 /* ChatList */,
				D33E4E1F1CB81417005ED0AC /* Misc */,
				D3F2C97E1CAAE2BE003FA520 /* AppDelegate.swift */,
				D3F2C9801CAAE2BE003FA520 /* ViewController.swift */,
				D3F2C9821CAAE2BE003FA520 /* Main.storyboard */,
				D3F2C9851CAAE2BE003FA520 /* Assets.xcassets */,
				D3F2C9871CAAE2BE003FA520 /* LaunchScreen.storyboard */,
				D3F2C98A1CAAE2BE003FA520 /* Info.plist */,
				D33D66CD1CABDA9E00364C53 /* MumsnetChat-Bridging-Header.h */,
			);
			path = MumsnetChat;
			sourceTree = "<group>";
		};
		D3F2C9901CAAE387003FA520 /* Frameworks */ = {
			isa = PBXGroup;
			children = (
				D3A6C6D61CBCF5C400A249E9 /* ChattoAdditions.xcodeproj */,
				D3A6C6CD1CBCF5B700A249E9 /* Chatto.xcodeproj */,
				D33D66AC1CABCA2900364C53 /* Alamofire.xcodeproj */,
				D33D66CB1CABCDF300364C53 /* UIKit.framework */,
				D33D66C91CABCB1100364C53 /* Foundation.framework */,
				D33D66001CABC9F200364C53 /* TalkFramework */,
			);
			path = Frameworks;
			sourceTree = "<group>";
		};
/* End PBXGroup section */

/* Begin PBXNativeTarget section */
		D3F2C97A1CAAE2BD003FA520 /* MumsnetChat */ = {
			isa = PBXNativeTarget;
			buildConfigurationList = D3F2C98D1CAAE2BE003FA520 /* Build configuration list for PBXNativeTarget "MumsnetChat" */;
			buildPhases = (
				D3F2C9771CAAE2BD003FA520 /* Sources */,
				D3F2C9781CAAE2BD003FA520 /* Frameworks */,
				D3F2C9791CAAE2BD003FA520 /* Resources */,
				D3F2CA7B1CAAE46C003FA520 /* Embed Frameworks */,
			);
			buildRules = (
			);
			dependencies = (
				D37A9A4C1CB69BBB0002C4F0 /* PBXTargetDependency */,
				D3A6C6E21CBCF5D000A249E9 /* PBXTargetDependency */,
				D3A6C6E61CBCF5D000A249E9 /* PBXTargetDependency */,
			);
			name = MumsnetChat;
			productName = MumsnetChat;
			productReference = D3F2C97B1CAAE2BD003FA520 /* Chat.app */;
			productType = "com.apple.product-type.application";
		};
/* End PBXNativeTarget section */

/* Begin PBXProject section */
		D3F2C9731CAAE2BD003FA520 /* Project object */ = {
			isa = PBXProject;
			attributes = {
				LastSwiftUpdateCheck = 0730;
				LastUpgradeCheck = 0730;
				ORGANIZATIONNAME = MumsnetChat;
				TargetAttributes = {
					D3F2C97A1CAAE2BD003FA520 = {
						CreatedOnToolsVersion = 7.3;
						DevelopmentTeam = UWVD8L9F2D;
					};
				};
			};
			buildConfigurationList = D3F2C9761CAAE2BD003FA520 /* Build configuration list for PBXProject "MumsnetChat" */;
			compatibilityVersion = "Xcode 3.2";
			developmentRegion = English;
			hasScannedForEncodings = 0;
			knownRegions = (
				en,
				Base,
			);
			mainGroup = D3F2C9721CAAE2BD003FA520;
			productRefGroup = D3F2C97C1CAAE2BD003FA520 /* Products */;
			projectDirPath = "";
			projectReferences = (
				{
					ProductGroup = D37A9A321CB69BB30002C4F0 /* Products */;
					ProjectRef = D33D66AC1CABCA2900364C53 /* Alamofire.xcodeproj */;
				},
				{
					ProductGroup = D3A6C6CE1CBCF5B700A249E9 /* Products */;
					ProjectRef = D3A6C6CD1CBCF5B700A249E9 /* Chatto.xcodeproj */;
				},
				{
					ProductGroup = D3A6C6D71CBCF5C400A249E9 /* Products */;
					ProjectRef = D3A6C6D61CBCF5C400A249E9 /* ChattoAdditions.xcodeproj */;
				},
			);
			projectRoot = "";
			targets = (
				D3F2C97A1CAAE2BD003FA520 /* MumsnetChat */,
			);
		};
/* End PBXProject section */

/* Begin PBXReferenceProxy section */
		D37A9A3C1CB69BB30002C4F0 /* Alamofire.framework */ = {
			isa = PBXReferenceProxy;
			fileType = wrapper.framework;
			path = Alamofire.framework;
			remoteRef = D37A9A3B1CB69BB30002C4F0 /* PBXContainerItemProxy */;
			sourceTree = BUILT_PRODUCTS_DIR;
		};
		D37A9A3E1CB69BB30002C4F0 /* Alamofire iOS Tests.xctest */ = {
			isa = PBXReferenceProxy;
			fileType = wrapper.cfbundle;
			path = "Alamofire iOS Tests.xctest";
			remoteRef = D37A9A3D1CB69BB30002C4F0 /* PBXContainerItemProxy */;
			sourceTree = BUILT_PRODUCTS_DIR;
		};
		D37A9A401CB69BB30002C4F0 /* Alamofire.framework */ = {
			isa = PBXReferenceProxy;
			fileType = wrapper.framework;
			path = Alamofire.framework;
			remoteRef = D37A9A3F1CB69BB30002C4F0 /* PBXContainerItemProxy */;
			sourceTree = BUILT_PRODUCTS_DIR;
		};
		D37A9A421CB69BB30002C4F0 /* Alamofire OSX Tests.xctest */ = {
			isa = PBXReferenceProxy;
			fileType = wrapper.cfbundle;
			path = "Alamofire OSX Tests.xctest";
			remoteRef = D37A9A411CB69BB30002C4F0 /* PBXContainerItemProxy */;
			sourceTree = BUILT_PRODUCTS_DIR;
		};
		D37A9A441CB69BB30002C4F0 /* Alamofire.framework */ = {
			isa = PBXReferenceProxy;
			fileType = wrapper.framework;
			path = Alamofire.framework;
			remoteRef = D37A9A431CB69BB30002C4F0 /* PBXContainerItemProxy */;
			sourceTree = BUILT_PRODUCTS_DIR;
		};
		D37A9A461CB69BB30002C4F0 /* Alamofire tvOS Tests.xctest */ = {
			isa = PBXReferenceProxy;
			fileType = wrapper.cfbundle;
			path = "Alamofire tvOS Tests.xctest";
			remoteRef = D37A9A451CB69BB30002C4F0 /* PBXContainerItemProxy */;
			sourceTree = BUILT_PRODUCTS_DIR;
		};
		D37A9A481CB69BB30002C4F0 /* Alamofire.framework */ = {
			isa = PBXReferenceProxy;
			fileType = wrapper.framework;
			path = Alamofire.framework;
			remoteRef = D37A9A471CB69BB30002C4F0 /* PBXContainerItemProxy */;
			sourceTree = BUILT_PRODUCTS_DIR;
		};
		D3A6C6D31CBCF5B700A249E9 /* Chatto.framework */ = {
			isa = PBXReferenceProxy;
			fileType = wrapper.framework;
			path = Chatto.framework;
			remoteRef = D3A6C6D21CBCF5B700A249E9 /* PBXContainerItemProxy */;
			sourceTree = BUILT_PRODUCTS_DIR;
		};
		D3A6C6D51CBCF5B700A249E9 /* ChattoTests.xctest */ = {
			isa = PBXReferenceProxy;
			fileType = wrapper.cfbundle;
			path = ChattoTests.xctest;
			remoteRef = D3A6C6D41CBCF5B700A249E9 /* PBXContainerItemProxy */;
			sourceTree = BUILT_PRODUCTS_DIR;
		};
		D3A6C6DC1CBCF5C400A249E9 /* ChattoAdditions.framework */ = {
			isa = PBXReferenceProxy;
			fileType = wrapper.framework;
			path = ChattoAdditions.framework;
			remoteRef = D3A6C6DB1CBCF5C400A249E9 /* PBXContainerItemProxy */;
			sourceTree = BUILT_PRODUCTS_DIR;
		};
		D3A6C6DE1CBCF5C400A249E9 /* ChattoAdditionsTests.xctest */ = {
			isa = PBXReferenceProxy;
			fileType = wrapper.cfbundle;
			path = ChattoAdditionsTests.xctest;
			remoteRef = D3A6C6DD1CBCF5C400A249E9 /* PBXContainerItemProxy */;
			sourceTree = BUILT_PRODUCTS_DIR;
		};
/* End PBXReferenceProxy section */

/* Begin PBXResourcesBuildPhase section */
		D3F2C9791CAAE2BD003FA520 /* Resources */ = {
			isa = PBXResourcesBuildPhase;
			buildActionMask = 2147483647;
			files = (
				D3F2C9891CAAE2BE003FA520 /* LaunchScreen.storyboard in Resources */,
				D3A73E091CBCF4B200384DEF /* icomoon.ttf in Resources */,
				D3A73E071CBCF4B200384DEF /* closeQuote@2x.png in Resources */,
				D3F2C9861CAAE2BE003FA520 /* Assets.xcassets in Resources */,
				D303EF8E1CAD71D80006130D /* SendingStatusCollectionViewCell.xib in Resources */,
				D3A73E0A1CBCF4B200384DEF /* openQuote@2x.png in Resources */,
				D3F2C9841CAAE2BE003FA520 /* Main.storyboard in Resources */,
				D3A73E081CBCF4B200384DEF /* closeQuote@3x.png in Resources */,
				D3A73E0B1CBCF4B200384DEF /* openQuote@3x.png in Resources */,
			);
			runOnlyForDeploymentPostprocessing = 0;
		};
/* End PBXResourcesBuildPhase section */

/* Begin PBXSourcesBuildPhase section */
		D3F2C9771CAAE2BD003FA520 /* Sources */ = {
			isa = PBXSourcesBuildPhase;
			buildActionMask = 2147483647;
			files = (
				D3A73E151CBCF4B200384DEF /* Notifications.swift in Sources */,
				D3A73E1D1CBCF4B200384DEF /* NSFileManager+DirectoryCreation.swift in Sources */,
				D33D66D31CABE00B00364C53 /* ChatListViewController.swift in Sources */,
				D3A73E101CBCF4B200384DEF /* APIConstants.swift in Sources */,
				D3A73E2A1CBCF4B200384DEF /* String+Validation.swift in Sources */,
				D3A73E041CBCF4B200384DEF /* MumsnetModelObjectLoading.swift in Sources */,
				D3A73EE51CBCF4B200384DEF /* GlobalFunctions.swift in Sources */,
				D3A73E061CBCF4B200384DEF /* TalkCache.swift in Sources */,
				D3A73E0F1CBCF4B200384DEF /* MumsnetChatMessage.swift in Sources */,
				D3A73E211CBCF4B200384DEF /* NSURL+MumsnetURLParsing.swift in Sources */,
				D3A73DFC1CBCF4B200384DEF /* MumsnetDataCreate.swift in Sources */,
				D3A73E021CBCF4B200384DEF /* MumsnetDataFlipping.swift in Sources */,
				D3F2C9811CAAE2BE003FA520 /* ViewController.swift in Sources */,
				D3A73EE01CBCF4B200384DEF /* Post.swift in Sources */,
				D3A73E1E1CBCF4B200384DEF /* NSJSONSerialization+FallbackEncoding.swift in Sources */,
				D3A73E221CBCF4B200384DEF /* NSURLConnection+JSON.swift in Sources */,
				D303EF861CAD71640006130D /* SlidingDatasSource.swift in Sources */,
				D3A73DFB1CBCF4B200384DEF /* MumsnetData.swift in Sources */,
				D33D67021CAC09FE00364C53 /* ChatDataSource.swift in Sources */,
				D3A73E231CBCF4B200384DEF /* NSURLRequest+MumsnetDefaults.swift in Sources */,
				D3A73E0E1CBCF4B200384DEF /* MumsnetChat.swift in Sources */,
				D303EF8D1CAD71D80006130D /* SendingStatusCollectionViewCell.swift in Sources */,
				D3A73DFE1CBCF4B200384DEF /* MumsnetPaginatedData.swift in Sources */,
				D303EF8F1CAD71D80006130D /* SendingStatusPresenter.swift in Sources */,
				D3A73E1A1CBCF4B200384DEF /* NSData+MumsnetAdditions.swift in Sources */,
				D37205461CB3A8CA00BC59C6 /* LoginViewController.swift in Sources */,
				D3A73E271CBCF4B200384DEF /* String+MumsnetMarkdown.swift in Sources */,
				D3A73E1F1CBCF4B200384DEF /* NSMutableString+Regex.swift in Sources */,
				D3A73EDE1CBCF4B200384DEF /* ModelObject.swift in Sources */,
				D3A73E121CBCF4B200384DEF /* ErrorConstants.swift in Sources */,
				D3A73EDF1CBCF4B200384DEF /* Newsletter.swift in Sources */,
				D3A73ED91CBCF4B200384DEF /* APIError.swift in Sources */,
				D3A73EE31CBCF4B200384DEF /* Topic.swift in Sources */,
				D3A73EDA1CBCF4B200384DEF /* Category.swift in Sources */,
				D33D66D51CABEFD100364C53 /* ChatDetailViewController.swift in Sources */,
				D33D67041CAC2CF400364C53 /* UserActionHandler.swift in Sources */,
				D3A73E181CBCF4B200384DEF /* Array+MumsnetModelObject.swift in Sources */,
				D3A73ED71CBCF4B200384DEF /* FileManager.swift in Sources */,
				D3A73EE21CBCF4B200384DEF /* Thread.swift in Sources */,
				D3A73ED61CBCF4B200384DEF /* EncryptionManager.swift in Sources */,
				D3A73E001CBCF4B200384DEF /* MumsnetDataCreating.swift in Sources */,
				D3A73E1B1CBCF4B200384DEF /* NSDate+TimeChecking.swift in Sources */,
				D3A73E1C1CBCF4B200384DEF /* NSDateFormatter+ISO8601.swift in Sources */,
				D3A73DFF1CBCF4B200384DEF /* PaginatedAPIRequest.swift in Sources */,
				D3A73E111CBCF4B200384DEF /* ConfigurationConstants.swift in Sources */,
				D3A73E261CBCF4B200384DEF /* NSUserDefaults+MumsnetPreferences.swift in Sources */,
				D3A73EDD1CBCF4B200384DEF /* Image.swift in Sources */,
				D3A73E051CBCF4B200384DEF /* Registration.swift in Sources */,
				D3A73E241CBCF4B200384DEF /* NSURLSession+JSON.swift in Sources */,
				D3A73E281CBCF4B200384DEF /* String+Trimming.swift in Sources */,
				D3A73E161CBCF4B200384DEF /* RegularExpressions.swift in Sources */,
				D3A73E2D1CBCF4B200384DEF /* AES256CBC.swift in Sources */,
				D3A73E2C1CBCF4B200384DEF /* UIFont+PreferredFontAdditions.swift in Sources */,
				D3A73E191CBCF4B200384DEF /* NSAttributedString+MumsnetMarkdown.swift in Sources */,
				D3A73EDC1CBCF4B200384DEF /* Error.swift in Sources */,
				D3A73E0C1CBCF4B200384DEF /* APIManager+Chat.swift in Sources */,
				D3A73E251CBCF4B200384DEF /* NSURLSessionConfiguration+MumsnetDefaults.swift in Sources */,
				D3A73ED81CBCF4B200384DEF /* UserManager.swift in Sources */,
				D37A9A4E1CB69CFB0002C4F0 /* Extenstions.swift in Sources */,
				D3A73ED51CBCF4B200384DEF /* APIManager.swift in Sources */,
				D3A73EE61CBCF4B200384DEF /* MumsnetCustomError.swift in Sources */,
				D3A73E291CBCF4B200384DEF /* String+URLEncoding.swift in Sources */,
				D3A73E031CBCF4B200384DEF /* MumsnetDataPaginating.swift in Sources */,
				D3A73EE41CBCF4B200384DEF /* User.swift in Sources */,
				D3A73DFA1CBCF4B200384DEF /* EmoticonImageDownloader.swift in Sources */,
				D3A73DFD1CBCF4B200384DEF /* MumsnetDataDelete.swift in Sources */,
				D3A73DF91CBCF4B200384DEF /* BookmarkedPaginatedAPIRequest.swift in Sources */,
				D303EF821CAD70620006130D /* ChatItemsDecorator.swift in Sources */,
				D33E4E211CB81477005ED0AC /* AFDateExtension.swift in Sources */,
				D33D66D11CABDD1100364C53 /* ChatListCell.swift in Sources */,
				D3F2C97F1CAAE2BE003FA520 /* AppDelegate.swift in Sources */,
				D3A73DF81CBCF4B200384DEF /* APIRequest.swift in Sources */,
				D3A73EDB1CBCF4B200384DEF /* Emoticon.swift in Sources */,
				D3A73E171CBCF4B200384DEF /* UserDefaultsConstants.swift in Sources */,
				D33E4E161CB8102C005ED0AC /* ReadableDate.swift in Sources */,
				D3A73E0D1CBCF4B200384DEF /* ChatCache.swift in Sources */,
				D3A73E131CBCF4B200384DEF /* Fonts.swift in Sources */,
				D3A73E2B1CBCF4B200384DEF /* String+YouTube.swift in Sources */,
				D3A73EE11CBCF4B200384DEF /* RegistrationError.swift in Sources */,
				D3A73E201CBCF4B200384DEF /* NSNotificationCenter+MumsnetNotifications.swift in Sources */,
				D3A73E141CBCF4B200384DEF /* JSONConstants.swift in Sources */,
				D3A73E011CBCF4B200384DEF /* MumsnetDataDeleting.swift in Sources */,
			);
			runOnlyForDeploymentPostprocessing = 0;
		};
/* End PBXSourcesBuildPhase section */

/* Begin PBXTargetDependency section */
		D37A9A4C1CB69BBB0002C4F0 /* PBXTargetDependency */ = {
			isa = PBXTargetDependency;
			name = "Alamofire iOS";
			targetProxy = D37A9A4B1CB69BBB0002C4F0 /* PBXContainerItemProxy */;
		};
		D3A6C6E21CBCF5D000A249E9 /* PBXTargetDependency */ = {
			isa = PBXTargetDependency;
			name = ChattoAdditions;
			targetProxy = D3A6C6E11CBCF5D000A249E9 /* PBXContainerItemProxy */;
		};
		D3A6C6E61CBCF5D000A249E9 /* PBXTargetDependency */ = {
			isa = PBXTargetDependency;
			name = Chatto;
			targetProxy = D3A6C6E51CBCF5D000A249E9 /* PBXContainerItemProxy */;
		};
/* End PBXTargetDependency section */

/* Begin PBXVariantGroup section */
		D3F2C9821CAAE2BE003FA520 /* Main.storyboard */ = {
			isa = PBXVariantGroup;
			children = (
				D3F2C9831CAAE2BE003FA520 /* Base */,
			);
			name = Main.storyboard;
			sourceTree = "<group>";
		};
		D3F2C9871CAAE2BE003FA520 /* LaunchScreen.storyboard */ = {
			isa = PBXVariantGroup;
			children = (
				D3F2C9881CAAE2BE003FA520 /* Base */,
			);
			name = LaunchScreen.storyboard;
			sourceTree = "<group>";
		};
/* End PBXVariantGroup section */

/* Begin XCBuildConfiguration section */
		D307C5641CB262B000F24943 /* Release */ = {
			isa = XCBuildConfiguration;
			buildSettings = {
				ALWAYS_SEARCH_USER_PATHS = NO;
				CLANG_ANALYZER_NONNULL = YES;
				CLANG_CXX_LANGUAGE_STANDARD = "gnu++0x";
				CLANG_CXX_LIBRARY = "libc++";
				CLANG_ENABLE_MODULES = YES;
				CLANG_ENABLE_OBJC_ARC = YES;
				CLANG_WARN_BOOL_CONVERSION = YES;
				CLANG_WARN_CONSTANT_CONVERSION = YES;
				CLANG_WARN_DIRECT_OBJC_ISA_USAGE = YES_ERROR;
				CLANG_WARN_EMPTY_BODY = YES;
				CLANG_WARN_ENUM_CONVERSION = YES;
				CLANG_WARN_INT_CONVERSION = YES;
				CLANG_WARN_OBJC_ROOT_CLASS = YES_ERROR;
				CLANG_WARN_UNREACHABLE_CODE = YES;
				CLANG_WARN__DUPLICATE_METHOD_MATCH = YES;
				CODE_SIGN_IDENTITY = "iPhone Distribution";
				COPY_PHASE_STRIP = NO;
				DEBUG_INFORMATION_FORMAT = "dwarf-with-dsym";
				ENABLE_NS_ASSERTIONS = NO;
				ENABLE_STRICT_OBJC_MSGSEND = YES;
				GCC_C_LANGUAGE_STANDARD = gnu99;
				GCC_NO_COMMON_BLOCKS = YES;
				GCC_WARN_64_TO_32_BIT_CONVERSION = YES;
				GCC_WARN_ABOUT_RETURN_TYPE = YES_ERROR;
				GCC_WARN_UNDECLARED_SELECTOR = YES;
				GCC_WARN_UNINITIALIZED_AUTOS = YES_AGGRESSIVE;
				GCC_WARN_UNUSED_FUNCTION = YES;
				GCC_WARN_UNUSED_VARIABLE = YES;
				IPHONEOS_DEPLOYMENT_TARGET = 9.3;
				MTL_ENABLE_DEBUG_INFO = NO;
				PROVISIONING_PROFILE = "890d01d4-a1aa-43b0-9a03-c5a097211a5d";
				SDKROOT = iphoneos;
				VALIDATE_PRODUCT = YES;
			};
			name = Release;
		};
		D307C5651CB262B000F24943 /* Release */ = {
			isa = XCBuildConfiguration;
			buildSettings = {
				ASSETCATALOG_COMPILER_APPICON_NAME = AppIcon;
				ASSETCATALOG_COMPILER_LAUNCHIMAGE_NAME = LaunchImages;
				EMBEDDED_CONTENT_CONTAINS_SWIFT = YES;
				INFOPLIST_FILE = MumsnetChat/Info.plist;
				IPHONEOS_DEPLOYMENT_TARGET = 8.0;
				LD_RUNPATH_SEARCH_PATHS = "$(inherited) @executable_path/Frameworks";
				PRODUCT_BUNDLE_IDENTIFIER = com.mumsnet.chatapp;
				PRODUCT_NAME = Chat;
				SWIFT_OBJC_BRIDGING_HEADER = "$(SRCROOT)/MumsnetChat/MumsnetChat-Bridging-Header.h";
			};
			name = Release;
		};
		D3F2C98B1CAAE2BE003FA520 /* Debug */ = {
			isa = XCBuildConfiguration;
			buildSettings = {
				ALWAYS_SEARCH_USER_PATHS = NO;
				CLANG_ANALYZER_NONNULL = YES;
				CLANG_CXX_LANGUAGE_STANDARD = "gnu++0x";
				CLANG_CXX_LIBRARY = "libc++";
				CLANG_ENABLE_MODULES = YES;
				CLANG_ENABLE_OBJC_ARC = YES;
				CLANG_WARN_BOOL_CONVERSION = YES;
				CLANG_WARN_CONSTANT_CONVERSION = YES;
				CLANG_WARN_DIRECT_OBJC_ISA_USAGE = YES_ERROR;
				CLANG_WARN_EMPTY_BODY = YES;
				CLANG_WARN_ENUM_CONVERSION = YES;
				CLANG_WARN_INT_CONVERSION = YES;
				CLANG_WARN_OBJC_ROOT_CLASS = YES_ERROR;
				CLANG_WARN_UNREACHABLE_CODE = YES;
				CLANG_WARN__DUPLICATE_METHOD_MATCH = YES;
				CODE_SIGN_IDENTITY = "iPhone Developer";
				COPY_PHASE_STRIP = NO;
				DEBUG_INFORMATION_FORMAT = dwarf;
				ENABLE_STRICT_OBJC_MSGSEND = YES;
				ENABLE_TESTABILITY = YES;
				GCC_C_LANGUAGE_STANDARD = gnu99;
				GCC_DYNAMIC_NO_PIC = NO;
				GCC_NO_COMMON_BLOCKS = YES;
				GCC_OPTIMIZATION_LEVEL = 0;
				GCC_PREPROCESSOR_DEFINITIONS = (
					"DEBUG=1",
					"$(inherited)",
				);
				GCC_WARN_64_TO_32_BIT_CONVERSION = YES;
				GCC_WARN_ABOUT_RETURN_TYPE = YES_ERROR;
				GCC_WARN_UNDECLARED_SELECTOR = YES;
				GCC_WARN_UNINITIALIZED_AUTOS = YES_AGGRESSIVE;
				GCC_WARN_UNUSED_FUNCTION = YES;
				GCC_WARN_UNUSED_VARIABLE = YES;
				IPHONEOS_DEPLOYMENT_TARGET = 9.3;
				MTL_ENABLE_DEBUG_INFO = YES;
				ONLY_ACTIVE_ARCH = YES;
				PROVISIONING_PROFILE = "4dd62e85-9f0f-4eb4-94ec-651a149a63f6";
				SDKROOT = iphoneos;
				SWIFT_OPTIMIZATION_LEVEL = "-Onone";
			};
			name = Debug;
		};
		D3F2C98C1CAAE2BE003FA520 /* Ad Hoc */ = {
			isa = XCBuildConfiguration;
			buildSettings = {
				ALWAYS_SEARCH_USER_PATHS = NO;
				CLANG_ANALYZER_NONNULL = YES;
				CLANG_CXX_LANGUAGE_STANDARD = "gnu++0x";
				CLANG_CXX_LIBRARY = "libc++";
				CLANG_ENABLE_MODULES = YES;
				CLANG_ENABLE_OBJC_ARC = YES;
				CLANG_WARN_BOOL_CONVERSION = YES;
				CLANG_WARN_CONSTANT_CONVERSION = YES;
				CLANG_WARN_DIRECT_OBJC_ISA_USAGE = YES_ERROR;
				CLANG_WARN_EMPTY_BODY = YES;
				CLANG_WARN_ENUM_CONVERSION = YES;
				CLANG_WARN_INT_CONVERSION = YES;
				CLANG_WARN_OBJC_ROOT_CLASS = YES_ERROR;
				CLANG_WARN_UNREACHABLE_CODE = YES;
				CLANG_WARN__DUPLICATE_METHOD_MATCH = YES;
				CODE_SIGN_IDENTITY = "iPhone Distribution";
				COPY_PHASE_STRIP = NO;
				DEBUG_INFORMATION_FORMAT = "dwarf-with-dsym";
				ENABLE_NS_ASSERTIONS = NO;
				ENABLE_STRICT_OBJC_MSGSEND = YES;
				GCC_C_LANGUAGE_STANDARD = gnu99;
				GCC_NO_COMMON_BLOCKS = YES;
				GCC_WARN_64_TO_32_BIT_CONVERSION = YES;
				GCC_WARN_ABOUT_RETURN_TYPE = YES_ERROR;
				GCC_WARN_UNDECLARED_SELECTOR = YES;
				GCC_WARN_UNINITIALIZED_AUTOS = YES_AGGRESSIVE;
				GCC_WARN_UNUSED_FUNCTION = YES;
				GCC_WARN_UNUSED_VARIABLE = YES;
				IPHONEOS_DEPLOYMENT_TARGET = 9.3;
				MTL_ENABLE_DEBUG_INFO = NO;
				PROVISIONING_PROFILE = "890d01d4-a1aa-43b0-9a03-c5a097211a5d";
				SDKROOT = iphoneos;
				VALIDATE_PRODUCT = YES;
			};
			name = "Ad Hoc";
		};
		D3F2C98E1CAAE2BE003FA520 /* Debug */ = {
			isa = XCBuildConfiguration;
			buildSettings = {
				ASSETCATALOG_COMPILER_APPICON_NAME = AppIcon;
				ASSETCATALOG_COMPILER_LAUNCHIMAGE_NAME = LaunchImages;
				EMBEDDED_CONTENT_CONTAINS_SWIFT = YES;
				INFOPLIST_FILE = MumsnetChat/Info.plist;
				IPHONEOS_DEPLOYMENT_TARGET = 8.0;
				LD_RUNPATH_SEARCH_PATHS = "$(inherited) @executable_path/Frameworks";
				PRODUCT_BUNDLE_IDENTIFIER = com.mumsnet.chatapp;
				PRODUCT_NAME = Chat;
				SWIFT_OBJC_BRIDGING_HEADER = "$(SRCROOT)/MumsnetChat/MumsnetChat-Bridging-Header.h";
			};
			name = Debug;
		};
		D3F2C98F1CAAE2BE003FA520 /* Ad Hoc */ = {
			isa = XCBuildConfiguration;
			buildSettings = {
				ASSETCATALOG_COMPILER_APPICON_NAME = AppIcon;
				ASSETCATALOG_COMPILER_LAUNCHIMAGE_NAME = LaunchImages;
				EMBEDDED_CONTENT_CONTAINS_SWIFT = YES;
				INFOPLIST_FILE = MumsnetChat/Info.plist;
				IPHONEOS_DEPLOYMENT_TARGET = 8.0;
				LD_RUNPATH_SEARCH_PATHS = "$(inherited) @executable_path/Frameworks";
				PRODUCT_BUNDLE_IDENTIFIER = com.mumsnet.chatapp;
				PRODUCT_NAME = Chat;
				SWIFT_OBJC_BRIDGING_HEADER = "$(SRCROOT)/MumsnetChat/MumsnetChat-Bridging-Header.h";
			};
			name = "Ad Hoc";
		};
/* End XCBuildConfiguration section */

/* Begin XCConfigurationList section */
		D3F2C9761CAAE2BD003FA520 /* Build configuration list for PBXProject "MumsnetChat" */ = {
			isa = XCConfigurationList;
			buildConfigurations = (
				D3F2C98B1CAAE2BE003FA520 /* Debug */,
				D3F2C98C1CAAE2BE003FA520 /* Ad Hoc */,
				D307C5641CB262B000F24943 /* Release */,
			);
			defaultConfigurationIsVisible = 0;
			defaultConfigurationName = Release;
		};
		D3F2C98D1CAAE2BE003FA520 /* Build configuration list for PBXNativeTarget "MumsnetChat" */ = {
			isa = XCConfigurationList;
			buildConfigurations = (
				D3F2C98E1CAAE2BE003FA520 /* Debug */,
				D3F2C98F1CAAE2BE003FA520 /* Ad Hoc */,
				D307C5651CB262B000F24943 /* Release */,
			);
			defaultConfigurationIsVisible = 0;
			defaultConfigurationName = Release;
		};
/* End XCConfigurationList section */
	};
	rootObject = D3F2C9731CAAE2BD003FA520 /* Project object */;
}
